[0m[1mmodule.networking[0].data.aws_region.current: Reading...[0m[0m
[0m[1mdata.aws_availability_zones.available: Reading...[0m[0m
[0m[1mmodule.networking[0].data.aws_region.current: Read complete after 0s [id=ap-south-1][0m
[0m[1mmodule.route53[0].data.aws_region.current: Reading...[0m[0m
[0m[1mmodule.route53[0].data.aws_region.current: Read complete after 0s [id=ap-south-1][0m
[0m[1mdata.aws_availability_zones.available: Read complete after 0s [id=ap-south-1][0m

Terraform used the selected providers to generate the following execution
plan. Resource actions are indicated with the following symbols:
  [32m+[0m create[0m
 [36m<=[0m read (data resources)[0m

Terraform will perform the following actions:

[1m  # null_resource.cost_validation[0m will be created
[0m  [32m+[0m[0m resource "null_resource" "cost_validation" {
      [32m+[0m[0m id = (known after apply)
    }

[1m  # module.api[0].aws_api_gateway_api_key.main[0m will be created
[0m  [32m+[0m[0m resource "aws_api_gateway_api_key" "main" {
      [32m+[0m[0m arn               = (known after apply)
      [32m+[0m[0m created_date      = (known after apply)
      [32m+[0m[0m description       = "Managed by Terraform"
      [32m+[0m[0m enabled           = true
      [32m+[0m[0m id                = (known after apply)
      [32m+[0m[0m last_updated_date = (known after apply)
      [32m+[0m[0m name              = "aws-test-infra-api-key"
      [32m+[0m[0m tags              = {
          [32m+[0m[0m "CostCenter"  = "testing"
          [32m+[0m[0m "Environment" = "test"
          [32m+[0m[0m "ManagedBy"   = "terraform"
          [32m+[0m[0m "Name"        = "aws-test-infra-api-key"
          [32m+[0m[0m "Project"     = "aws-test-infra"
          [32m+[0m[0m "Purpose"     = "API key for usage plan"
        }
      [32m+[0m[0m tags_all          = {
          [32m+[0m[0m "CostCenter"  = "testing"
          [32m+[0m[0m "Environment" = "test"
          [32m+[0m[0m "ManagedBy"   = "terraform"
          [32m+[0m[0m "Name"        = "aws-test-infra-api-key"
          [32m+[0m[0m "Project"     = "aws-test-infra"
          [32m+[0m[0m "Purpose"     = "API key for usage plan"
        }
      [32m+[0m[0m value             = (sensitive value)
    }

[1m  # module.api[0].aws_api_gateway_authorizer.token[0m will be created
[0m  [32m+[0m[0m resource "aws_api_gateway_authorizer" "token" {
      [32m+[0m[0m arn                              = (known after apply)
      [32m+[0m[0m authorizer_credentials           = (known after apply)
      [32m+[0m[0m authorizer_result_ttl_in_seconds = 300
      [32m+[0m[0m authorizer_uri                   = (known after apply)
      [32m+[0m[0m id                               = (known after apply)
      [32m+[0m[0m identity_source                  = "method.request.header.Authorization"
      [32m+[0m[0m name                             = "aws-test-infra-token-authorizer"
      [32m+[0m[0m rest_api_id                      = (known after apply)
      [32m+[0m[0m type                             = "TOKEN"
    }

[1m  # module.api[0].aws_api_gateway_deployment.main[0m will be created
[0m  [32m+[0m[0m resource "aws_api_gateway_deployment" "main" {
      [32m+[0m[0m created_date  = (known after apply)
      [32m+[0m[0m execution_arn = (known after apply)
      [32m+[0m[0m id            = (known after apply)
      [32m+[0m[0m invoke_url    = (known after apply)
      [32m+[0m[0m rest_api_id   = (known after apply)
      [32m+[0m[0m triggers      = (known after apply)
    }

[1m  # module.api[0].aws_api_gateway_documentation_part.api_description[0m will be created
[0m  [32m+[0m[0m resource "aws_api_gateway_documentation_part" "api_description" {
      [32m+[0m[0m documentation_part_id = (known after apply)
      [32m+[0m[0m id                    = (known after apply)
      [32m+[0m[0m properties            = jsonencode(
            {
              [32m+[0m[0m description = "API for aws-test-infra - Test infrastructure for migration tool"
              [32m+[0m[0m version     = "1.0"
            }
        )
      [32m+[0m[0m rest_api_id           = (known after apply)

      [32m+[0m[0m location {
          [32m+[0m[0m type = "API"
        }
    }

[1m  # module.api[0].aws_api_gateway_gateway_response.unauthorized[0m will be created
[0m  [32m+[0m[0m resource "aws_api_gateway_gateway_response" "unauthorized" {
      [32m+[0m[0m id                  = (known after apply)
      [32m+[0m[0m response_parameters = {
          [32m+[0m[0m "gatewayresponse.header.Access-Control-Allow-Origin" = "'*'"
        }
      [32m+[0m[0m response_templates  = {
          [32m+[0m[0m "application/json" = jsonencode(
                {
                  [32m+[0m[0m error   = "$context.error.messageString"
                  [32m+[0m[0m message = "Unauthorized"
                }
            )
        }
      [32m+[0m[0m response_type       = "UNAUTHORIZED"
      [32m+[0m[0m rest_api_id         = (known after apply)
      [32m+[0m[0m status_code         = "401"
    }

[1m  # module.api[0].aws_api_gateway_integration.data_post[0m will be created
[0m  [32m+[0m[0m resource "aws_api_gateway_integration" "data_post" {
      [32m+[0m[0m cache_namespace         = (known after apply)
      [32m+[0m[0m connection_type         = "INTERNET"
      [32m+[0m[0m http_method             = "POST"
      [32m+[0m[0m id                      = (known after apply)
      [32m+[0m[0m integration_http_method = "POST"
      [32m+[0m[0m passthrough_behavior    = (known after apply)
      [32m+[0m[0m resource_id             = (known after apply)
      [32m+[0m[0m rest_api_id             = (known after apply)
      [32m+[0m[0m timeout_milliseconds    = 29000
      [32m+[0m[0m type                    = "AWS_PROXY"
      [32m+[0m[0m uri                     = (known after apply)
    }

[1m  # module.api[0].aws_api_gateway_integration.hello_get[0m will be created
[0m  [32m+[0m[0m resource "aws_api_gateway_integration" "hello_get" {
      [32m+[0m[0m cache_namespace         = (known after apply)
      [32m+[0m[0m connection_type         = "INTERNET"
      [32m+[0m[0m http_method             = "GET"
      [32m+[0m[0m id                      = (known after apply)
      [32m+[0m[0m integration_http_method = "POST"
      [32m+[0m[0m passthrough_behavior    = (known after apply)
      [32m+[0m[0m resource_id             = (known after apply)
      [32m+[0m[0m rest_api_id             = (known after apply)
      [32m+[0m[0m timeout_milliseconds    = 29000
      [32m+[0m[0m type                    = "AWS_PROXY"
      [32m+[0m[0m uri                     = (known after apply)
    }

[1m  # module.api[0].aws_api_gateway_integration_response.hello_get[0m will be created
[0m  [32m+[0m[0m resource "aws_api_gateway_integration_response" "hello_get" {
      [32m+[0m[0m http_method         = "GET"
      [32m+[0m[0m id                  = (known after apply)
      [32m+[0m[0m resource_id         = (known after apply)
      [32m+[0m[0m response_parameters = {
          [32m+[0m[0m "method.response.header.Access-Control-Allow-Origin" = "'*'"
        }
      [32m+[0m[0m rest_api_id         = (known after apply)
      [32m+[0m[0m status_code         = "200"
    }

[1m  # module.api[0].aws_api_gateway_method.data_post[0m will be created
[0m  [32m+[0m[0m resource "aws_api_gateway_method" "data_post" {
      [32m+[0m[0m api_key_required = false
      [32m+[0m[0m authorization    = "NONE"
      [32m+[0m[0m http_method      = "POST"
      [32m+[0m[0m id               = (known after apply)
      [32m+[0m[0m resource_id      = (known after apply)
      [32m+[0m[0m rest_api_id      = (known after apply)
    }

[1m  # module.api[0].aws_api_gateway_method.hello_get[0m will be created
[0m  [32m+[0m[0m resource "aws_api_gateway_method" "hello_get" {
      [32m+[0m[0m api_key_required = false
      [32m+[0m[0m authorization    = "NONE"
      [32m+[0m[0m http_method      = "GET"
      [32m+[0m[0m id               = (known after apply)
      [32m+[0m[0m resource_id      = (known after apply)
      [32m+[0m[0m rest_api_id      = (known after apply)
    }

[1m  # module.api[0].aws_api_gateway_method_response.hello_get_200[0m will be created
[0m  [32m+[0m[0m resource "aws_api_gateway_method_response" "hello_get_200" {
      [32m+[0m[0m http_method         = "GET"
      [32m+[0m[0m id                  = (known after apply)
      [32m+[0m[0m resource_id         = (known after apply)
      [32m+[0m[0m response_models     = {
          [32m+[0m[0m "application/json" = "Empty"
        }
      [32m+[0m[0m response_parameters = {
          [32m+[0m[0m "method.response.header.Access-Control-Allow-Origin" = true
        }
      [32m+[0m[0m rest_api_id         = (known after apply)
      [32m+[0m[0m status_code         = "200"
    }

[1m  # module.api[0].aws_api_gateway_method_settings.main[0m will be created
[0m  [32m+[0m[0m resource "aws_api_gateway_method_settings" "main" {
      [32m+[0m[0m id          = (known after apply)
      [32m+[0m[0m method_path = "*/*"
      [32m+[0m[0m rest_api_id = (known after apply)
      [32m+[0m[0m stage_name  = "dev"

      [32m+[0m[0m settings {
          [32m+[0m[0m cache_data_encrypted                       = (known after apply)
          [32m+[0m[0m cache_ttl_in_seconds                       = (known after apply)
          [32m+[0m[0m caching_enabled                            = (known after apply)
          [32m+[0m[0m data_trace_enabled                         = true
          [32m+[0m[0m logging_level                              = "INFO"
          [32m+[0m[0m metrics_enabled                            = true
          [32m+[0m[0m require_authorization_for_cache_control    = (known after apply)
          [32m+[0m[0m throttling_burst_limit                     = -1
          [32m+[0m[0m throttling_rate_limit                      = -1
          [32m+[0m[0m unauthorized_cache_control_header_strategy = (known after apply)
        }
    }

[1m  # module.api[0].aws_api_gateway_model.request_model[0m will be created
[0m  [32m+[0m[0m resource "aws_api_gateway_model" "request_model" {
      [32m+[0m[0m content_type = "application/json"
      [32m+[0m[0m description  = "Request model for API"
      [32m+[0m[0m id           = (known after apply)
      [32m+[0m[0m name         = "RequestModel"
      [32m+[0m[0m rest_api_id  = (known after apply)
      [32m+[0m[0m schema       = jsonencode(
            {
              [32m+[0m[0m properties = {
                  [32m+[0m[0m message   = {
                      [32m+[0m[0m type = "string"
                    }
                  [32m+[0m[0m timestamp = {
                      [32m+[0m[0m type = "string"
                    }
                }
              [32m+[0m[0m required   = [
                  [32m+[0m[0m "message",
                ]
              [32m+[0m[0m type       = "object"
            }
        )
    }

[1m  # module.api[0].aws_api_gateway_resource.data[0m will be created
[0m  [32m+[0m[0m resource "aws_api_gateway_resource" "data" {
      [32m+[0m[0m id          = (known after apply)
      [32m+[0m[0m parent_id   = (known after apply)
      [32m+[0m[0m path        = (known after apply)
      [32m+[0m[0m path_part   = "data"
      [32m+[0m[0m rest_api_id = (known after apply)
    }

[1m  # module.api[0].aws_api_gateway_resource.hello[0m will be created
[0m  [32m+[0m[0m resource "aws_api_gateway_resource" "hello" {
      [32m+[0m[0m id          = (known after apply)
      [32m+[0m[0m parent_id   = (known after apply)
      [32m+[0m[0m path        = (known after apply)
      [32m+[0m[0m path_part   = "hello"
      [32m+[0m[0m rest_api_id = (known after apply)
    }

[1m  # module.api[0].aws_api_gateway_rest_api.main[0m will be created
[0m  [32m+[0m[0m resource "aws_api_gateway_rest_api" "main" {
      [32m+[0m[0m api_key_source               = (known after apply)
      [32m+[0m[0m arn                          = (known after apply)
      [32m+[0m[0m binary_media_types           = (known after apply)
      [32m+[0m[0m created_date                 = (known after apply)
      [32m+[0m[0m description                  = "REST API for aws-test-infra"
      [32m+[0m[0m disable_execute_api_endpoint = (known after apply)
      [32m+[0m[0m execution_arn                = (known after apply)
      [32m+[0m[0m id                           = (known after apply)
      [32m+[0m[0m minimum_compression_size     = (known after apply)
      [32m+[0m[0m name                         = "aws-test-infra-api"
      [32m+[0m[0m policy                       = (known after apply)
      [32m+[0m[0m root_resource_id             = (known after apply)
      [32m+[0m[0m tags                         = {
          [32m+[0m[0m "CostCenter"  = "testing"
          [32m+[0m[0m "Environment" = "test"
          [32m+[0m[0m "ManagedBy"   = "terraform"
          [32m+[0m[0m "Name"        = "aws-test-infra-api"
          [32m+[0m[0m "Project"     = "aws-test-infra"
          [32m+[0m[0m "Purpose"     = "REST API Gateway"
        }
      [32m+[0m[0m tags_all                     = {
          [32m+[0m[0m "CostCenter"  = "testing"
          [32m+[0m[0m "Environment" = "test"
          [32m+[0m[0m "ManagedBy"   = "terraform"
          [32m+[0m[0m "Name"        = "aws-test-infra-api"
          [32m+[0m[0m "Project"     = "aws-test-infra"
          [32m+[0m[0m "Purpose"     = "REST API Gateway"
        }

      [32m+[0m[0m endpoint_configuration {
          [32m+[0m[0m ip_address_type  = (known after apply)
          [32m+[0m[0m types            = [
              [32m+[0m[0m "REGIONAL",
            ]
          [32m+[0m[0m vpc_endpoint_ids = (known after apply)
        }
    }

[1m  # module.api[0].aws_api_gateway_stage.main[0m will be created
[0m  [32m+[0m[0m resource "aws_api_gateway_stage" "main" {
      [32m+[0m[0m arn                  = (known after apply)
      [32m+[0m[0m deployment_id        = (known after apply)
      [32m+[0m[0m execution_arn        = (known after apply)
      [32m+[0m[0m id                   = (known after apply)
      [32m+[0m[0m invoke_url           = (known after apply)
      [32m+[0m[0m rest_api_id          = (known after apply)
      [32m+[0m[0m stage_name           = "dev"
      [32m+[0m[0m tags                 = {
          [32m+[0m[0m "CostCenter"  = "testing"
          [32m+[0m[0m "Environment" = "test"
          [32m+[0m[0m "ManagedBy"   = "terraform"
          [32m+[0m[0m "Name"        = "aws-test-infra-api-dev-stage"
          [32m+[0m[0m "Project"     = "aws-test-infra"
          [32m+[0m[0m "Purpose"     = "Development stage for API Gateway"
        }
      [32m+[0m[0m tags_all             = {
          [32m+[0m[0m "CostCenter"  = "testing"
          [32m+[0m[0m "Environment" = "test"
          [32m+[0m[0m "ManagedBy"   = "terraform"
          [32m+[0m[0m "Name"        = "aws-test-infra-api-dev-stage"
          [32m+[0m[0m "Project"     = "aws-test-infra"
          [32m+[0m[0m "Purpose"     = "Development stage for API Gateway"
        }
      [32m+[0m[0m web_acl_arn          = (known after apply)
      [32m+[0m[0m xray_tracing_enabled = true
    }

[1m  # module.api[0].aws_api_gateway_usage_plan.main[0m will be created
[0m  [32m+[0m[0m resource "aws_api_gateway_usage_plan" "main" {
      [32m+[0m[0m arn         = (known after apply)
      [32m+[0m[0m description = "Usage plan for aws-test-infra API"
      [32m+[0m[0m id          = (known after apply)
      [32m+[0m[0m name        = "aws-test-infra-usage-plan"
      [32m+[0m[0m tags        = {
          [32m+[0m[0m "CostCenter"  = "testing"
          [32m+[0m[0m "Environment" = "test"
          [32m+[0m[0m "ManagedBy"   = "terraform"
          [32m+[0m[0m "Name"        = "aws-test-infra-usage-plan"
          [32m+[0m[0m "Project"     = "aws-test-infra"
          [32m+[0m[0m "Purpose"     = "API usage plan with quotas and throttling"
        }
      [32m+[0m[0m tags_all    = {
          [32m+[0m[0m "CostCenter"  = "testing"
          [32m+[0m[0m "Environment" = "test"
          [32m+[0m[0m "ManagedBy"   = "terraform"
          [32m+[0m[0m "Name"        = "aws-test-infra-usage-plan"
          [32m+[0m[0m "Project"     = "aws-test-infra"
          [32m+[0m[0m "Purpose"     = "API usage plan with quotas and throttling"
        }

      [32m+[0m[0m api_stages {
          [32m+[0m[0m api_id = (known after apply)
          [32m+[0m[0m stage  = "dev"
        }

      [32m+[0m[0m quota_settings {
          [32m+[0m[0m limit  = 10000
          [32m+[0m[0m offset = 0
          [32m+[0m[0m period = "MONTH"
        }

      [32m+[0m[0m throttle_settings {
          [32m+[0m[0m burst_limit = 100
          [32m+[0m[0m rate_limit  = 50
        }
    }

[1m  # module.api[0].aws_api_gateway_usage_plan_key.main[0m will be created
[0m  [32m+[0m[0m resource "aws_api_gateway_usage_plan_key" "main" {
      [32m+[0m[0m id            = (known after apply)
      [32m+[0m[0m key_id        = (known after apply)
      [32m+[0m[0m key_type      = "API_KEY"
      [32m+[0m[0m name          = (known after apply)
      [32m+[0m[0m usage_plan_id = (known after apply)
      [32m+[0m[0m value         = (known after apply)
    }

[1m  # module.api[0].aws_lambda_permission.api_gateway_nodejs[0m will be created
[0m  [32m+[0m[0m resource "aws_lambda_permission" "api_gateway_nodejs" {
      [32m+[0m[0m action              = "lambda:InvokeFunction"
      [32m+[0m[0m function_name       = "aws-test-infra-nodejs-function"
      [32m+[0m[0m id                  = (known after apply)
      [32m+[0m[0m principal           = "apigateway.amazonaws.com"
      [32m+[0m[0m source_arn          = (known after apply)
      [32m+[0m[0m statement_id        = "AllowAPIGatewayInvoke"
      [32m+[0m[0m statement_id_prefix = (known after apply)
    }

[1m  # module.api[0].aws_lambda_permission.api_gateway_python[0m will be created
[0m  [32m+[0m[0m resource "aws_lambda_permission" "api_gateway_python" {
      [32m+[0m[0m action              = "lambda:InvokeFunction"
      [32m+[0m[0m function_name       = "aws-test-infra-python-function"
      [32m+[0m[0m id                  = (known after apply)
      [32m+[0m[0m principal           = "apigateway.amazonaws.com"
      [32m+[0m[0m source_arn          = (known after apply)
      [32m+[0m[0m statement_id        = "AllowAPIGatewayInvoke"
      [32m+[0m[0m statement_id_prefix = (known after apply)
    }

[1m  # module.code_services[0].aws_cloudwatch_log_group.codebuild[0m will be created
[0m  [32m+[0m[0m resource "aws_cloudwatch_log_group" "codebuild" {
      [32m+[0m[0m arn               = (known after apply)
      [32m+[0m[0m id                = (known after apply)
      [32m+[0m[0m log_group_class   = (known after apply)
      [32m+[0m[0m name              = "/aws/codebuild/aws-test-infra"
      [32m+[0m[0m name_prefix       = (known after apply)
      [32m+[0m[0m retention_in_days = 7
      [32m+[0m[0m skip_destroy      = false
      [32m+[0m[0m tags              = {
          [32m+[0m[0m "CostCenter"  = "testing"
          [32m+[0m[0m "Environment" = "test"
          [32m+[0m[0m "ManagedBy"   = "terraform"
          [32m+[0m[0m "Name"        = "/aws/codebuild/aws-test-infra"
          [32m+[0m[0m "Project"     = "aws-test-infra"
          [32m+[0m[0m "Purpose"     = "Log group for CodeBuild"
        }
      [32m+[0m[0m tags_all          = {
          [32m+[0m[0m "CostCenter"  = "testing"
          [32m+[0m[0m "Environment" = "test"
          [32m+[0m[0m "ManagedBy"   = "terraform"
          [32m+[0m[0m "Name"        = "/aws/codebuild/aws-test-infra"
          [32m+[0m[0m "Project"     = "aws-test-infra"
          [32m+[0m[0m "Purpose"     = "Log group for CodeBuild"
        }
    }

[1m  # module.code_services[0].aws_codebuild_project.main[0m will be created
[0m  [32m+[0m[0m resource "aws_codebuild_project" "main" {
      [32m+[0m[0m arn                  = (known after apply)
      [32m+[0m[0m badge_enabled        = false
      [32m+[0m[0m badge_url            = (known after apply)
      [32m+[0m[0m build_timeout        = 60
      [32m+[0m[0m description          = "Build project for aws-test-infra"
      [32m+[0m[0m encryption_key       = (known after apply)
      [32m+[0m[0m id                   = (known after apply)
      [32m+[0m[0m name                 = "aws-test-infra-build"
      [32m+[0m[0m project_visibility   = "PRIVATE"
      [32m+[0m[0m public_project_alias = (known after apply)
      [32m+[0m[0m queued_timeout       = 480
      [32m+[0m[0m service_role         = (known after apply)
      [32m+[0m[0m tags                 = {
          [32m+[0m[0m "CostCenter"  = "testing"
          [32m+[0m[0m "Environment" = "test"
          [32m+[0m[0m "ManagedBy"   = "terraform"
          [32m+[0m[0m "Name"        = "aws-test-infra-build"
          [32m+[0m[0m "Project"     = "aws-test-infra"
          [32m+[0m[0m "Purpose"     = "CodeBuild project for CI/CD"
        }
      [32m+[0m[0m tags_all             = {
          [32m+[0m[0m "CostCenter"  = "testing"
          [32m+[0m[0m "Environment" = "test"
          [32m+[0m[0m "ManagedBy"   = "terraform"
          [32m+[0m[0m "Name"        = "aws-test-infra-build"
          [32m+[0m[0m "Project"     = "aws-test-infra"
          [32m+[0m[0m "Purpose"     = "CodeBuild project for CI/CD"
        }

      [32m+[0m[0m artifacts {
          [32m+[0m[0m encryption_disabled    = false
          [32m+[0m[0m location               = (known after apply)
          [32m+[0m[0m override_artifact_name = false
          [32m+[0m[0m packaging              = "ZIP"
          [32m+[0m[0m type                   = "S3"
        }

      [32m+[0m[0m environment {
          [32m+[0m[0m compute_type                = "BUILD_GENERAL1_SMALL"
          [32m+[0m[0m image                       = "aws/codebuild/standard:7.0"
          [32m+[0m[0m image_pull_credentials_type = "CODEBUILD"
          [32m+[0m[0m privileged_mode             = true
          [32m+[0m[0m type                        = "LINUX_CONTAINER"

          [32m+[0m[0m environment_variable {
              [32m+[0m[0m name  = "PROJECT_NAME"
              [32m+[0m[0m type  = "PLAINTEXT"
              [32m+[0m[0m value = "aws-test-infra"
            }
          [32m+[0m[0m environment_variable {
              [32m+[0m[0m name  = "ENVIRONMENT"
              [32m+[0m[0m type  = "PLAINTEXT"
              [32m+[0m[0m value = "test"
            }
        }

      [32m+[0m[0m logs_config {
          [32m+[0m[0m cloudwatch_logs {
              [32m+[0m[0m group_name  = "/aws/codebuild/aws-test-infra"
              [32m+[0m[0m status      = "ENABLED"
              [32m+[0m[0m stream_name = "build-log"
            }
        }

      [32m+[0m[0m source {
          [32m+[0m[0m buildspec       = <<-EOT
                version: 0.2
                phases:
                  pre_build:
                    commands:
                      - echo "Pre-build phase"
                      - echo "Project: $PROJECT_NAME"
                  build:
                    commands:
                      - echo "Build phase"
                      - echo "Building application..."
                      - echo "Build completed on $(date)"
                  post_build:
                    commands:
                      - echo "Post-build phase"
                      - echo "Build successful!"
                artifacts:
                  files:
                    - '**/*'
            EOT
          [32m+[0m[0m git_clone_depth = 1
          [32m+[0m[0m location        = (known after apply)
          [32m+[0m[0m type            = "CODECOMMIT"
        }
    }

[1m  # module.code_services[0].aws_codecommit_repository.main[0m will be created
[0m  [32m+[0m[0m resource "aws_codecommit_repository" "main" {
      [32m+[0m[0m arn             = (known after apply)
      [32m+[0m[0m clone_url_http  = (known after apply)
      [32m+[0m[0m clone_url_ssh   = (known after apply)
      [32m+[0m[0m description     = "Git repository for aws-test-infra"
      [32m+[0m[0m id              = (known after apply)
      [32m+[0m[0m kms_key_id      = (known after apply)
      [32m+[0m[0m repository_id   = (known after apply)
      [32m+[0m[0m repository_name = "aws-test-infra-repo"
      [32m+[0m[0m tags            = {
          [32m+[0m[0m "CostCenter"  = "testing"
          [32m+[0m[0m "Environment" = "test"
          [32m+[0m[0m "ManagedBy"   = "terraform"
          [32m+[0m[0m "Name"        = "aws-test-infra-repo"
          [32m+[0m[0m "Project"     = "aws-test-infra"
          [32m+[0m[0m "Purpose"     = "Source code repository"
        }
      [32m+[0m[0m tags_all        = {
          [32m+[0m[0m "CostCenter"  = "testing"
          [32m+[0m[0m "Environment" = "test"
          [32m+[0m[0m "ManagedBy"   = "terraform"
          [32m+[0m[0m "Name"        = "aws-test-infra-repo"
          [32m+[0m[0m "Project"     = "aws-test-infra"
          [32m+[0m[0m "Purpose"     = "Source code repository"
        }
    }

[1m  # module.compute[0].data.archive_file.lambda_layer[0m will be read during apply
  # (depends on a resource or a module with changes pending)
[0m [36m<=[0m[0m data "archive_file" "lambda_layer" {
      [32m+[0m[0m id                  = (known after apply)
      [32m+[0m[0m output_base64sha256 = (known after apply)
      [32m+[0m[0m output_base64sha512 = (known after apply)
      [32m+[0m[0m output_md5          = (known after apply)
      [32m+[0m[0m output_path         = "modules/compute/lambda_layer.zip"
      [32m+[0m[0m output_sha          = (known after apply)
      [32m+[0m[0m output_sha256       = (known after apply)
      [32m+[0m[0m output_sha512       = (known after apply)
      [32m+[0m[0m output_size         = (known after apply)
      [32m+[0m[0m source_dir          = "modules/compute/lambda_layer"
      [32m+[0m[0m type                = "zip"
    }

[1m  # module.compute[0].data.archive_file.nodejs_lambda[0m will be read during apply
  # (depends on a resource or a module with changes pending)
[0m [36m<=[0m[0m data "archive_file" "nodejs_lambda" {
      [32m+[0m[0m id                  = (known after apply)
      [32m+[0m[0m output_base64sha256 = (known after apply)
      [32m+[0m[0m output_base64sha512 = (known after apply)
      [32m+[0m[0m output_md5          = (known after apply)
      [32m+[0m[0m output_path         = "modules/compute/lambda_functions/nodejs_function.zip"
      [32m+[0m[0m output_sha          = (known after apply)
      [32m+[0m[0m output_sha256       = (known after apply)
      [32m+[0m[0m output_sha512       = (known after apply)
      [32m+[0m[0m output_size         = (known after apply)
      [32m+[0m[0m source_file         = "modules/compute/lambda_functions/nodejs/index.js"
      [32m+[0m[0m type                = "zip"
    }

[1m  # module.compute[0].data.archive_file.python_lambda[0m will be read during apply
  # (depends on a resource or a module with changes pending)
[0m [36m<=[0m[0m data "archive_file" "python_lambda" {
      [32m+[0m[0m id                  = (known after apply)
      [32m+[0m[0m output_base64sha256 = (known after apply)
      [32m+[0m[0m output_base64sha512 = (known after apply)
      [32m+[0m[0m output_md5          = (known after apply)
      [32m+[0m[0m output_path         = "modules/compute/lambda_functions/python_function.zip"
      [32m+[0m[0m output_sha          = (known after apply)
      [32m+[0m[0m output_sha256       = (known after apply)
      [32m+[0m[0m output_sha512       = (known after apply)
      [32m+[0m[0m output_size         = (known after apply)
      [32m+[0m[0m source_file         = "modules/compute/lambda_functions/python/index.py"
      [32m+[0m[0m type                = "zip"
    }

[1m  # module.compute[0].data.aws_ami.amazon_linux_2023[0m will be read during apply
  # (depends on a resource or a module with changes pending)
[0m [36m<=[0m[0m data "aws_ami" "amazon_linux_2023" {
      [32m+[0m[0m architecture          = (known after apply)
      [32m+[0m[0m arn                   = (known after apply)
      [32m+[0m[0m block_device_mappings = (known after apply)
      [32m+[0m[0m boot_mode             = (known after apply)
      [32m+[0m[0m creation_date         = (known after apply)
      [32m+[0m[0m deprecation_time      = (known after apply)
      [32m+[0m[0m description           = (known after apply)
      [32m+[0m[0m ena_support           = (known after apply)
      [32m+[0m[0m hypervisor            = (known after apply)
      [32m+[0m[0m id                    = (known after apply)
      [32m+[0m[0m image_id              = (known after apply)
      [32m+[0m[0m image_location        = (known after apply)
      [32m+[0m[0m image_owner_alias     = (known after apply)
      [32m+[0m[0m image_type            = (known after apply)
      [32m+[0m[0m imds_support          = (known after apply)
      [32m+[0m[0m kernel_id             = (known after apply)
      [32m+[0m[0m last_launched_time    = (known after apply)
      [32m+[0m[0m most_recent           = true
      [32m+[0m[0m name                  = (known after apply)
      [32m+[0m[0m owner_id              = (known after apply)
      [32m+[0m[0m owners                = [
          [32m+[0m[0m "amazon",
        ]
      [32m+[0m[0m platform              = (known after apply)
      [32m+[0m[0m platform_details      = (known after apply)
      [32m+[0m[0m product_codes         = (known after apply)
      [32m+[0m[0m public                = (known after apply)
      [32m+[0m[0m ramdisk_id            = (known after apply)
      [32m+[0m[0m root_device_name      = (known after apply)
      [32m+[0m[0m root_device_type      = (known after apply)
      [32m+[0m[0m root_snapshot_id      = (known after apply)
      [32m+[0m[0m sriov_net_support     = (known after apply)
      [32m+[0m[0m state                 = (known after apply)
      [32m+[0m[0m state_reason          = (known after apply)
      [32m+[0m[0m tags                  = (known after apply)
      [32m+[0m[0m tpm_support           = (known after apply)
      [32m+[0m[0m usage_operation       = (known after apply)
      [32m+[0m[0m virtualization_type   = (known after apply)

      [32m+[0m[0m filter {
          [32m+[0m[0m name   = "name"
          [32m+[0m[0m values = [
              [32m+[0m[0m "al2023-ami-*-x86_64",
            ]
        }
      [32m+[0m[0m filter {
          [32m+[0m[0m name   = "virtualization-type"
          [32m+[0m[0m values = [
              [32m+[0m[0m "hvm",
            ]
        }
    }

[1m  # module.compute[0].aws_autoscaling_group.web[0m will be created
[0m  [32m+[0m[0m resource "aws_autoscaling_group" "web" {
      [32m+[0m[0m arn                              = (known after apply)
      [32m+[0m[0m availability_zones               = (known after apply)
      [32m+[0m[0m default_cooldown                 = (known after apply)
      [32m+[0m[0m desired_capacity                 = 1
      [32m+[0m[0m force_delete                     = false
      [32m+[0m[0m force_delete_warm_pool           = false
      [32m+[0m[0m health_check_grace_period        = 300
      [32m+[0m[0m health_check_type                = "EC2"
      [32m+[0m[0m id                               = (known after apply)
      [32m+[0m[0m ignore_failed_scaling_activities = false
      [32m+[0m[0m load_balancers                   = (known after apply)
      [32m+[0m[0m max_size                         = 2
      [32m+[0m[0m metrics_granularity              = "1Minute"
      [32m+[0m[0m min_size                         = 1
      [32m+[0m[0m name                             = "aws-test-infra-asg"
      [32m+[0m[0m name_prefix                      = (known after apply)
      [32m+[0m[0m predicted_capacity               = (known after apply)
      [32m+[0m[0m protect_from_scale_in            = false
      [32m+[0m[0m service_linked_role_arn          = (known after apply)
      [32m+[0m[0m target_group_arns                = (known after apply)
      [32m+[0m[0m vpc_zone_identifier              = (known after apply)
      [32m+[0m[0m wait_for_capacity_timeout        = "10m"
      [32m+[0m[0m warm_pool_size                   = (known after apply)

      [32m+[0m[0m availability_zone_distribution (known after apply)

      [32m+[0m[0m capacity_reservation_specification (known after apply)

      [32m+[0m[0m launch_template {
          [32m+[0m[0m id      = (known after apply)
          [32m+[0m[0m name    = (known after apply)
          [32m+[0m[0m version = "$Latest"
        }

      [32m+[0m[0m mixed_instances_policy (known after apply)

      [32m+[0m[0m tag {
          [32m+[0m[0m key                 = "CostCenter"
          [32m+[0m[0m propagate_at_launch = false
          [32m+[0m[0m value               = "testing"
        }
      [32m+[0m[0m tag {
          [32m+[0m[0m key                 = "Environment"
          [32m+[0m[0m propagate_at_launch = false
          [32m+[0m[0m value               = "test"
        }
      [32m+[0m[0m tag {
          [32m+[0m[0m key                 = "ManagedBy"
          [32m+[0m[0m propagate_at_launch = false
          [32m+[0m[0m value               = "terraform"
        }
      [32m+[0m[0m tag {
          [32m+[0m[0m key                 = "Name"
          [32m+[0m[0m propagate_at_launch = false
          [32m+[0m[0m value               = "aws-test-infra-asg"
        }
      [32m+[0m[0m tag {
          [32m+[0m[0m key                 = "Project"
          [32m+[0m[0m propagate_at_launch = false
          [32m+[0m[0m value               = "aws-test-infra"
        }
      [32m+[0m[0m tag {
          [32m+[0m[0m key                 = "Purpose"
          [32m+[0m[0m propagate_at_launch = false
          [32m+[0m[0m value               = "Auto Scaling Group for web servers"
        }

      [32m+[0m[0m traffic_source (known after apply)
    }

[1m  # module.compute[0].aws_instance.web[0m will be created
[0m  [32m+[0m[0m resource "aws_instance" "web" {
      [32m+[0m[0m ami                                  = (known after apply)
      [32m+[0m[0m arn                                  = (known after apply)
      [32m+[0m[0m associate_public_ip_address          = (known after apply)
      [32m+[0m[0m availability_zone                    = (known after apply)
      [32m+[0m[0m cpu_core_count                       = (known after apply)
      [32m+[0m[0m cpu_threads_per_core                 = (known after apply)
      [32m+[0m[0m disable_api_stop                     = (known after apply)
      [32m+[0m[0m disable_api_termination              = (known after apply)
      [32m+[0m[0m ebs_optimized                        = (known after apply)
      [32m+[0m[0m enable_primary_ipv6                  = (known after apply)
      [32m+[0m[0m get_password_data                    = false
      [32m+[0m[0m host_id                              = (known after apply)
      [32m+[0m[0m host_resource_group_arn              = (known after apply)
      [32m+[0m[0m iam_instance_profile                 = "aws-test-infra-ec2-instance-profile"
      [32m+[0m[0m id                                   = (known after apply)
      [32m+[0m[0m instance_initiated_shutdown_behavior = (known after apply)
      [32m+[0m[0m instance_lifecycle                   = (known after apply)
      [32m+[0m[0m instance_state                       = (known after apply)
      [32m+[0m[0m instance_type                        = "t2.micro"
      [32m+[0m[0m ipv6_address_count                   = (known after apply)
      [32m+[0m[0m ipv6_addresses                       = (known after apply)
      [32m+[0m[0m key_name                             = "aws-test-infra-ec2-key"
      [32m+[0m[0m monitoring                           = (known after apply)
      [32m+[0m[0m outpost_arn                          = (known after apply)
      [32m+[0m[0m password_data                        = (known after apply)
      [32m+[0m[0m placement_group                      = (known after apply)
      [32m+[0m[0m placement_partition_number           = (known after apply)
      [32m+[0m[0m primary_network_interface_id         = (known after apply)
      [32m+[0m[0m private_dns                          = (known after apply)
      [32m+[0m[0m private_ip                           = (known after apply)
      [32m+[0m[0m public_dns                           = (known after apply)
      [32m+[0m[0m public_ip                            = (known after apply)
      [32m+[0m[0m secondary_private_ips                = (known after apply)
      [32m+[0m[0m security_groups                      = (known after apply)
      [32m+[0m[0m source_dest_check                    = true
      [32m+[0m[0m spot_instance_request_id             = (known after apply)
      [32m+[0m[0m subnet_id                            = (known after apply)
      [32m+[0m[0m tags                                 = {
          [32m+[0m[0m "CostCenter"  = "testing"
          [32m+[0m[0m "Environment" = "test"
          [32m+[0m[0m "ManagedBy"   = "terraform"
          [32m+[0m[0m "Name"        = "aws-test-infra-web-server"
          [32m+[0m[0m "Project"     = "aws-test-infra"
          [32m+[0m[0m "Purpose"     = "Web server for testing"
          [32m+[0m[0m "Type"        = "t2.micro"
        }
      [32m+[0m[0m tags_all                             = {
          [32m+[0m[0m "CostCenter"  = "testing"
          [32m+[0m[0m "Environment" = "test"
          [32m+[0m[0m "ManagedBy"   = "terraform"
          [32m+[0m[0m "Name"        = "aws-test-infra-web-server"
          [32m+[0m[0m "Project"     = "aws-test-infra"
          [32m+[0m[0m "Purpose"     = "Web server for testing"
          [32m+[0m[0m "Type"        = "t2.micro"
        }
      [32m+[0m[0m tenancy                              = (known after apply)
      [32m+[0m[0m user_data                            = "8300f72e133327a2cf5586b4141661ed080f4c3d"
      [32m+[0m[0m user_data_base64                     = (known after apply)
      [32m+[0m[0m user_data_replace_on_change          = false
      [32m+[0m[0m vpc_security_group_ids               = (known after apply)

      [32m+[0m[0m capacity_reservation_specification (known after apply)

      [32m+[0m[0m cpu_options (known after apply)

      [32m+[0m[0m ebs_block_device (known after apply)

      [32m+[0m[0m enclave_options (known after apply)

      [32m+[0m[0m ephemeral_block_device (known after apply)

      [32m+[0m[0m instance_market_options (known after apply)

      [32m+[0m[0m maintenance_options (known after apply)

      [32m+[0m[0m metadata_options (known after apply)

      [32m+[0m[0m network_interface (known after apply)

      [32m+[0m[0m private_dns_name_options (known after apply)

      [32m+[0m[0m root_block_device (known after apply)
    }

[1m  # module.compute[0].aws_key_pair.ec2_key[0m will be created
[0m  [32m+[0m[0m resource "aws_key_pair" "ec2_key" {
      [32m+[0m[0m arn             = (known after apply)
      [32m+[0m[0m fingerprint     = (known after apply)
      [32m+[0m[0m id              = (known after apply)
      [32m+[0m[0m key_name        = "aws-test-infra-ec2-key"
      [32m+[0m[0m key_name_prefix = (known after apply)
      [32m+[0m[0m key_pair_id     = (known after apply)
      [32m+[0m[0m key_type        = (known after apply)
      [32m+[0m[0m public_key      = (known after apply)
      [32m+[0m[0m tags            = {
          [32m+[0m[0m "CostCenter"  = "testing"
          [32m+[0m[0m "Environment" = "test"
          [32m+[0m[0m "ManagedBy"   = "terraform"
          [32m+[0m[0m "Name"        = "aws-test-infra-ec2-key"
          [32m+[0m[0m "Project"     = "aws-test-infra"
          [32m+[0m[0m "Purpose"     = "SSH key pair for EC2 instances"
        }
      [32m+[0m[0m tags_all        = {
          [32m+[0m[0m "CostCenter"  = "testing"
          [32m+[0m[0m "Environment" = "test"
          [32m+[0m[0m "ManagedBy"   = "terraform"
          [32m+[0m[0m "Name"        = "aws-test-infra-ec2-key"
          [32m+[0m[0m "Project"     = "aws-test-infra"
          [32m+[0m[0m "Purpose"     = "SSH key pair for EC2 instances"
        }
    }

[1m  # module.compute[0].aws_lambda_event_source_mapping.sqs_trigger[0][0m will be created
[0m  [32m+[0m[0m resource "aws_lambda_event_source_mapping" "sqs_trigger" {
      [32m+[0m[0m arn                           = (known after apply)
      [32m+[0m[0m batch_size                    = 10
      [32m+[0m[0m enabled                       = true
      [32m+[0m[0m event_source_arn              = (known after apply)
      [32m+[0m[0m function_arn                  = (known after apply)
      [32m+[0m[0m function_name                 = (known after apply)
      [32m+[0m[0m id                            = (known after apply)
      [32m+[0m[0m last_modified                 = (known after apply)
      [32m+[0m[0m last_processing_result        = (known after apply)
      [32m+[0m[0m maximum_record_age_in_seconds = (known after apply)
      [32m+[0m[0m maximum_retry_attempts        = (known after apply)
      [32m+[0m[0m parallelization_factor        = (known after apply)
      [32m+[0m[0m state                         = (known after apply)
      [32m+[0m[0m state_transition_reason       = (known after apply)
      [32m+[0m[0m tags_all                      = {
          [32m+[0m[0m "CostCenter"  = "infrasyn-testing"
          [32m+[0m[0m "Environment" = "test"
          [32m+[0m[0m "ManagedBy"   = "terraform"
          [32m+[0m[0m "Project"     = "aws-test-infra"
        }
      [32m+[0m[0m uuid                          = (known after apply)

      [32m+[0m[0m amazon_managed_kafka_event_source_config (known after apply)

      [32m+[0m[0m self_managed_kafka_event_source_config (known after apply)
    }

[1m  # module.compute[0].aws_lambda_function.nodejs_function[0m will be created
[0m  [32m+[0m[0m resource "aws_lambda_function" "nodejs_function" {
      [32m+[0m[0m architectures                  = (known after apply)
      [32m+[0m[0m arn                            = (known after apply)
      [32m+[0m[0m code_sha256                    = (known after apply)
      [32m+[0m[0m filename                       = "modules/compute/lambda_functions/nodejs_function.zip"
      [32m+[0m[0m function_name                  = "aws-test-infra-nodejs-function"
      [32m+[0m[0m handler                        = "index.handler"
      [32m+[0m[0m id                             = (known after apply)
      [32m+[0m[0m invoke_arn                     = (known after apply)
      [32m+[0m[0m last_modified                  = (known after apply)
      [32m+[0m[0m memory_size                    = 128
      [32m+[0m[0m package_type                   = "Zip"
      [32m+[0m[0m publish                        = false
      [32m+[0m[0m qualified_arn                  = (known after apply)
      [32m+[0m[0m qualified_invoke_arn           = (known after apply)
      [32m+[0m[0m reserved_concurrent_executions = -1
      [32m+[0m[0m role                           = (known after apply)
      [32m+[0m[0m runtime                        = "nodejs20.x"
      [32m+[0m[0m signing_job_arn                = (known after apply)
      [32m+[0m[0m signing_profile_version_arn    = (known after apply)
      [32m+[0m[0m skip_destroy                   = false
      [32m+[0m[0m source_code_hash               = (known after apply)
      [32m+[0m[0m source_code_size               = (known after apply)
      [32m+[0m[0m tags                           = {
          [32m+[0m[0m "CostCenter"  = "testing"
          [32m+[0m[0m "Environment" = "test"
          [32m+[0m[0m "ManagedBy"   = "terraform"
          [32m+[0m[0m "Name"        = "aws-test-infra-nodejs-function"
          [32m+[0m[0m "Project"     = "aws-test-infra"
          [32m+[0m[0m "Purpose"     = "Node.js Lambda function for testing"
          [32m+[0m[0m "Runtime"     = "nodejs20.x"
        }
      [32m+[0m[0m tags_all                       = {
          [32m+[0m[0m "CostCenter"  = "testing"
          [32m+[0m[0m "Environment" = "test"
          [32m+[0m[0m "ManagedBy"   = "terraform"
          [32m+[0m[0m "Name"        = "aws-test-infra-nodejs-function"
          [32m+[0m[0m "Project"     = "aws-test-infra"
          [32m+[0m[0m "Purpose"     = "Node.js Lambda function for testing"
          [32m+[0m[0m "Runtime"     = "nodejs20.x"
        }
      [32m+[0m[0m timeout                        = 30
      [32m+[0m[0m version                        = (known after apply)

      [32m+[0m[0m environment {
          [32m+[0m[0m variables = {
              [32m+[0m[0m "ENVIRONMENT"  = "test"
              [32m+[0m[0m "PROJECT_NAME" = "aws-test-infra"
            }
        }

      [32m+[0m[0m ephemeral_storage (known after apply)

      [32m+[0m[0m logging_config (known after apply)

      [32m+[0m[0m tracing_config (known after apply)
    }

[1m  # module.compute[0].aws_lambda_function.python_function[0m will be created
[0m  [32m+[0m[0m resource "aws_lambda_function" "python_function" {
      [32m+[0m[0m architectures                  = (known after apply)
      [32m+[0m[0m arn                            = (known after apply)
      [32m+[0m[0m code_sha256                    = (known after apply)
      [32m+[0m[0m filename                       = "modules/compute/lambda_functions/python_function.zip"
      [32m+[0m[0m function_name                  = "aws-test-infra-python-function"
      [32m+[0m[0m handler                        = "index.lambda_handler"
      [32m+[0m[0m id                             = (known after apply)
      [32m+[0m[0m invoke_arn                     = (known after apply)
      [32m+[0m[0m last_modified                  = (known after apply)
      [32m+[0m[0m memory_size                    = 128
      [32m+[0m[0m package_type                   = "Zip"
      [32m+[0m[0m publish                        = false
      [32m+[0m[0m qualified_arn                  = (known after apply)
      [32m+[0m[0m qualified_invoke_arn           = (known after apply)
      [32m+[0m[0m reserved_concurrent_executions = -1
      [32m+[0m[0m role                           = (known after apply)
      [32m+[0m[0m runtime                        = "python3.11"
      [32m+[0m[0m signing_job_arn                = (known after apply)
      [32m+[0m[0m signing_profile_version_arn    = (known after apply)
      [32m+[0m[0m skip_destroy                   = false
      [32m+[0m[0m source_code_hash               = (known after apply)
      [32m+[0m[0m source_code_size               = (known after apply)
      [32m+[0m[0m tags                           = {
          [32m+[0m[0m "CostCenter"  = "testing"
          [32m+[0m[0m "Environment" = "test"
          [32m+[0m[0m "ManagedBy"   = "terraform"
          [32m+[0m[0m "Name"        = "aws-test-infra-python-function"
          [32m+[0m[0m "Project"     = "aws-test-infra"
          [32m+[0m[0m "Purpose"     = "Python Lambda function for testing"
          [32m+[0m[0m "Runtime"     = "python3.11"
        }
      [32m+[0m[0m tags_all                       = {
          [32m+[0m[0m "CostCenter"  = "testing"
          [32m+[0m[0m "Environment" = "test"
          [32m+[0m[0m "ManagedBy"   = "terraform"
          [32m+[0m[0m "Name"        = "aws-test-infra-python-function"
          [32m+[0m[0m "Project"     = "aws-test-infra"
          [32m+[0m[0m "Purpose"     = "Python Lambda function for testing"
          [32m+[0m[0m "Runtime"     = "python3.11"
        }
      [32m+[0m[0m timeout                        = 30
      [32m+[0m[0m version                        = (known after apply)

      [32m+[0m[0m environment {
          [32m+[0m[0m variables = {
              [32m+[0m[0m "ENVIRONMENT"  = "test"
              [32m+[0m[0m "PROJECT_NAME" = "aws-test-infra"
            }
        }

      [32m+[0m[0m ephemeral_storage (known after apply)

      [32m+[0m[0m logging_config (known after apply)

      [32m+[0m[0m tracing_config (known after apply)
    }

[1m  # module.compute[0].aws_lambda_function_event_invoke_config.python_config[0m will be created
[0m  [32m+[0m[0m resource "aws_lambda_function_event_invoke_config" "python_config" {
      [32m+[0m[0m function_name                = "aws-test-infra-python-function"
      [32m+[0m[0m id                           = (known after apply)
      [32m+[0m[0m maximum_event_age_in_seconds = 3600
      [32m+[0m[0m maximum_retry_attempts       = 1

      [32m+[0m[0m destination_config {
          [32m+[0m[0m on_failure {
              [32m+[0m[0m destination = (known after apply)
            }
        }
    }

[1m  # module.compute[0].aws_lambda_layer_version.utils[0m will be created
[0m  [32m+[0m[0m resource "aws_lambda_layer_version" "utils" {
      [32m+[0m[0m arn                         = (known after apply)
      [32m+[0m[0m code_sha256                 = (known after apply)
      [32m+[0m[0m compatible_runtimes         = [
          [32m+[0m[0m "python3.10",
          [32m+[0m[0m "python3.11",
        ]
      [32m+[0m[0m created_date                = (known after apply)
      [32m+[0m[0m description                 = "Utility layer for Lambda functions"
      [32m+[0m[0m filename                    = "modules/compute/lambda_layer.zip"
      [32m+[0m[0m id                          = (known after apply)
      [32m+[0m[0m layer_arn                   = (known after apply)
      [32m+[0m[0m layer_name                  = "aws-test-infra-utils-layer"
      [32m+[0m[0m signing_job_arn             = (known after apply)
      [32m+[0m[0m signing_profile_version_arn = (known after apply)
      [32m+[0m[0m skip_destroy                = false
      [32m+[0m[0m source_code_hash            = (known after apply)
      [32m+[0m[0m source_code_size            = (known after apply)
      [32m+[0m[0m version                     = (known after apply)
    }

[1m  # module.compute[0].aws_launch_configuration.web[0m will be created
[0m  [32m+[0m[0m resource "aws_launch_configuration" "web" {
      [32m+[0m[0m arn                         = (known after apply)
      [32m+[0m[0m associate_public_ip_address = (known after apply)
      [32m+[0m[0m ebs_optimized               = (known after apply)
      [32m+[0m[0m enable_monitoring           = true
      [32m+[0m[0m iam_instance_profile        = "aws-test-infra-ec2-instance-profile"
      [32m+[0m[0m id                          = (known after apply)
      [32m+[0m[0m image_id                    = (known after apply)
      [32m+[0m[0m instance_type               = "t2.micro"
      [32m+[0m[0m key_name                    = (known after apply)
      [32m+[0m[0m name                        = (known after apply)
      [32m+[0m[0m name_prefix                 = "aws-test-infra-lc-"
      [32m+[0m[0m security_groups             = (known after apply)
      [32m+[0m[0m user_data                   = "e58c7c8b6bce5ac4f5eff306ec43c34445c7974f"

      [32m+[0m[0m ebs_block_device (known after apply)

      [32m+[0m[0m metadata_options (known after apply)

      [32m+[0m[0m root_block_device (known after apply)
    }

[1m  # module.compute[0].aws_launch_template.web[0m will be created
[0m  [32m+[0m[0m resource "aws_launch_template" "web" {
      [32m+[0m[0m arn                    = (known after apply)
      [32m+[0m[0m default_version        = (known after apply)
      [32m+[0m[0m id                     = (known after apply)
      [32m+[0m[0m image_id               = (known after apply)
      [32m+[0m[0m instance_type          = "t2.micro"
      [32m+[0m[0m latest_version         = (known after apply)
      [32m+[0m[0m name                   = (known after apply)
      [32m+[0m[0m name_prefix            = "aws-test-infra-web-lt-"
      [32m+[0m[0m tags                   = {
          [32m+[0m[0m "CostCenter"  = "testing"
          [32m+[0m[0m "Environment" = "test"
          [32m+[0m[0m "ManagedBy"   = "terraform"
          [32m+[0m[0m "Name"        = "aws-test-infra-launch-template"
          [32m+[0m[0m "Project"     = "aws-test-infra"
          [32m+[0m[0m "Purpose"     = "Launch template for Auto Scaling Group"
        }
      [32m+[0m[0m tags_all               = {
          [32m+[0m[0m "CostCenter"  = "testing"
          [32m+[0m[0m "Environment" = "test"
          [32m+[0m[0m "ManagedBy"   = "terraform"
          [32m+[0m[0m "Name"        = "aws-test-infra-launch-template"
          [32m+[0m[0m "Project"     = "aws-test-infra"
          [32m+[0m[0m "Purpose"     = "Launch template for Auto Scaling Group"
        }
      [32m+[0m[0m user_data              = "IyEvYmluL2Jhc2gKeXVtIHVwZGF0ZSAteQp5dW0gaW5zdGFsbCAteSBodHRwZApzeXN0ZW1jdGwgc3RhcnQgaHR0cGQKc3lzdGVtY3RsIGVuYWJsZSBodHRwZAplY2hvICI8aDE+SGVsbG8gZnJvbSBhd3MtdGVzdC1pbmZyYSBBdXRvIFNjYWxpbmcgSW5zdGFuY2U8L2gxPiIgPiAvdmFyL3d3dy9odG1sL2luZGV4Lmh0bWwK"
      [32m+[0m[0m vpc_security_group_ids = (known after apply)

      [32m+[0m[0m iam_instance_profile {
          [32m+[0m[0m name = "aws-test-infra-ec2-instance-profile"
        }

      [32m+[0m[0m metadata_options (known after apply)

      [32m+[0m[0m tag_specifications {
          [32m+[0m[0m resource_type = "instance"
          [32m+[0m[0m tags          = {
              [32m+[0m[0m "CostCenter"  = "testing"
              [32m+[0m[0m "Environment" = "test"
              [32m+[0m[0m "ManagedBy"   = "terraform"
              [32m+[0m[0m "Name"        = "aws-test-infra-asg-instance"
              [32m+[0m[0m "Project"     = "aws-test-infra"
              [32m+[0m[0m "Purpose"     = "Auto Scaling Group instance"
            }
        }
    }

[1m  # module.compute[0].aws_volume_attachment.data[0m will be created
[0m  [32m+[0m[0m resource "aws_volume_attachment" "data" {
      [32m+[0m[0m device_name = "/dev/sdf"
      [32m+[0m[0m id          = (known after apply)
      [32m+[0m[0m instance_id = (known after apply)
      [32m+[0m[0m volume_id   = (known after apply)
    }

[1m  # module.compute[0].local_file.layer_code[0m will be created
[0m  [32m+[0m[0m resource "local_file" "layer_code" {
      [32m+[0m[0m content              = <<-EOT
            def format_response(status_code, body):
                return {
                    'statusCode': status_code,
                    'body': body,
                    'headers': {
                        'Content-Type': 'application/json'
                    }
                }
        EOT
      [32m+[0m[0m content_base64sha256 = (known after apply)
      [32m+[0m[0m content_base64sha512 = (known after apply)
      [32m+[0m[0m content_md5          = (known after apply)
      [32m+[0m[0m content_sha1         = (known after apply)
      [32m+[0m[0m content_sha256       = (known after apply)
      [32m+[0m[0m content_sha512       = (known after apply)
      [32m+[0m[0m directory_permission = "0777"
      [32m+[0m[0m file_permission      = "0777"
      [32m+[0m[0m filename             = "modules/compute/lambda_layer/python/utils.py"
      [32m+[0m[0m id                   = (known after apply)
    }

[1m  # module.compute[0].local_file.nodejs_lambda_code[0m will be created
[0m  [32m+[0m[0m resource "local_file" "nodejs_lambda_code" {
      [32m+[0m[0m content              = <<-EOT
            exports.handler = async (event) => {
                const projectName = process.env.PROJECT_NAME || 'unknown';
                return {
                    statusCode: 200,
                    body: JSON.stringify({
                        message: `Hello from ${projectName} Node.js Lambda!`,
                        event: event
                    })
                };
            };
        EOT
      [32m+[0m[0m content_base64sha256 = (known after apply)
      [32m+[0m[0m content_base64sha512 = (known after apply)
      [32m+[0m[0m content_md5          = (known after apply)
      [32m+[0m[0m content_sha1         = (known after apply)
      [32m+[0m[0m content_sha256       = (known after apply)
      [32m+[0m[0m content_sha512       = (known after apply)
      [32m+[0m[0m directory_permission = "0777"
      [32m+[0m[0m file_permission      = "0777"
      [32m+[0m[0m filename             = "modules/compute/lambda_functions/nodejs/index.js"
      [32m+[0m[0m id                   = (known after apply)
    }

[1m  # module.compute[0].local_file.private_key[0m will be created
[0m  [32m+[0m[0m resource "local_file" "private_key" {
      [32m+[0m[0m content              = (sensitive value)
      [32m+[0m[0m content_base64sha256 = (known after apply)
      [32m+[0m[0m content_base64sha512 = (known after apply)
      [32m+[0m[0m content_md5          = (known after apply)
      [32m+[0m[0m content_sha1         = (known after apply)
      [32m+[0m[0m content_sha256       = (known after apply)
      [32m+[0m[0m content_sha512       = (known after apply)
      [32m+[0m[0m directory_permission = "0777"
      [32m+[0m[0m file_permission      = "0400"
      [32m+[0m[0m filename             = "./aws-test-infra-ec2-key.pem"
      [32m+[0m[0m id                   = (known after apply)
    }

[1m  # module.compute[0].local_file.python_lambda_code[0m will be created
[0m  [32m+[0m[0m resource "local_file" "python_lambda_code" {
      [32m+[0m[0m content              = <<-EOT
            import json
            import os
            
            def lambda_handler(event, context):
                project_name = os.environ.get('PROJECT_NAME', 'unknown')
                return {
                    'statusCode': 200,
                    'body': json.dumps({
                        'message': f'Hello from {project_name} Python Lambda!',
                        'event': event
                    })
                }
        EOT
      [32m+[0m[0m content_base64sha256 = (known after apply)
      [32m+[0m[0m content_base64sha512 = (known after apply)
      [32m+[0m[0m content_md5          = (known after apply)
      [32m+[0m[0m content_sha1         = (known after apply)
      [32m+[0m[0m content_sha256       = (known after apply)
      [32m+[0m[0m content_sha512       = (known after apply)
      [32m+[0m[0m directory_permission = "0777"
      [32m+[0m[0m file_permission      = "0777"
      [32m+[0m[0m filename             = "modules/compute/lambda_functions/python/index.py"
      [32m+[0m[0m id                   = (known after apply)
    }

[1m  # module.compute[0].tls_private_key.ec2_key[0m will be created
[0m  [32m+[0m[0m resource "tls_private_key" "ec2_key" {
      [32m+[0m[0m algorithm                     = "RSA"
      [32m+[0m[0m ecdsa_curve                   = "P224"
      [32m+[0m[0m id                            = (known after apply)
      [32m+[0m[0m private_key_openssh           = (sensitive value)
      [32m+[0m[0m private_key_pem               = (sensitive value)
      [32m+[0m[0m private_key_pem_pkcs8         = (sensitive value)
      [32m+[0m[0m public_key_fingerprint_md5    = (known after apply)
      [32m+[0m[0m public_key_fingerprint_sha256 = (known after apply)
      [32m+[0m[0m public_key_openssh            = (known after apply)
      [32m+[0m[0m public_key_pem                = (known after apply)
      [32m+[0m[0m rsa_bits                      = 4096
    }

[1m  # module.container[0].data.aws_caller_identity.current[0m will be read during apply
  # (depends on a resource or a module with changes pending)
[0m [36m<=[0m[0m data "aws_caller_identity" "current" {
      [32m+[0m[0m account_id = (known after apply)
      [32m+[0m[0m arn        = (known after apply)
      [32m+[0m[0m id         = (known after apply)
      [32m+[0m[0m user_id    = (known after apply)
    }

[1m  # module.container[0].data.aws_region.current[0m will be read during apply
  # (depends on a resource or a module with changes pending)
[0m [36m<=[0m[0m data "aws_region" "current" {
      [32m+[0m[0m description = (known after apply)
      [32m+[0m[0m endpoint    = (known after apply)
      [32m+[0m[0m id          = (known after apply)
      [32m+[0m[0m name        = (known after apply)
    }

[1m  # module.container[0].aws_cloudwatch_log_group.ecs[0m will be created
[0m  [32m+[0m[0m resource "aws_cloudwatch_log_group" "ecs" {
      [32m+[0m[0m arn               = (known after apply)
      [32m+[0m[0m id                = (known after apply)
      [32m+[0m[0m log_group_class   = (known after apply)
      [32m+[0m[0m name              = "/ecs/aws-test-infra"
      [32m+[0m[0m name_prefix       = (known after apply)
      [32m+[0m[0m retention_in_days = 7
      [32m+[0m[0m skip_destroy      = false
      [32m+[0m[0m tags              = {
          [32m+[0m[0m "CostCenter"  = "testing"
          [32m+[0m[0m "Environment" = "test"
          [32m+[0m[0m "ManagedBy"   = "terraform"
          [32m+[0m[0m "Name"        = "/ecs/aws-test-infra"
          [32m+[0m[0m "Project"     = "aws-test-infra"
          [32m+[0m[0m "Purpose"     = "Log group for ECS tasks"
        }
      [32m+[0m[0m tags_all          = {
          [32m+[0m[0m "CostCenter"  = "testing"
          [32m+[0m[0m "Environment" = "test"
          [32m+[0m[0m "ManagedBy"   = "terraform"
          [32m+[0m[0m "Name"        = "/ecs/aws-test-infra"
          [32m+[0m[0m "Project"     = "aws-test-infra"
          [32m+[0m[0m "Purpose"     = "Log group for ECS tasks"
        }
    }

[1m  # module.container[0].aws_ecr_lifecycle_policy.main[0m will be created
[0m  [32m+[0m[0m resource "aws_ecr_lifecycle_policy" "main" {
      [32m+[0m[0m id          = (known after apply)
      [32m+[0m[0m policy      = jsonencode(
            {
              [32m+[0m[0m rules = [
                  [32m+[0m[0m {
                      [32m+[0m[0m action       = {
                          [32m+[0m[0m type = "expire"
                        }
                      [32m+[0m[0m description  = "Keep last 10 images"
                      [32m+[0m[0m rulePriority = 1
                      [32m+[0m[0m selection    = {
                          [32m+[0m[0m countNumber   = 10
                          [32m+[0m[0m countType     = "imageCountMoreThan"
                          [32m+[0m[0m tagPrefixList = [
                              [32m+[0m[0m "v",
                            ]
                          [32m+[0m[0m tagStatus     = "tagged"
                        }
                    },
                  [32m+[0m[0m {
                      [32m+[0m[0m action       = {
                          [32m+[0m[0m type = "expire"
                        }
                      [32m+[0m[0m description  = "Expire untagged images older than 7 days"
                      [32m+[0m[0m rulePriority = 2
                      [32m+[0m[0m selection    = {
                          [32m+[0m[0m countNumber = 7
                          [32m+[0m[0m countType   = "sinceImagePushed"
                          [32m+[0m[0m countUnit   = "days"
                          [32m+[0m[0m tagStatus   = "untagged"
                        }
                    },
                ]
            }
        )
      [32m+[0m[0m registry_id = (known after apply)
      [32m+[0m[0m repository  = "aws-test-infra-app"
    }

[1m  # module.container[0].aws_ecr_repository.main[0m will be created
[0m  [32m+[0m[0m resource "aws_ecr_repository" "main" {
      [32m+[0m[0m arn                  = (known after apply)
      [32m+[0m[0m id                   = (known after apply)
      [32m+[0m[0m image_tag_mutability = "MUTABLE"
      [32m+[0m[0m name                 = "aws-test-infra-app"
      [32m+[0m[0m registry_id          = (known after apply)
      [32m+[0m[0m repository_url       = (known after apply)
      [32m+[0m[0m tags                 = {
          [32m+[0m[0m "CostCenter"  = "testing"
          [32m+[0m[0m "Environment" = "test"
          [32m+[0m[0m "ManagedBy"   = "terraform"
          [32m+[0m[0m "Name"        = "aws-test-infra-app"
          [32m+[0m[0m "Project"     = "aws-test-infra"
          [32m+[0m[0m "Purpose"     = "ECR repository for container images"
        }
      [32m+[0m[0m tags_all             = {
          [32m+[0m[0m "CostCenter"  = "testing"
          [32m+[0m[0m "Environment" = "test"
          [32m+[0m[0m "ManagedBy"   = "terraform"
          [32m+[0m[0m "Name"        = "aws-test-infra-app"
          [32m+[0m[0m "Project"     = "aws-test-infra"
          [32m+[0m[0m "Purpose"     = "ECR repository for container images"
        }

      [32m+[0m[0m encryption_configuration {
          [32m+[0m[0m encryption_type = "AES256"
          [32m+[0m[0m kms_key         = (known after apply)
        }

      [32m+[0m[0m image_scanning_configuration {
          [32m+[0m[0m scan_on_push = true
        }
    }

[1m  # module.container[0].aws_ecr_repository_policy.main[0m will be created
[0m  [32m+[0m[0m resource "aws_ecr_repository_policy" "main" {
      [32m+[0m[0m id          = (known after apply)
      [32m+[0m[0m policy      = (known after apply)
      [32m+[0m[0m registry_id = (known after apply)
      [32m+[0m[0m repository  = "aws-test-infra-app"
    }

[1m  # module.container[0].aws_ecs_cluster.main[0m will be created
[0m  [32m+[0m[0m resource "aws_ecs_cluster" "main" {
      [32m+[0m[0m arn      = (known after apply)
      [32m+[0m[0m id       = (known after apply)
      [32m+[0m[0m name     = "aws-test-infra-cluster"
      [32m+[0m[0m tags     = {
          [32m+[0m[0m "CostCenter"  = "testing"
          [32m+[0m[0m "Environment" = "test"
          [32m+[0m[0m "ManagedBy"   = "terraform"
          [32m+[0m[0m "Name"        = "aws-test-infra-cluster"
          [32m+[0m[0m "Project"     = "aws-test-infra"
          [32m+[0m[0m "Purpose"     = "ECS cluster for containerized applications"
        }
      [32m+[0m[0m tags_all = {
          [32m+[0m[0m "CostCenter"  = "testing"
          [32m+[0m[0m "Environment" = "test"
          [32m+[0m[0m "ManagedBy"   = "terraform"
          [32m+[0m[0m "Name"        = "aws-test-infra-cluster"
          [32m+[0m[0m "Project"     = "aws-test-infra"
          [32m+[0m[0m "Purpose"     = "ECS cluster for containerized applications"
        }

      [32m+[0m[0m setting {
          [32m+[0m[0m name  = "containerInsights"
          [32m+[0m[0m value = "enabled"
        }
    }

[1m  # module.container[0].aws_ecs_service.main[0m will be created
[0m  [32m+[0m[0m resource "aws_ecs_service" "main" {
      [32m+[0m[0m availability_zone_rebalancing      = "DISABLED"
      [32m+[0m[0m cluster                            = (known after apply)
      [32m+[0m[0m deployment_maximum_percent         = 200
      [32m+[0m[0m deployment_minimum_healthy_percent = 100
      [32m+[0m[0m desired_count                      = 1
      [32m+[0m[0m enable_ecs_managed_tags            = false
      [32m+[0m[0m enable_execute_command             = false
      [32m+[0m[0m iam_role                           = (known after apply)
      [32m+[0m[0m id                                 = (known after apply)
      [32m+[0m[0m launch_type                        = "FARGATE"
      [32m+[0m[0m name                               = "aws-test-infra-service"
      [32m+[0m[0m platform_version                   = (known after apply)
      [32m+[0m[0m scheduling_strategy                = "REPLICA"
      [32m+[0m[0m tags                               = {
          [32m+[0m[0m "CostCenter"  = "testing"
          [32m+[0m[0m "Environment" = "test"
          [32m+[0m[0m "ManagedBy"   = "terraform"
          [32m+[0m[0m "Name"        = "aws-test-infra-service"
          [32m+[0m[0m "Project"     = "aws-test-infra"
          [32m+[0m[0m "Purpose"     = "ECS service for running containers"
        }
      [32m+[0m[0m tags_all                           = {
          [32m+[0m[0m "CostCenter"  = "testing"
          [32m+[0m[0m "Environment" = "test"
          [32m+[0m[0m "ManagedBy"   = "terraform"
          [32m+[0m[0m "Name"        = "aws-test-infra-service"
          [32m+[0m[0m "Project"     = "aws-test-infra"
          [32m+[0m[0m "Purpose"     = "ECS service for running containers"
        }
      [32m+[0m[0m task_definition                    = (known after apply)
      [32m+[0m[0m triggers                           = (known after apply)
      [32m+[0m[0m wait_for_steady_state              = false

      [32m+[0m[0m network_configuration {
          [32m+[0m[0m assign_public_ip = true
          [32m+[0m[0m security_groups  = (known after apply)
          [32m+[0m[0m subnets          = (known after apply)
        }
    }

[1m  # module.container[0].aws_ecs_task_definition.main[0m will be created
[0m  [32m+[0m[0m resource "aws_ecs_task_definition" "main" {
      [32m+[0m[0m arn                      = (known after apply)
      [32m+[0m[0m arn_without_revision     = (known after apply)
      [32m+[0m[0m container_definitions    = (known after apply)
      [32m+[0m[0m cpu                      = "256"
      [32m+[0m[0m enable_fault_injection   = (known after apply)
      [32m+[0m[0m execution_role_arn       = (known after apply)
      [32m+[0m[0m family                   = "aws-test-infra-task"
      [32m+[0m[0m id                       = (known after apply)
      [32m+[0m[0m memory                   = "512"
      [32m+[0m[0m network_mode             = "awsvpc"
      [32m+[0m[0m requires_compatibilities = [
          [32m+[0m[0m "FARGATE",
        ]
      [32m+[0m[0m revision                 = (known after apply)
      [32m+[0m[0m skip_destroy             = false
      [32m+[0m[0m tags                     = {
          [32m+[0m[0m "CostCenter"  = "testing"
          [32m+[0m[0m "Environment" = "test"
          [32m+[0m[0m "ManagedBy"   = "terraform"
          [32m+[0m[0m "Name"        = "aws-test-infra-task"
          [32m+[0m[0m "Project"     = "aws-test-infra"
          [32m+[0m[0m "Purpose"     = "ECS task definition"
        }
      [32m+[0m[0m tags_all                 = {
          [32m+[0m[0m "CostCenter"  = "testing"
          [32m+[0m[0m "Environment" = "test"
          [32m+[0m[0m "ManagedBy"   = "terraform"
          [32m+[0m[0m "Name"        = "aws-test-infra-task"
          [32m+[0m[0m "Project"     = "aws-test-infra"
          [32m+[0m[0m "Purpose"     = "ECS task definition"
        }
      [32m+[0m[0m task_role_arn            = (known after apply)
      [32m+[0m[0m track_latest             = false
    }

[1m  # module.database[0].aws_db_instance.main[0][0m will be created
[0m  [32m+[0m[0m resource "aws_db_instance" "main" {
      [32m+[0m[0m address                               = (known after apply)
      [32m+[0m[0m allocated_storage                     = 20
      [32m+[0m[0m apply_immediately                     = false
      [32m+[0m[0m arn                                   = (known after apply)
      [32m+[0m[0m auto_minor_version_upgrade            = true
      [32m+[0m[0m availability_zone                     = (known after apply)
      [32m+[0m[0m backup_retention_period               = 7
      [32m+[0m[0m backup_target                         = (known after apply)
      [32m+[0m[0m backup_window                         = "03:00-04:00"
      [32m+[0m[0m ca_cert_identifier                    = (known after apply)
      [32m+[0m[0m character_set_name                    = (known after apply)
      [32m+[0m[0m copy_tags_to_snapshot                 = false
      [32m+[0m[0m database_insights_mode                = (known after apply)
      [32m+[0m[0m db_name                               = "testdb"
      [32m+[0m[0m db_subnet_group_name                  = "aws-test-infra-db-subnet-group"
      [32m+[0m[0m dedicated_log_volume                  = false
      [32m+[0m[0m delete_automated_backups              = true
      [32m+[0m[0m deletion_protection                   = false
      [32m+[0m[0m domain_fqdn                           = (known after apply)
      [32m+[0m[0m enabled_cloudwatch_logs_exports       = [
          [32m+[0m[0m "error",
          [32m+[0m[0m "general",
          [32m+[0m[0m "slowquery",
        ]
      [32m+[0m[0m endpoint                              = (known after apply)
      [32m+[0m[0m engine                                = "mysql"
      [32m+[0m[0m engine_lifecycle_support              = (known after apply)
      [32m+[0m[0m engine_version                        = "8.0"
      [32m+[0m[0m engine_version_actual                 = (known after apply)
      [32m+[0m[0m final_snapshot_identifier             = "aws-test-infra-mysql-final-snapshot"
      [32m+[0m[0m hosted_zone_id                        = (known after apply)
      [32m+[0m[0m id                                    = (known after apply)
      [32m+[0m[0m identifier                            = "aws-test-infra-mysql"
      [32m+[0m[0m identifier_prefix                     = (known after apply)
      [32m+[0m[0m instance_class                        = "db.t3.micro"
      [32m+[0m[0m iops                                  = (known after apply)
      [32m+[0m[0m kms_key_id                            = (known after apply)
      [32m+[0m[0m latest_restorable_time                = (known after apply)
      [32m+[0m[0m license_model                         = (known after apply)
      [32m+[0m[0m listener_endpoint                     = (known after apply)
      [32m+[0m[0m maintenance_window                    = "mon:04:00-mon:05:00"
      [32m+[0m[0m master_user_secret                    = (known after apply)
      [32m+[0m[0m master_user_secret_kms_key_id         = (known after apply)
      [32m+[0m[0m monitoring_interval                   = 0
      [32m+[0m[0m monitoring_role_arn                   = (known after apply)
      [32m+[0m[0m multi_az                              = (known after apply)
      [32m+[0m[0m nchar_character_set_name              = (known after apply)
      [32m+[0m[0m network_type                          = (known after apply)
      [32m+[0m[0m option_group_name                     = (known after apply)
      [32m+[0m[0m parameter_group_name                  = "aws-test-infra-mysql-params"
      [32m+[0m[0m password                              = (sensitive value)
      [32m+[0m[0m password_wo                           = (write-only attribute)
      [32m+[0m[0m performance_insights_enabled          = false
      [32m+[0m[0m performance_insights_kms_key_id       = (known after apply)
      [32m+[0m[0m performance_insights_retention_period = (known after apply)
      [32m+[0m[0m port                                  = (known after apply)
      [32m+[0m[0m publicly_accessible                   = false
      [32m+[0m[0m replica_mode                          = (known after apply)
      [32m+[0m[0m replicas                              = (known after apply)
      [32m+[0m[0m resource_id                           = (known after apply)
      [32m+[0m[0m skip_final_snapshot                   = true
      [32m+[0m[0m snapshot_identifier                   = (known after apply)
      [32m+[0m[0m status                                = (known after apply)
      [32m+[0m[0m storage_encrypted                     = true
      [32m+[0m[0m storage_throughput                    = (known after apply)
      [32m+[0m[0m storage_type                          = "gp3"
      [32m+[0m[0m tags                                  = {
          [32m+[0m[0m "CostCenter"  = "testing"
          [32m+[0m[0m "Engine"      = "mysql-8.0"
          [32m+[0m[0m "Environment" = "test"
          [32m+[0m[0m "ManagedBy"   = "terraform"
          [32m+[0m[0m "Name"        = "aws-test-infra-mysql"
          [32m+[0m[0m "Project"     = "aws-test-infra"
          [32m+[0m[0m "Purpose"     = "MySQL RDS instance for testing"
        }
      [32m+[0m[0m tags_all                              = {
          [32m+[0m[0m "CostCenter"  = "testing"
          [32m+[0m[0m "Engine"      = "mysql-8.0"
          [32m+[0m[0m "Environment" = "test"
          [32m+[0m[0m "ManagedBy"   = "terraform"
          [32m+[0m[0m "Name"        = "aws-test-infra-mysql"
          [32m+[0m[0m "Project"     = "aws-test-infra"
          [32m+[0m[0m "Purpose"     = "MySQL RDS instance for testing"
        }
      [32m+[0m[0m timezone                              = (known after apply)
      [32m+[0m[0m username                              = (sensitive value)
      [32m+[0m[0m vpc_security_group_ids                = (known after apply)
    }

[1m  # module.database[0].aws_db_parameter_group.main[0][0m will be created
[0m  [32m+[0m[0m resource "aws_db_parameter_group" "main" {
      [32m+[0m[0m arn          = (known after apply)
      [32m+[0m[0m description  = "Custom parameter group for aws-test-infra"
      [32m+[0m[0m family       = "mysql8.0"
      [32m+[0m[0m id           = (known after apply)
      [32m+[0m[0m name         = "aws-test-infra-mysql-params"
      [32m+[0m[0m name_prefix  = (known after apply)
      [32m+[0m[0m skip_destroy = false
      [32m+[0m[0m tags         = {
          [32m+[0m[0m "CostCenter"  = "testing"
          [32m+[0m[0m "Environment" = "test"
          [32m+[0m[0m "ManagedBy"   = "terraform"
          [32m+[0m[0m "Name"        = "aws-test-infra-mysql-params"
          [32m+[0m[0m "Project"     = "aws-test-infra"
          [32m+[0m[0m "Purpose"     = "RDS parameter group"
        }
      [32m+[0m[0m tags_all     = {
          [32m+[0m[0m "CostCenter"  = "testing"
          [32m+[0m[0m "Environment" = "test"
          [32m+[0m[0m "ManagedBy"   = "terraform"
          [32m+[0m[0m "Name"        = "aws-test-infra-mysql-params"
          [32m+[0m[0m "Project"     = "aws-test-infra"
          [32m+[0m[0m "Purpose"     = "RDS parameter group"
        }

      [32m+[0m[0m parameter {
          [32m+[0m[0m apply_method = "immediate"
          [32m+[0m[0m name         = "character_set_server"
          [32m+[0m[0m value        = "utf8mb4"
        }
      [32m+[0m[0m parameter {
          [32m+[0m[0m apply_method = "immediate"
          [32m+[0m[0m name         = "collation_server"
          [32m+[0m[0m value        = "utf8mb4_unicode_ci"
        }
    }

[1m  # module.database[0].aws_db_subnet_group.main[0][0m will be created
[0m  [32m+[0m[0m resource "aws_db_subnet_group" "main" {
      [32m+[0m[0m arn                     = (known after apply)
      [32m+[0m[0m description             = "Subnet group for aws-test-infra RDS instance"
      [32m+[0m[0m id                      = (known after apply)
      [32m+[0m[0m name                    = "aws-test-infra-db-subnet-group"
      [32m+[0m[0m name_prefix             = (known after apply)
      [32m+[0m[0m subnet_ids              = (known after apply)
      [32m+[0m[0m supported_network_types = (known after apply)
      [32m+[0m[0m tags                    = {
          [32m+[0m[0m "CostCenter"  = "testing"
          [32m+[0m[0m "Environment" = "test"
          [32m+[0m[0m "ManagedBy"   = "terraform"
          [32m+[0m[0m "Name"        = "aws-test-infra-db-subnet-group"
          [32m+[0m[0m "Project"     = "aws-test-infra"
          [32m+[0m[0m "Purpose"     = "RDS subnet group"
        }
      [32m+[0m[0m tags_all                = {
          [32m+[0m[0m "CostCenter"  = "testing"
          [32m+[0m[0m "Environment" = "test"
          [32m+[0m[0m "ManagedBy"   = "terraform"
          [32m+[0m[0m "Name"        = "aws-test-infra-db-subnet-group"
          [32m+[0m[0m "Project"     = "aws-test-infra"
          [32m+[0m[0m "Purpose"     = "RDS subnet group"
        }
      [32m+[0m[0m vpc_id                  = (known after apply)
    }

[1m  # module.database[0].aws_dynamodb_table.composite[0m will be created
[0m  [32m+[0m[0m resource "aws_dynamodb_table" "composite" {
      [32m+[0m[0m arn              = (known after apply)
      [32m+[0m[0m billing_mode     = "PAY_PER_REQUEST"
      [32m+[0m[0m hash_key         = "user_id"
      [32m+[0m[0m id               = (known after apply)
      [32m+[0m[0m name             = "aws-test-infra-composite-table"
      [32m+[0m[0m range_key        = "timestamp"
      [32m+[0m[0m read_capacity    = (known after apply)
      [32m+[0m[0m stream_arn       = (known after apply)
      [32m+[0m[0m stream_label     = (known after apply)
      [32m+[0m[0m stream_view_type = (known after apply)
      [32m+[0m[0m tags             = {
          [32m+[0m[0m "CostCenter"  = "testing"
          [32m+[0m[0m "Environment" = "test"
          [32m+[0m[0m "ManagedBy"   = "terraform"
          [32m+[0m[0m "Name"        = "aws-test-infra-composite-table"
          [32m+[0m[0m "Project"     = "aws-test-infra"
          [32m+[0m[0m "Purpose"     = "DynamoDB table with composite key and GSI"
          [32m+[0m[0m "Schema"      = "hash-range"
        }
      [32m+[0m[0m tags_all         = {
          [32m+[0m[0m "CostCenter"  = "testing"
          [32m+[0m[0m "Environment" = "test"
          [32m+[0m[0m "ManagedBy"   = "terraform"
          [32m+[0m[0m "Name"        = "aws-test-infra-composite-table"
          [32m+[0m[0m "Project"     = "aws-test-infra"
          [32m+[0m[0m "Purpose"     = "DynamoDB table with composite key and GSI"
          [32m+[0m[0m "Schema"      = "hash-range"
        }
      [32m+[0m[0m write_capacity   = (known after apply)

      [32m+[0m[0m attribute {
          [32m+[0m[0m name = "status"
          [32m+[0m[0m type = "S"
        }
      [32m+[0m[0m attribute {
          [32m+[0m[0m name = "timestamp"
          [32m+[0m[0m type = "N"
        }
      [32m+[0m[0m attribute {
          [32m+[0m[0m name = "user_id"
          [32m+[0m[0m type = "S"
        }

      [32m+[0m[0m global_secondary_index {
          [32m+[0m[0m hash_key           = "status"
          [32m+[0m[0m name               = "StatusIndex"
          [32m+[0m[0m non_key_attributes = []
          [32m+[0m[0m projection_type    = "ALL"
          [32m+[0m[0m range_key          = "timestamp"
          [32m+[0m[0m read_capacity      = (known after apply)
          [32m+[0m[0m write_capacity     = (known after apply)
        }

      [32m+[0m[0m point_in_time_recovery {
          [32m+[0m[0m enabled                 = true
          [32m+[0m[0m recovery_period_in_days = (known after apply)
        }

      [32m+[0m[0m server_side_encryption {
          [32m+[0m[0m enabled     = true
          [32m+[0m[0m kms_key_arn = (known after apply)
        }

      [32m+[0m[0m ttl (known after apply)
    }

[1m  # module.database[0].aws_dynamodb_table.simple[0m will be created
[0m  [32m+[0m[0m resource "aws_dynamodb_table" "simple" {
      [32m+[0m[0m arn              = (known after apply)
      [32m+[0m[0m billing_mode     = "PAY_PER_REQUEST"
      [32m+[0m[0m hash_key         = "id"
      [32m+[0m[0m id               = (known after apply)
      [32m+[0m[0m name             = "aws-test-infra-simple-table"
      [32m+[0m[0m read_capacity    = (known after apply)
      [32m+[0m[0m stream_arn       = (known after apply)
      [32m+[0m[0m stream_label     = (known after apply)
      [32m+[0m[0m stream_view_type = (known after apply)
      [32m+[0m[0m tags             = {
          [32m+[0m[0m "CostCenter"  = "testing"
          [32m+[0m[0m "Environment" = "test"
          [32m+[0m[0m "ManagedBy"   = "terraform"
          [32m+[0m[0m "Name"        = "aws-test-infra-simple-table"
          [32m+[0m[0m "Project"     = "aws-test-infra"
          [32m+[0m[0m "Purpose"     = "DynamoDB table with simple hash key"
          [32m+[0m[0m "Schema"      = "hash-only"
        }
      [32m+[0m[0m tags_all         = {
          [32m+[0m[0m "CostCenter"  = "testing"
          [32m+[0m[0m "Environment" = "test"
          [32m+[0m[0m "ManagedBy"   = "terraform"
          [32m+[0m[0m "Name"        = "aws-test-infra-simple-table"
          [32m+[0m[0m "Project"     = "aws-test-infra"
          [32m+[0m[0m "Purpose"     = "DynamoDB table with simple hash key"
          [32m+[0m[0m "Schema"      = "hash-only"
        }
      [32m+[0m[0m write_capacity   = (known after apply)

      [32m+[0m[0m attribute {
          [32m+[0m[0m name = "id"
          [32m+[0m[0m type = "S"
        }

      [32m+[0m[0m point_in_time_recovery {
          [32m+[0m[0m enabled                 = true
          [32m+[0m[0m recovery_period_in_days = (known after apply)
        }

      [32m+[0m[0m server_side_encryption {
          [32m+[0m[0m enabled     = true
          [32m+[0m[0m kms_key_arn = (known after apply)
        }

      [32m+[0m[0m ttl (known after apply)
    }

[1m  # module.messaging[0].aws_sns_topic.fifo[0m will be created
[0m  [32m+[0m[0m resource "aws_sns_topic" "fifo" {
      [32m+[0m[0m arn                         = (known after apply)
      [32m+[0m[0m beginning_archive_time      = (known after apply)
      [32m+[0m[0m content_based_deduplication = true
      [32m+[0m[0m display_name                = "aws-test-infra FIFO Topic"
      [32m+[0m[0m fifo_throughput_scope       = (known after apply)
      [32m+[0m[0m fifo_topic                  = true
      [32m+[0m[0m id                          = (known after apply)
      [32m+[0m[0m kms_master_key_id           = (known after apply)
      [32m+[0m[0m name                        = "aws-test-infra-fifo-topic.fifo"
      [32m+[0m[0m name_prefix                 = (known after apply)
      [32m+[0m[0m owner                       = (known after apply)
      [32m+[0m[0m policy                      = (known after apply)
      [32m+[0m[0m signature_version           = (known after apply)
      [32m+[0m[0m tags                        = {
          [32m+[0m[0m "CostCenter"  = "testing"
          [32m+[0m[0m "Environment" = "test"
          [32m+[0m[0m "ManagedBy"   = "terraform"
          [32m+[0m[0m "Name"        = "aws-test-infra-fifo-topic"
          [32m+[0m[0m "Project"     = "aws-test-infra"
          [32m+[0m[0m "Purpose"     = "FIFO SNS topic for ordered notifications"
          [32m+[0m[0m "Type"        = "fifo"
        }
      [32m+[0m[0m tags_all                    = {
          [32m+[0m[0m "CostCenter"  = "testing"
          [32m+[0m[0m "Environment" = "test"
          [32m+[0m[0m "ManagedBy"   = "terraform"
          [32m+[0m[0m "Name"        = "aws-test-infra-fifo-topic"
          [32m+[0m[0m "Project"     = "aws-test-infra"
          [32m+[0m[0m "Purpose"     = "FIFO SNS topic for ordered notifications"
          [32m+[0m[0m "Type"        = "fifo"
        }
      [32m+[0m[0m tracing_config              = (known after apply)
    }

[1m  # module.messaging[0].aws_sns_topic.standard[0m will be created
[0m  [32m+[0m[0m resource "aws_sns_topic" "standard" {
      [32m+[0m[0m arn                         = (known after apply)
      [32m+[0m[0m beginning_archive_time      = (known after apply)
      [32m+[0m[0m content_based_deduplication = false
      [32m+[0m[0m display_name                = "aws-test-infra Standard Topic"
      [32m+[0m[0m fifo_throughput_scope       = (known after apply)
      [32m+[0m[0m fifo_topic                  = false
      [32m+[0m[0m id                          = (known after apply)
      [32m+[0m[0m kms_master_key_id           = (known after apply)
      [32m+[0m[0m name                        = "aws-test-infra-standard-topic"
      [32m+[0m[0m name_prefix                 = (known after apply)
      [32m+[0m[0m owner                       = (known after apply)
      [32m+[0m[0m policy                      = (known after apply)
      [32m+[0m[0m signature_version           = (known after apply)
      [32m+[0m[0m tags                        = {
          [32m+[0m[0m "CostCenter"  = "testing"
          [32m+[0m[0m "Environment" = "test"
          [32m+[0m[0m "ManagedBy"   = "terraform"
          [32m+[0m[0m "Name"        = "aws-test-infra-standard-topic"
          [32m+[0m[0m "Project"     = "aws-test-infra"
          [32m+[0m[0m "Purpose"     = "Standard SNS topic for notifications"
          [32m+[0m[0m "Type"        = "standard"
        }
      [32m+[0m[0m tags_all                    = {
          [32m+[0m[0m "CostCenter"  = "testing"
          [32m+[0m[0m "Environment" = "test"
          [32m+[0m[0m "ManagedBy"   = "terraform"
          [32m+[0m[0m "Name"        = "aws-test-infra-standard-topic"
          [32m+[0m[0m "Project"     = "aws-test-infra"
          [32m+[0m[0m "Purpose"     = "Standard SNS topic for notifications"
          [32m+[0m[0m "Type"        = "standard"
        }
      [32m+[0m[0m tracing_config              = (known after apply)
    }

[1m  # module.messaging[0].aws_sns_topic_subscription.fifo_to_sqs[0m will be created
[0m  [32m+[0m[0m resource "aws_sns_topic_subscription" "fifo_to_sqs" {
      [32m+[0m[0m arn                             = (known after apply)
      [32m+[0m[0m confirmation_timeout_in_minutes = 1
      [32m+[0m[0m confirmation_was_authenticated  = (known after apply)
      [32m+[0m[0m endpoint                        = (known after apply)
      [32m+[0m[0m endpoint_auto_confirms          = false
      [32m+[0m[0m filter_policy_scope             = (known after apply)
      [32m+[0m[0m id                              = (known after apply)
      [32m+[0m[0m owner_id                        = (known after apply)
      [32m+[0m[0m pending_confirmation            = (known after apply)
      [32m+[0m[0m protocol                        = "sqs"
      [32m+[0m[0m raw_message_delivery            = false
      [32m+[0m[0m topic_arn                       = (known after apply)
    }

[1m  # module.messaging[0].aws_sns_topic_subscription.standard_to_sqs[0m will be created
[0m  [32m+[0m[0m resource "aws_sns_topic_subscription" "standard_to_sqs" {
      [32m+[0m[0m arn                             = (known after apply)
      [32m+[0m[0m confirmation_timeout_in_minutes = 1
      [32m+[0m[0m confirmation_was_authenticated  = (known after apply)
      [32m+[0m[0m endpoint                        = (known after apply)
      [32m+[0m[0m endpoint_auto_confirms          = false
      [32m+[0m[0m filter_policy_scope             = (known after apply)
      [32m+[0m[0m id                              = (known after apply)
      [32m+[0m[0m owner_id                        = (known after apply)
      [32m+[0m[0m pending_confirmation            = (known after apply)
      [32m+[0m[0m protocol                        = "sqs"
      [32m+[0m[0m raw_message_delivery            = false
      [32m+[0m[0m topic_arn                       = (known after apply)
    }

[1m  # module.messaging[0].aws_sqs_queue.fifo[0m will be created
[0m  [32m+[0m[0m resource "aws_sqs_queue" "fifo" {
      [32m+[0m[0m arn                               = (known after apply)
      [32m+[0m[0m content_based_deduplication       = true
      [32m+[0m[0m deduplication_scope               = (known after apply)
      [32m+[0m[0m delay_seconds                     = 0
      [32m+[0m[0m fifo_queue                        = true
      [32m+[0m[0m fifo_throughput_limit             = (known after apply)
      [32m+[0m[0m id                                = (known after apply)
      [32m+[0m[0m kms_data_key_reuse_period_seconds = 300
      [32m+[0m[0m kms_master_key_id                 = (known after apply)
      [32m+[0m[0m max_message_size                  = 262144
      [32m+[0m[0m message_retention_seconds         = 345600
      [32m+[0m[0m name                              = "aws-test-infra-fifo-queue.fifo"
      [32m+[0m[0m name_prefix                       = (known after apply)
      [32m+[0m[0m policy                            = (known after apply)
      [32m+[0m[0m receive_wait_time_seconds         = 10
      [32m+[0m[0m redrive_allow_policy              = (known after apply)
      [32m+[0m[0m redrive_policy                    = (known after apply)
      [32m+[0m[0m sqs_managed_sse_enabled           = (known after apply)
      [32m+[0m[0m tags                              = {
          [32m+[0m[0m "CostCenter"  = "testing"
          [32m+[0m[0m "Environment" = "test"
          [32m+[0m[0m "ManagedBy"   = "terraform"
          [32m+[0m[0m "Name"        = "aws-test-infra-fifo-queue"
          [32m+[0m[0m "Project"     = "aws-test-infra"
          [32m+[0m[0m "Purpose"     = "FIFO SQS queue for ordered message processing"
          [32m+[0m[0m "Type"        = "fifo"
        }
      [32m+[0m[0m tags_all                          = {
          [32m+[0m[0m "CostCenter"  = "testing"
          [32m+[0m[0m "Environment" = "test"
          [32m+[0m[0m "ManagedBy"   = "terraform"
          [32m+[0m[0m "Name"        = "aws-test-infra-fifo-queue"
          [32m+[0m[0m "Project"     = "aws-test-infra"
          [32m+[0m[0m "Purpose"     = "FIFO SQS queue for ordered message processing"
          [32m+[0m[0m "Type"        = "fifo"
        }
      [32m+[0m[0m url                               = (known after apply)
      [32m+[0m[0m visibility_timeout_seconds        = 30
    }

[1m  # module.messaging[0].aws_sqs_queue.standard[0m will be created
[0m  [32m+[0m[0m resource "aws_sqs_queue" "standard" {
      [32m+[0m[0m arn                               = (known after apply)
      [32m+[0m[0m content_based_deduplication       = false
      [32m+[0m[0m deduplication_scope               = (known after apply)
      [32m+[0m[0m delay_seconds                     = 0
      [32m+[0m[0m fifo_queue                        = false
      [32m+[0m[0m fifo_throughput_limit             = (known after apply)
      [32m+[0m[0m id                                = (known after apply)
      [32m+[0m[0m kms_data_key_reuse_period_seconds = 300
      [32m+[0m[0m kms_master_key_id                 = (known after apply)
      [32m+[0m[0m max_message_size                  = 262144
      [32m+[0m[0m message_retention_seconds         = 345600
      [32m+[0m[0m name                              = "aws-test-infra-standard-queue"
      [32m+[0m[0m name_prefix                       = (known after apply)
      [32m+[0m[0m policy                            = (known after apply)
      [32m+[0m[0m receive_wait_time_seconds         = 10
      [32m+[0m[0m redrive_allow_policy              = (known after apply)
      [32m+[0m[0m redrive_policy                    = (known after apply)
      [32m+[0m[0m sqs_managed_sse_enabled           = (known after apply)
      [32m+[0m[0m tags                              = {
          [32m+[0m[0m "CostCenter"  = "testing"
          [32m+[0m[0m "Environment" = "test"
          [32m+[0m[0m "ManagedBy"   = "terraform"
          [32m+[0m[0m "Name"        = "aws-test-infra-standard-queue"
          [32m+[0m[0m "Project"     = "aws-test-infra"
          [32m+[0m[0m "Purpose"     = "Standard SQS queue for message processing"
          [32m+[0m[0m "Type"        = "standard"
        }
      [32m+[0m[0m tags_all                          = {
          [32m+[0m[0m "CostCenter"  = "testing"
          [32m+[0m[0m "Environment" = "test"
          [32m+[0m[0m "ManagedBy"   = "terraform"
          [32m+[0m[0m "Name"        = "aws-test-infra-standard-queue"
          [32m+[0m[0m "Project"     = "aws-test-infra"
          [32m+[0m[0m "Purpose"     = "Standard SQS queue for message processing"
          [32m+[0m[0m "Type"        = "standard"
        }
      [32m+[0m[0m url                               = (known after apply)
      [32m+[0m[0m visibility_timeout_seconds        = 30
    }

[1m  # module.messaging[0].aws_sqs_queue.standard_dlq[0m will be created
[0m  [32m+[0m[0m resource "aws_sqs_queue" "standard_dlq" {
      [32m+[0m[0m arn                               = (known after apply)
      [32m+[0m[0m content_based_deduplication       = false
      [32m+[0m[0m deduplication_scope               = (known after apply)
      [32m+[0m[0m delay_seconds                     = 0
      [32m+[0m[0m fifo_queue                        = false
      [32m+[0m[0m fifo_throughput_limit             = (known after apply)
      [32m+[0m[0m id                                = (known after apply)
      [32m+[0m[0m kms_data_key_reuse_period_seconds = 300
      [32m+[0m[0m kms_master_key_id                 = (known after apply)
      [32m+[0m[0m max_message_size                  = 262144
      [32m+[0m[0m message_retention_seconds         = 1209600
      [32m+[0m[0m name                              = "aws-test-infra-standard-dlq"
      [32m+[0m[0m name_prefix                       = (known after apply)
      [32m+[0m[0m policy                            = (known after apply)
      [32m+[0m[0m receive_wait_time_seconds         = 0
      [32m+[0m[0m redrive_allow_policy              = (known after apply)
      [32m+[0m[0m redrive_policy                    = (known after apply)
      [32m+[0m[0m sqs_managed_sse_enabled           = (known after apply)
      [32m+[0m[0m tags                              = {
          [32m+[0m[0m "CostCenter"  = "testing"
          [32m+[0m[0m "Environment" = "test"
          [32m+[0m[0m "ManagedBy"   = "terraform"
          [32m+[0m[0m "Name"        = "aws-test-infra-standard-dlq"
          [32m+[0m[0m "Project"     = "aws-test-infra"
          [32m+[0m[0m "Purpose"     = "Dead letter queue for failed messages"
          [32m+[0m[0m "Type"        = "dlq"
        }
      [32m+[0m[0m tags_all                          = {
          [32m+[0m[0m "CostCenter"  = "testing"
          [32m+[0m[0m "Environment" = "test"
          [32m+[0m[0m "ManagedBy"   = "terraform"
          [32m+[0m[0m "Name"        = "aws-test-infra-standard-dlq"
          [32m+[0m[0m "Project"     = "aws-test-infra"
          [32m+[0m[0m "Purpose"     = "Dead letter queue for failed messages"
          [32m+[0m[0m "Type"        = "dlq"
        }
      [32m+[0m[0m url                               = (known after apply)
      [32m+[0m[0m visibility_timeout_seconds        = 30
    }

[1m  # module.messaging[0].aws_sqs_queue_policy.fifo[0m will be created
[0m  [32m+[0m[0m resource "aws_sqs_queue_policy" "fifo" {
      [32m+[0m[0m id        = (known after apply)
      [32m+[0m[0m policy    = (known after apply)
      [32m+[0m[0m queue_url = (known after apply)
    }

[1m  # module.messaging[0].aws_sqs_queue_policy.standard[0m will be created
[0m  [32m+[0m[0m resource "aws_sqs_queue_policy" "standard" {
      [32m+[0m[0m id        = (known after apply)
      [32m+[0m[0m policy    = (known after apply)
      [32m+[0m[0m queue_url = (known after apply)
    }

[1m  # module.messaging[0].aws_sqs_queue_redrive_policy.standard[0m will be created
[0m  [32m+[0m[0m resource "aws_sqs_queue_redrive_policy" "standard" {
      [32m+[0m[0m id             = (known after apply)
      [32m+[0m[0m queue_url      = (known after apply)
      [32m+[0m[0m redrive_policy = (known after apply)
    }

[1m  # module.monitoring[0].data.aws_caller_identity.current[0m will be read during apply
  # (depends on a resource or a module with changes pending)
[0m [36m<=[0m[0m data "aws_caller_identity" "current" {
      [32m+[0m[0m account_id = (known after apply)
      [32m+[0m[0m arn        = (known after apply)
      [32m+[0m[0m id         = (known after apply)
      [32m+[0m[0m user_id    = (known after apply)
    }

[1m  # module.monitoring[0].data.aws_region.current[0m will be read during apply
  # (depends on a resource or a module with changes pending)
[0m [36m<=[0m[0m data "aws_region" "current" {
      [32m+[0m[0m description = (known after apply)
      [32m+[0m[0m endpoint    = (known after apply)
      [32m+[0m[0m id          = (known after apply)
      [32m+[0m[0m name        = (known after apply)
    }

[1m  # module.monitoring[0].aws_cloudtrail.main[0m will be created
[0m  [32m+[0m[0m resource "aws_cloudtrail" "main" {
      [32m+[0m[0m arn                           = (known after apply)
      [32m+[0m[0m enable_log_file_validation    = true
      [32m+[0m[0m enable_logging                = true
      [32m+[0m[0m home_region                   = (known after apply)
      [32m+[0m[0m id                            = (known after apply)
      [32m+[0m[0m include_global_service_events = true
      [32m+[0m[0m is_multi_region_trail         = true
      [32m+[0m[0m is_organization_trail         = false
      [32m+[0m[0m name                          = "aws-test-infra-trail"
      [32m+[0m[0m s3_bucket_name                = (known after apply)
      [32m+[0m[0m sns_topic_arn                 = (known after apply)
      [32m+[0m[0m tags                          = {
          [32m+[0m[0m "CostCenter"  = "testing"
          [32m+[0m[0m "Environment" = "test"
          [32m+[0m[0m "ManagedBy"   = "terraform"
          [32m+[0m[0m "Name"        = "aws-test-infra-trail"
          [32m+[0m[0m "Project"     = "aws-test-infra"
          [32m+[0m[0m "Purpose"     = "CloudTrail for API logging"
        }
      [32m+[0m[0m tags_all                      = {
          [32m+[0m[0m "CostCenter"  = "testing"
          [32m+[0m[0m "Environment" = "test"
          [32m+[0m[0m "ManagedBy"   = "terraform"
          [32m+[0m[0m "Name"        = "aws-test-infra-trail"
          [32m+[0m[0m "Project"     = "aws-test-infra"
          [32m+[0m[0m "Purpose"     = "CloudTrail for API logging"
        }

      [32m+[0m[0m event_selector {
          [32m+[0m[0m include_management_events = true
          [32m+[0m[0m read_write_type           = "All"

          [32m+[0m[0m data_resource {
              [32m+[0m[0m type   = "AWS::S3::Object"
              [32m+[0m[0m values = [
                  [32m+[0m[0m "arn:aws:s3:::",
                ]
            }
          [32m+[0m[0m data_resource {
              [32m+[0m[0m type   = "AWS::Lambda::Function"
              [32m+[0m[0m values = [
                  [32m+[0m[0m "arn:aws:lambda",
                ]
            }
        }
    }

[1m  # module.monitoring[0].aws_cloudwatch_dashboard.main[0m will be created
[0m  [32m+[0m[0m resource "aws_cloudwatch_dashboard" "main" {
      [32m+[0m[0m dashboard_arn  = (known after apply)
      [32m+[0m[0m dashboard_body = (known after apply)
      [32m+[0m[0m dashboard_name = "aws-test-infra-dashboard"
      [32m+[0m[0m id             = (known after apply)
    }

[1m  # module.monitoring[0].aws_cloudwatch_log_group.ec2[0m will be created
[0m  [32m+[0m[0m resource "aws_cloudwatch_log_group" "ec2" {
      [32m+[0m[0m arn               = (known after apply)
      [32m+[0m[0m id                = (known after apply)
      [32m+[0m[0m log_group_class   = (known after apply)
      [32m+[0m[0m name              = "/aws/ec2/aws-test-infra"
      [32m+[0m[0m name_prefix       = (known after apply)
      [32m+[0m[0m retention_in_days = 7
      [32m+[0m[0m skip_destroy      = false
      [32m+[0m[0m tags              = {
          [32m+[0m[0m "CostCenter"  = "testing"
          [32m+[0m[0m "Environment" = "test"
          [32m+[0m[0m "ManagedBy"   = "terraform"
          [32m+[0m[0m "Name"        = "/aws/ec2/aws-test-infra"
          [32m+[0m[0m "Project"     = "aws-test-infra"
          [32m+[0m[0m "Purpose"     = "Log group for EC2 instances"
        }
      [32m+[0m[0m tags_all          = {
          [32m+[0m[0m "CostCenter"  = "testing"
          [32m+[0m[0m "Environment" = "test"
          [32m+[0m[0m "ManagedBy"   = "terraform"
          [32m+[0m[0m "Name"        = "/aws/ec2/aws-test-infra"
          [32m+[0m[0m "Project"     = "aws-test-infra"
          [32m+[0m[0m "Purpose"     = "Log group for EC2 instances"
        }
    }

[1m  # module.monitoring[0].aws_cloudwatch_log_group.lambda[0][0m will be created
[0m  [32m+[0m[0m resource "aws_cloudwatch_log_group" "lambda" {
      [32m+[0m[0m arn               = (known after apply)
      [32m+[0m[0m id                = (known after apply)
      [32m+[0m[0m log_group_class   = (known after apply)
      [32m+[0m[0m name              = "/aws/lambda/aws-test-infra-python-function"
      [32m+[0m[0m name_prefix       = (known after apply)
      [32m+[0m[0m retention_in_days = 7
      [32m+[0m[0m skip_destroy      = false
      [32m+[0m[0m tags              = {
          [32m+[0m[0m "CostCenter"  = "testing"
          [32m+[0m[0m "Environment" = "test"
          [32m+[0m[0m "ManagedBy"   = "terraform"
          [32m+[0m[0m "Name"        = "/aws/lambda/aws-test-infra-python-function"
          [32m+[0m[0m "Project"     = "aws-test-infra"
          [32m+[0m[0m "Purpose"     = "Log group for Lambda function"
        }
      [32m+[0m[0m tags_all          = {
          [32m+[0m[0m "CostCenter"  = "testing"
          [32m+[0m[0m "Environment" = "test"
          [32m+[0m[0m "ManagedBy"   = "terraform"
          [32m+[0m[0m "Name"        = "/aws/lambda/aws-test-infra-python-function"
          [32m+[0m[0m "Project"     = "aws-test-infra"
          [32m+[0m[0m "Purpose"     = "Log group for Lambda function"
        }
    }

[1m  # module.monitoring[0].aws_cloudwatch_log_group.lambda[1][0m will be created
[0m  [32m+[0m[0m resource "aws_cloudwatch_log_group" "lambda" {
      [32m+[0m[0m arn               = (known after apply)
      [32m+[0m[0m id                = (known after apply)
      [32m+[0m[0m log_group_class   = (known after apply)
      [32m+[0m[0m name              = "/aws/lambda/aws-test-infra-nodejs-function"
      [32m+[0m[0m name_prefix       = (known after apply)
      [32m+[0m[0m retention_in_days = 7
      [32m+[0m[0m skip_destroy      = false
      [32m+[0m[0m tags              = {
          [32m+[0m[0m "CostCenter"  = "testing"
          [32m+[0m[0m "Environment" = "test"
          [32m+[0m[0m "ManagedBy"   = "terraform"
          [32m+[0m[0m "Name"        = "/aws/lambda/aws-test-infra-nodejs-function"
          [32m+[0m[0m "Project"     = "aws-test-infra"
          [32m+[0m[0m "Purpose"     = "Log group for Lambda function"
        }
      [32m+[0m[0m tags_all          = {
          [32m+[0m[0m "CostCenter"  = "testing"
          [32m+[0m[0m "Environment" = "test"
          [32m+[0m[0m "ManagedBy"   = "terraform"
          [32m+[0m[0m "Name"        = "/aws/lambda/aws-test-infra-nodejs-function"
          [32m+[0m[0m "Project"     = "aws-test-infra"
          [32m+[0m[0m "Purpose"     = "Log group for Lambda function"
        }
    }

[1m  # module.monitoring[0].aws_cloudwatch_metric_alarm.ec2_cpu[0][0m will be created
[0m  [32m+[0m[0m resource "aws_cloudwatch_metric_alarm" "ec2_cpu" {
      [32m+[0m[0m actions_enabled                       = true
      [32m+[0m[0m alarm_actions                         = (known after apply)
      [32m+[0m[0m alarm_description                     = "This metric monitors EC2 CPU utilization"
      [32m+[0m[0m alarm_name                            = "aws-test-infra-ec2-high-cpu-0"
      [32m+[0m[0m arn                                   = (known after apply)
      [32m+[0m[0m comparison_operator                   = "GreaterThanThreshold"
      [32m+[0m[0m dimensions                            = (known after apply)
      [32m+[0m[0m evaluate_low_sample_count_percentiles = (known after apply)
      [32m+[0m[0m evaluation_periods                    = 2
      [32m+[0m[0m id                                    = (known after apply)
      [32m+[0m[0m metric_name                           = "CPUUtilization"
      [32m+[0m[0m namespace                             = "AWS/EC2"
      [32m+[0m[0m period                                = 300
      [32m+[0m[0m statistic                             = "Average"
      [32m+[0m[0m tags                                  = {
          [32m+[0m[0m "CostCenter"  = "testing"
          [32m+[0m[0m "Environment" = "test"
          [32m+[0m[0m "ManagedBy"   = "terraform"
          [32m+[0m[0m "Name"        = "aws-test-infra-ec2-high-cpu-0"
          [32m+[0m[0m "Project"     = "aws-test-infra"
          [32m+[0m[0m "Purpose"     = "EC2 CPU utilization alarm"
        }
      [32m+[0m[0m tags_all                              = {
          [32m+[0m[0m "CostCenter"  = "testing"
          [32m+[0m[0m "Environment" = "test"
          [32m+[0m[0m "ManagedBy"   = "terraform"
          [32m+[0m[0m "Name"        = "aws-test-infra-ec2-high-cpu-0"
          [32m+[0m[0m "Project"     = "aws-test-infra"
          [32m+[0m[0m "Purpose"     = "EC2 CPU utilization alarm"
        }
      [32m+[0m[0m threshold                             = 80
      [32m+[0m[0m treat_missing_data                    = "missing"
    }

[1m  # module.monitoring[0].aws_cloudwatch_metric_alarm.lambda_errors[0][0m will be created
[0m  [32m+[0m[0m resource "aws_cloudwatch_metric_alarm" "lambda_errors" {
      [32m+[0m[0m actions_enabled                       = true
      [32m+[0m[0m alarm_actions                         = (known after apply)
      [32m+[0m[0m alarm_description                     = "This metric monitors Lambda function errors"
      [32m+[0m[0m alarm_name                            = "aws-test-infra-lambda-errors-0"
      [32m+[0m[0m arn                                   = (known after apply)
      [32m+[0m[0m comparison_operator                   = "GreaterThanThreshold"
      [32m+[0m[0m dimensions                            = {
          [32m+[0m[0m "FunctionName" = "aws-test-infra-python-function"
        }
      [32m+[0m[0m evaluate_low_sample_count_percentiles = (known after apply)
      [32m+[0m[0m evaluation_periods                    = 1
      [32m+[0m[0m id                                    = (known after apply)
      [32m+[0m[0m metric_name                           = "Errors"
      [32m+[0m[0m namespace                             = "AWS/Lambda"
      [32m+[0m[0m period                                = 300
      [32m+[0m[0m statistic                             = "Sum"
      [32m+[0m[0m tags                                  = {
          [32m+[0m[0m "CostCenter"  = "testing"
          [32m+[0m[0m "Environment" = "test"
          [32m+[0m[0m "ManagedBy"   = "terraform"
          [32m+[0m[0m "Name"        = "aws-test-infra-lambda-errors-0"
          [32m+[0m[0m "Project"     = "aws-test-infra"
          [32m+[0m[0m "Purpose"     = "Lambda error alarm"
        }
      [32m+[0m[0m tags_all                              = {
          [32m+[0m[0m "CostCenter"  = "testing"
          [32m+[0m[0m "Environment" = "test"
          [32m+[0m[0m "ManagedBy"   = "terraform"
          [32m+[0m[0m "Name"        = "aws-test-infra-lambda-errors-0"
          [32m+[0m[0m "Project"     = "aws-test-infra"
          [32m+[0m[0m "Purpose"     = "Lambda error alarm"
        }
      [32m+[0m[0m threshold                             = 5
      [32m+[0m[0m treat_missing_data                    = "notBreaching"
    }

[1m  # module.monitoring[0].aws_cloudwatch_metric_alarm.lambda_errors[1][0m will be created
[0m  [32m+[0m[0m resource "aws_cloudwatch_metric_alarm" "lambda_errors" {
      [32m+[0m[0m actions_enabled                       = true
      [32m+[0m[0m alarm_actions                         = (known after apply)
      [32m+[0m[0m alarm_description                     = "This metric monitors Lambda function errors"
      [32m+[0m[0m alarm_name                            = "aws-test-infra-lambda-errors-1"
      [32m+[0m[0m arn                                   = (known after apply)
      [32m+[0m[0m comparison_operator                   = "GreaterThanThreshold"
      [32m+[0m[0m dimensions                            = {
          [32m+[0m[0m "FunctionName" = "aws-test-infra-nodejs-function"
        }
      [32m+[0m[0m evaluate_low_sample_count_percentiles = (known after apply)
      [32m+[0m[0m evaluation_periods                    = 1
      [32m+[0m[0m id                                    = (known after apply)
      [32m+[0m[0m metric_name                           = "Errors"
      [32m+[0m[0m namespace                             = "AWS/Lambda"
      [32m+[0m[0m period                                = 300
      [32m+[0m[0m statistic                             = "Sum"
      [32m+[0m[0m tags                                  = {
          [32m+[0m[0m "CostCenter"  = "testing"
          [32m+[0m[0m "Environment" = "test"
          [32m+[0m[0m "ManagedBy"   = "terraform"
          [32m+[0m[0m "Name"        = "aws-test-infra-lambda-errors-1"
          [32m+[0m[0m "Project"     = "aws-test-infra"
          [32m+[0m[0m "Purpose"     = "Lambda error alarm"
        }
      [32m+[0m[0m tags_all                              = {
          [32m+[0m[0m "CostCenter"  = "testing"
          [32m+[0m[0m "Environment" = "test"
          [32m+[0m[0m "ManagedBy"   = "terraform"
          [32m+[0m[0m "Name"        = "aws-test-infra-lambda-errors-1"
          [32m+[0m[0m "Project"     = "aws-test-infra"
          [32m+[0m[0m "Purpose"     = "Lambda error alarm"
        }
      [32m+[0m[0m threshold                             = 5
      [32m+[0m[0m treat_missing_data                    = "notBreaching"
    }

[1m  # module.monitoring[0].aws_s3_bucket.cloudtrail[0m will be created
[0m  [32m+[0m[0m resource "aws_s3_bucket" "cloudtrail" {
      [32m+[0m[0m acceleration_status         = (known after apply)
      [32m+[0m[0m acl                         = (known after apply)
      [32m+[0m[0m arn                         = (known after apply)
      [32m+[0m[0m bucket                      = (known after apply)
      [32m+[0m[0m bucket_domain_name          = (known after apply)
      [32m+[0m[0m bucket_prefix               = (known after apply)
      [32m+[0m[0m bucket_regional_domain_name = (known after apply)
      [32m+[0m[0m force_destroy               = true
      [32m+[0m[0m hosted_zone_id              = (known after apply)
      [32m+[0m[0m id                          = (known after apply)
      [32m+[0m[0m object_lock_enabled         = (known after apply)
      [32m+[0m[0m policy                      = (known after apply)
      [32m+[0m[0m region                      = (known after apply)
      [32m+[0m[0m request_payer               = (known after apply)
      [32m+[0m[0m tags                        = {
          [32m+[0m[0m "CostCenter"  = "testing"
          [32m+[0m[0m "Environment" = "test"
          [32m+[0m[0m "ManagedBy"   = "terraform"
          [32m+[0m[0m "Name"        = "aws-test-infra-cloudtrail-logs"
          [32m+[0m[0m "Project"     = "aws-test-infra"
          [32m+[0m[0m "Purpose"     = "S3 bucket for CloudTrail logs"
        }
      [32m+[0m[0m tags_all                    = {
          [32m+[0m[0m "CostCenter"  = "testing"
          [32m+[0m[0m "Environment" = "test"
          [32m+[0m[0m "ManagedBy"   = "terraform"
          [32m+[0m[0m "Name"        = "aws-test-infra-cloudtrail-logs"
          [32m+[0m[0m "Project"     = "aws-test-infra"
          [32m+[0m[0m "Purpose"     = "S3 bucket for CloudTrail logs"
        }
      [32m+[0m[0m website_domain              = (known after apply)
      [32m+[0m[0m website_endpoint            = (known after apply)

      [32m+[0m[0m cors_rule (known after apply)

      [32m+[0m[0m grant (known after apply)

      [32m+[0m[0m lifecycle_rule (known after apply)

      [32m+[0m[0m logging (known after apply)

      [32m+[0m[0m object_lock_configuration (known after apply)

      [32m+[0m[0m replication_configuration (known after apply)

      [32m+[0m[0m server_side_encryption_configuration (known after apply)

      [32m+[0m[0m versioning (known after apply)

      [32m+[0m[0m website (known after apply)
    }

[1m  # module.monitoring[0].aws_s3_bucket_policy.cloudtrail[0m will be created
[0m  [32m+[0m[0m resource "aws_s3_bucket_policy" "cloudtrail" {
      [32m+[0m[0m bucket = (known after apply)
      [32m+[0m[0m id     = (known after apply)
      [32m+[0m[0m policy = (known after apply)
    }

[1m  # module.monitoring[0].aws_s3_bucket_public_access_block.cloudtrail[0m will be created
[0m  [32m+[0m[0m resource "aws_s3_bucket_public_access_block" "cloudtrail" {
      [32m+[0m[0m block_public_acls       = true
      [32m+[0m[0m block_public_policy     = true
      [32m+[0m[0m bucket                  = (known after apply)
      [32m+[0m[0m id                      = (known after apply)
      [32m+[0m[0m ignore_public_acls      = true
      [32m+[0m[0m restrict_public_buckets = true
    }

[1m  # module.networking[0].aws_internet_gateway.main[0m will be created
[0m  [32m+[0m[0m resource "aws_internet_gateway" "main" {
      [32m+[0m[0m arn      = (known after apply)
      [32m+[0m[0m id       = (known after apply)
      [32m+[0m[0m owner_id = (known after apply)
      [32m+[0m[0m tags     = {
          [32m+[0m[0m "CostCenter"  = "testing"
          [32m+[0m[0m "Environment" = "test"
          [32m+[0m[0m "ManagedBy"   = "terraform"
          [32m+[0m[0m "Name"        = "aws-test-infra-igw"
          [32m+[0m[0m "Project"     = "aws-test-infra"
          [32m+[0m[0m "Purpose"     = "Internet access for public subnets"
        }
      [32m+[0m[0m tags_all = {
          [32m+[0m[0m "CostCenter"  = "testing"
          [32m+[0m[0m "Environment" = "test"
          [32m+[0m[0m "ManagedBy"   = "terraform"
          [32m+[0m[0m "Name"        = "aws-test-infra-igw"
          [32m+[0m[0m "Project"     = "aws-test-infra"
          [32m+[0m[0m "Purpose"     = "Internet access for public subnets"
        }
      [32m+[0m[0m vpc_id   = (known after apply)
    }

[1m  # module.networking[0].aws_network_acl.private[0m will be created
[0m  [32m+[0m[0m resource "aws_network_acl" "private" {
      [32m+[0m[0m arn        = (known after apply)
      [32m+[0m[0m egress     = [
          [32m+[0m[0m {
              [32m+[0m[0m action          = "allow"
              [32m+[0m[0m cidr_block      = "0.0.0.0/0"
              [32m+[0m[0m from_port       = 0
              [32m+[0m[0m protocol        = "-1"
              [32m+[0m[0m rule_no         = 100
              [32m+[0m[0m to_port         = 0
                [90m# (1 unchanged attribute hidden)[0m[0m
            },
        ]
      [32m+[0m[0m id         = (known after apply)
      [32m+[0m[0m ingress    = [
          [32m+[0m[0m {
              [32m+[0m[0m action          = "allow"
              [32m+[0m[0m cidr_block      = "0.0.0.0/0"
              [32m+[0m[0m from_port       = 1024
              [32m+[0m[0m protocol        = "tcp"
              [32m+[0m[0m rule_no         = 110
              [32m+[0m[0m to_port         = 65535
                [90m# (1 unchanged attribute hidden)[0m[0m
            },
          [32m+[0m[0m {
              [32m+[0m[0m action          = "allow"
              [32m+[0m[0m cidr_block      = "10.0.0.0/16"
              [32m+[0m[0m from_port       = 0
              [32m+[0m[0m protocol        = "-1"
              [32m+[0m[0m rule_no         = 100
              [32m+[0m[0m to_port         = 0
                [90m# (1 unchanged attribute hidden)[0m[0m
            },
        ]
      [32m+[0m[0m owner_id   = (known after apply)
      [32m+[0m[0m subnet_ids = (known after apply)
      [32m+[0m[0m tags       = {
          [32m+[0m[0m "CostCenter"  = "testing"
          [32m+[0m[0m "Environment" = "test"
          [32m+[0m[0m "ManagedBy"   = "terraform"
          [32m+[0m[0m "Name"        = "aws-test-infra-private-nacl"
          [32m+[0m[0m "Project"     = "aws-test-infra"
          [32m+[0m[0m "Purpose"     = "Network ACL for private subnets"
        }
      [32m+[0m[0m tags_all   = {
          [32m+[0m[0m "CostCenter"  = "testing"
          [32m+[0m[0m "Environment" = "test"
          [32m+[0m[0m "ManagedBy"   = "terraform"
          [32m+[0m[0m "Name"        = "aws-test-infra-private-nacl"
          [32m+[0m[0m "Project"     = "aws-test-infra"
          [32m+[0m[0m "Purpose"     = "Network ACL for private subnets"
        }
      [32m+[0m[0m vpc_id     = (known after apply)
    }

[1m  # module.networking[0].aws_network_acl.public[0m will be created
[0m  [32m+[0m[0m resource "aws_network_acl" "public" {
      [32m+[0m[0m arn        = (known after apply)
      [32m+[0m[0m egress     = [
          [32m+[0m[0m {
              [32m+[0m[0m action          = "allow"
              [32m+[0m[0m cidr_block      = "0.0.0.0/0"
              [32m+[0m[0m from_port       = 0
              [32m+[0m[0m protocol        = "-1"
              [32m+[0m[0m rule_no         = 100
              [32m+[0m[0m to_port         = 0
                [90m# (1 unchanged attribute hidden)[0m[0m
            },
        ]
      [32m+[0m[0m id         = (known after apply)
      [32m+[0m[0m ingress    = [
          [32m+[0m[0m {
              [32m+[0m[0m action          = "allow"
              [32m+[0m[0m cidr_block      = "0.0.0.0/0"
              [32m+[0m[0m from_port       = 1024
              [32m+[0m[0m protocol        = "tcp"
              [32m+[0m[0m rule_no         = 130
              [32m+[0m[0m to_port         = 65535
                [90m# (1 unchanged attribute hidden)[0m[0m
            },
          [32m+[0m[0m {
              [32m+[0m[0m action          = "allow"
              [32m+[0m[0m cidr_block      = "0.0.0.0/0"
              [32m+[0m[0m from_port       = 22
              [32m+[0m[0m protocol        = "tcp"
              [32m+[0m[0m rule_no         = 120
              [32m+[0m[0m to_port         = 22
                [90m# (1 unchanged attribute hidden)[0m[0m
            },
          [32m+[0m[0m {
              [32m+[0m[0m action          = "allow"
              [32m+[0m[0m cidr_block      = "0.0.0.0/0"
              [32m+[0m[0m from_port       = 443
              [32m+[0m[0m protocol        = "tcp"
              [32m+[0m[0m rule_no         = 110
              [32m+[0m[0m to_port         = 443
                [90m# (1 unchanged attribute hidden)[0m[0m
            },
          [32m+[0m[0m {
              [32m+[0m[0m action          = "allow"
              [32m+[0m[0m cidr_block      = "0.0.0.0/0"
              [32m+[0m[0m from_port       = 80
              [32m+[0m[0m protocol        = "tcp"
              [32m+[0m[0m rule_no         = 100
              [32m+[0m[0m to_port         = 80
                [90m# (1 unchanged attribute hidden)[0m[0m
            },
        ]
      [32m+[0m[0m owner_id   = (known after apply)
      [32m+[0m[0m subnet_ids = (known after apply)
      [32m+[0m[0m tags       = {
          [32m+[0m[0m "CostCenter"  = "testing"
          [32m+[0m[0m "Environment" = "test"
          [32m+[0m[0m "ManagedBy"   = "terraform"
          [32m+[0m[0m "Name"        = "aws-test-infra-public-nacl"
          [32m+[0m[0m "Project"     = "aws-test-infra"
          [32m+[0m[0m "Purpose"     = "Network ACL for public subnets"
        }
      [32m+[0m[0m tags_all   = {
          [32m+[0m[0m "CostCenter"  = "testing"
          [32m+[0m[0m "Environment" = "test"
          [32m+[0m[0m "ManagedBy"   = "terraform"
          [32m+[0m[0m "Name"        = "aws-test-infra-public-nacl"
          [32m+[0m[0m "Project"     = "aws-test-infra"
          [32m+[0m[0m "Purpose"     = "Network ACL for public subnets"
        }
      [32m+[0m[0m vpc_id     = (known after apply)
    }

[1m  # module.networking[0].aws_route_table.private[0][0m will be created
[0m  [32m+[0m[0m resource "aws_route_table" "private" {
      [32m+[0m[0m arn              = (known after apply)
      [32m+[0m[0m id               = (known after apply)
      [32m+[0m[0m owner_id         = (known after apply)
      [32m+[0m[0m propagating_vgws = (known after apply)
      [32m+[0m[0m route            = (known after apply)
      [32m+[0m[0m tags             = {
          [32m+[0m[0m "CostCenter"  = "testing"
          [32m+[0m[0m "Environment" = "test"
          [32m+[0m[0m "ManagedBy"   = "terraform"
          [32m+[0m[0m "Name"        = "aws-test-infra-private-rt-1"
          [32m+[0m[0m "Project"     = "aws-test-infra"
          [32m+[0m[0m "Purpose"     = "Route table for private subnets"
        }
      [32m+[0m[0m tags_all         = {
          [32m+[0m[0m "CostCenter"  = "testing"
          [32m+[0m[0m "Environment" = "test"
          [32m+[0m[0m "ManagedBy"   = "terraform"
          [32m+[0m[0m "Name"        = "aws-test-infra-private-rt-1"
          [32m+[0m[0m "Project"     = "aws-test-infra"
          [32m+[0m[0m "Purpose"     = "Route table for private subnets"
        }
      [32m+[0m[0m vpc_id           = (known after apply)
    }

[1m  # module.networking[0].aws_route_table.public[0m will be created
[0m  [32m+[0m[0m resource "aws_route_table" "public" {
      [32m+[0m[0m arn              = (known after apply)
      [32m+[0m[0m id               = (known after apply)
      [32m+[0m[0m owner_id         = (known after apply)
      [32m+[0m[0m propagating_vgws = (known after apply)
      [32m+[0m[0m route            = [
          [32m+[0m[0m {
              [32m+[0m[0m cidr_block                 = "0.0.0.0/0"
              [32m+[0m[0m gateway_id                 = (known after apply)
                [90m# (11 unchanged attributes hidden)[0m[0m
            },
        ]
      [32m+[0m[0m tags             = {
          [32m+[0m[0m "CostCenter"  = "testing"
          [32m+[0m[0m "Environment" = "test"
          [32m+[0m[0m "ManagedBy"   = "terraform"
          [32m+[0m[0m "Name"        = "aws-test-infra-public-rt"
          [32m+[0m[0m "Project"     = "aws-test-infra"
          [32m+[0m[0m "Purpose"     = "Route table for public subnets"
        }
      [32m+[0m[0m tags_all         = {
          [32m+[0m[0m "CostCenter"  = "testing"
          [32m+[0m[0m "Environment" = "test"
          [32m+[0m[0m "ManagedBy"   = "terraform"
          [32m+[0m[0m "Name"        = "aws-test-infra-public-rt"
          [32m+[0m[0m "Project"     = "aws-test-infra"
          [32m+[0m[0m "Purpose"     = "Route table for public subnets"
        }
      [32m+[0m[0m vpc_id           = (known after apply)
    }

[1m  # module.networking[0].aws_route_table_association.private[0][0m will be created
[0m  [32m+[0m[0m resource "aws_route_table_association" "private" {
      [32m+[0m[0m id             = (known after apply)
      [32m+[0m[0m route_table_id = (known after apply)
      [32m+[0m[0m subnet_id      = (known after apply)
    }

[1m  # module.networking[0].aws_route_table_association.private[1][0m will be created
[0m  [32m+[0m[0m resource "aws_route_table_association" "private" {
      [32m+[0m[0m id             = (known after apply)
      [32m+[0m[0m route_table_id = (known after apply)
      [32m+[0m[0m subnet_id      = (known after apply)
    }

[1m  # module.networking[0].aws_route_table_association.public[0][0m will be created
[0m  [32m+[0m[0m resource "aws_route_table_association" "public" {
      [32m+[0m[0m id             = (known after apply)
      [32m+[0m[0m route_table_id = (known after apply)
      [32m+[0m[0m subnet_id      = (known after apply)
    }

[1m  # module.networking[0].aws_route_table_association.public[1][0m will be created
[0m  [32m+[0m[0m resource "aws_route_table_association" "public" {
      [32m+[0m[0m id             = (known after apply)
      [32m+[0m[0m route_table_id = (known after apply)
      [32m+[0m[0m subnet_id      = (known after apply)
    }

[1m  # module.networking[0].aws_security_group.database[0m will be created
[0m  [32m+[0m[0m resource "aws_security_group" "database" {
      [32m+[0m[0m arn                    = (known after apply)
      [32m+[0m[0m description            = "Security group for database instances"
      [32m+[0m[0m egress                 = [
          [32m+[0m[0m {
              [32m+[0m[0m cidr_blocks      = [
                  [32m+[0m[0m "0.0.0.0/0",
                ]
              [32m+[0m[0m description      = "Allow all outbound traffic"
              [32m+[0m[0m from_port        = 0
              [32m+[0m[0m ipv6_cidr_blocks = []
              [32m+[0m[0m prefix_list_ids  = []
              [32m+[0m[0m protocol         = "-1"
              [32m+[0m[0m security_groups  = []
              [32m+[0m[0m self             = false
              [32m+[0m[0m to_port          = 0
            },
        ]
      [32m+[0m[0m id                     = (known after apply)
      [32m+[0m[0m ingress                = [
          [32m+[0m[0m {
              [32m+[0m[0m cidr_blocks      = []
              [32m+[0m[0m description      = "MySQL/Aurora from web security group"
              [32m+[0m[0m from_port        = 3306
              [32m+[0m[0m ipv6_cidr_blocks = []
              [32m+[0m[0m prefix_list_ids  = []
              [32m+[0m[0m protocol         = "tcp"
              [32m+[0m[0m security_groups  = (known after apply)
              [32m+[0m[0m self             = false
              [32m+[0m[0m to_port          = 3306
            },
          [32m+[0m[0m {
              [32m+[0m[0m cidr_blocks      = []
              [32m+[0m[0m description      = "PostgreSQL from web security group"
              [32m+[0m[0m from_port        = 5432
              [32m+[0m[0m ipv6_cidr_blocks = []
              [32m+[0m[0m prefix_list_ids  = []
              [32m+[0m[0m protocol         = "tcp"
              [32m+[0m[0m security_groups  = (known after apply)
              [32m+[0m[0m self             = false
              [32m+[0m[0m to_port          = 5432
            },
        ]
      [32m+[0m[0m name                   = "aws-test-infra-database-sg"
      [32m+[0m[0m name_prefix            = (known after apply)
      [32m+[0m[0m owner_id               = (known after apply)
      [32m+[0m[0m revoke_rules_on_delete = false
      [32m+[0m[0m tags                   = {
          [32m+[0m[0m "CostCenter"  = "testing"
          [32m+[0m[0m "Environment" = "test"
          [32m+[0m[0m "ManagedBy"   = "terraform"
          [32m+[0m[0m "Name"        = "aws-test-infra-database-sg"
          [32m+[0m[0m "Project"     = "aws-test-infra"
          [32m+[0m[0m "Purpose"     = "Security group for database resources"
        }
      [32m+[0m[0m tags_all               = {
          [32m+[0m[0m "CostCenter"  = "testing"
          [32m+[0m[0m "Environment" = "test"
          [32m+[0m[0m "ManagedBy"   = "terraform"
          [32m+[0m[0m "Name"        = "aws-test-infra-database-sg"
          [32m+[0m[0m "Project"     = "aws-test-infra"
          [32m+[0m[0m "Purpose"     = "Security group for database resources"
        }
      [32m+[0m[0m vpc_id                 = (known after apply)
    }

[1m  # module.networking[0].aws_security_group.ecs[0m will be created
[0m  [32m+[0m[0m resource "aws_security_group" "ecs" {
      [32m+[0m[0m arn                    = (known after apply)
      [32m+[0m[0m description            = "Security group for ECS tasks"
      [32m+[0m[0m egress                 = [
          [32m+[0m[0m {
              [32m+[0m[0m cidr_blocks      = [
                  [32m+[0m[0m "0.0.0.0/0",
                ]
              [32m+[0m[0m description      = "Allow all outbound traffic"
              [32m+[0m[0m from_port        = 0
              [32m+[0m[0m ipv6_cidr_blocks = []
              [32m+[0m[0m prefix_list_ids  = []
              [32m+[0m[0m protocol         = "-1"
              [32m+[0m[0m security_groups  = []
              [32m+[0m[0m self             = false
              [32m+[0m[0m to_port          = 0
            },
        ]
      [32m+[0m[0m id                     = (known after apply)
      [32m+[0m[0m ingress                = [
          [32m+[0m[0m {
              [32m+[0m[0m cidr_blocks      = []
              [32m+[0m[0m description      = "Custom app port from web security group"
              [32m+[0m[0m from_port        = 8080
              [32m+[0m[0m ipv6_cidr_blocks = []
              [32m+[0m[0m prefix_list_ids  = []
              [32m+[0m[0m protocol         = "tcp"
              [32m+[0m[0m security_groups  = (known after apply)
              [32m+[0m[0m self             = false
              [32m+[0m[0m to_port          = 8080
            },
          [32m+[0m[0m {
              [32m+[0m[0m cidr_blocks      = []
              [32m+[0m[0m description      = "HTTP from web security group"
              [32m+[0m[0m from_port        = 80
              [32m+[0m[0m ipv6_cidr_blocks = []
              [32m+[0m[0m prefix_list_ids  = []
              [32m+[0m[0m protocol         = "tcp"
              [32m+[0m[0m security_groups  = (known after apply)
              [32m+[0m[0m self             = false
              [32m+[0m[0m to_port          = 80
            },
        ]
      [32m+[0m[0m name                   = "aws-test-infra-ecs-sg"
      [32m+[0m[0m name_prefix            = (known after apply)
      [32m+[0m[0m owner_id               = (known after apply)
      [32m+[0m[0m revoke_rules_on_delete = false
      [32m+[0m[0m tags                   = {
          [32m+[0m[0m "CostCenter"  = "testing"
          [32m+[0m[0m "Environment" = "test"
          [32m+[0m[0m "ManagedBy"   = "terraform"
          [32m+[0m[0m "Name"        = "aws-test-infra-ecs-sg"
          [32m+[0m[0m "Project"     = "aws-test-infra"
          [32m+[0m[0m "Purpose"     = "Security group for ECS tasks"
        }
      [32m+[0m[0m tags_all               = {
          [32m+[0m[0m "CostCenter"  = "testing"
          [32m+[0m[0m "Environment" = "test"
          [32m+[0m[0m "ManagedBy"   = "terraform"
          [32m+[0m[0m "Name"        = "aws-test-infra-ecs-sg"
          [32m+[0m[0m "Project"     = "aws-test-infra"
          [32m+[0m[0m "Purpose"     = "Security group for ECS tasks"
        }
      [32m+[0m[0m vpc_id                 = (known after apply)
    }

[1m  # module.networking[0].aws_security_group.lambda[0m will be created
[0m  [32m+[0m[0m resource "aws_security_group" "lambda" {
      [32m+[0m[0m arn                    = (known after apply)
      [32m+[0m[0m description            = "Security group for Lambda functions in VPC"
      [32m+[0m[0m egress                 = [
          [32m+[0m[0m {
              [32m+[0m[0m cidr_blocks      = [
                  [32m+[0m[0m "0.0.0.0/0",
                ]
              [32m+[0m[0m description      = "Allow all outbound traffic"
              [32m+[0m[0m from_port        = 0
              [32m+[0m[0m ipv6_cidr_blocks = []
              [32m+[0m[0m prefix_list_ids  = []
              [32m+[0m[0m protocol         = "-1"
              [32m+[0m[0m security_groups  = []
              [32m+[0m[0m self             = false
              [32m+[0m[0m to_port          = 0
            },
        ]
      [32m+[0m[0m id                     = (known after apply)
      [32m+[0m[0m ingress                = (known after apply)
      [32m+[0m[0m name                   = "aws-test-infra-lambda-sg"
      [32m+[0m[0m name_prefix            = (known after apply)
      [32m+[0m[0m owner_id               = (known after apply)
      [32m+[0m[0m revoke_rules_on_delete = false
      [32m+[0m[0m tags                   = {
          [32m+[0m[0m "CostCenter"  = "testing"
          [32m+[0m[0m "Environment" = "test"
          [32m+[0m[0m "ManagedBy"   = "terraform"
          [32m+[0m[0m "Name"        = "aws-test-infra-lambda-sg"
          [32m+[0m[0m "Project"     = "aws-test-infra"
          [32m+[0m[0m "Purpose"     = "Security group for Lambda functions"
        }
      [32m+[0m[0m tags_all               = {
          [32m+[0m[0m "CostCenter"  = "testing"
          [32m+[0m[0m "Environment" = "test"
          [32m+[0m[0m "ManagedBy"   = "terraform"
          [32m+[0m[0m "Name"        = "aws-test-infra-lambda-sg"
          [32m+[0m[0m "Project"     = "aws-test-infra"
          [32m+[0m[0m "Purpose"     = "Security group for Lambda functions"
        }
      [32m+[0m[0m vpc_id                 = (known after apply)
    }

[1m  # module.networking[0].aws_security_group.vpc_endpoints[0][0m will be created
[0m  [32m+[0m[0m resource "aws_security_group" "vpc_endpoints" {
      [32m+[0m[0m arn                    = (known after apply)
      [32m+[0m[0m description            = "Security group for VPC interface endpoints"
      [32m+[0m[0m egress                 = [
          [32m+[0m[0m {
              [32m+[0m[0m cidr_blocks      = [
                  [32m+[0m[0m "0.0.0.0/0",
                ]
              [32m+[0m[0m description      = "Allow all outbound traffic"
              [32m+[0m[0m from_port        = 0
              [32m+[0m[0m ipv6_cidr_blocks = []
              [32m+[0m[0m prefix_list_ids  = []
              [32m+[0m[0m protocol         = "-1"
              [32m+[0m[0m security_groups  = []
              [32m+[0m[0m self             = false
              [32m+[0m[0m to_port          = 0
            },
        ]
      [32m+[0m[0m id                     = (known after apply)
      [32m+[0m[0m ingress                = [
          [32m+[0m[0m {
              [32m+[0m[0m cidr_blocks      = [
                  [32m+[0m[0m "10.0.0.0/16",
                ]
              [32m+[0m[0m description      = "HTTPS from VPC"
              [32m+[0m[0m from_port        = 443
              [32m+[0m[0m ipv6_cidr_blocks = []
              [32m+[0m[0m prefix_list_ids  = []
              [32m+[0m[0m protocol         = "tcp"
              [32m+[0m[0m security_groups  = []
              [32m+[0m[0m self             = false
              [32m+[0m[0m to_port          = 443
            },
        ]
      [32m+[0m[0m name                   = "aws-test-infra-vpc-endpoints-sg"
      [32m+[0m[0m name_prefix            = (known after apply)
      [32m+[0m[0m owner_id               = (known after apply)
      [32m+[0m[0m revoke_rules_on_delete = false
      [32m+[0m[0m tags                   = {
          [32m+[0m[0m "CostCenter"  = "testing"
          [32m+[0m[0m "Environment" = "test"
          [32m+[0m[0m "ManagedBy"   = "terraform"
          [32m+[0m[0m "Name"        = "aws-test-infra-vpc-endpoints-sg"
          [32m+[0m[0m "Project"     = "aws-test-infra"
          [32m+[0m[0m "Purpose"     = "Security group for VPC endpoints"
        }
      [32m+[0m[0m tags_all               = {
          [32m+[0m[0m "CostCenter"  = "testing"
          [32m+[0m[0m "Environment" = "test"
          [32m+[0m[0m "ManagedBy"   = "terraform"
          [32m+[0m[0m "Name"        = "aws-test-infra-vpc-endpoints-sg"
          [32m+[0m[0m "Project"     = "aws-test-infra"
          [32m+[0m[0m "Purpose"     = "Security group for VPC endpoints"
        }
      [32m+[0m[0m vpc_id                 = (known after apply)
    }

[1m  # module.networking[0].aws_security_group.web[0m will be created
[0m  [32m+[0m[0m resource "aws_security_group" "web" {
      [32m+[0m[0m arn                    = (known after apply)
      [32m+[0m[0m description            = "Security group for web servers and load balancers"
      [32m+[0m[0m egress                 = [
          [32m+[0m[0m {
              [32m+[0m[0m cidr_blocks      = [
                  [32m+[0m[0m "0.0.0.0/0",
                ]
              [32m+[0m[0m description      = "Allow all outbound traffic"
              [32m+[0m[0m from_port        = 0
              [32m+[0m[0m ipv6_cidr_blocks = []
              [32m+[0m[0m prefix_list_ids  = []
              [32m+[0m[0m protocol         = "-1"
              [32m+[0m[0m security_groups  = []
              [32m+[0m[0m self             = false
              [32m+[0m[0m to_port          = 0
            },
        ]
      [32m+[0m[0m id                     = (known after apply)
      [32m+[0m[0m ingress                = [
          [32m+[0m[0m {
              [32m+[0m[0m cidr_blocks      = [
                  [32m+[0m[0m "0.0.0.0/0",
                ]
              [32m+[0m[0m description      = "HTTP from anywhere"
              [32m+[0m[0m from_port        = 80
              [32m+[0m[0m ipv6_cidr_blocks = []
              [32m+[0m[0m prefix_list_ids  = []
              [32m+[0m[0m protocol         = "tcp"
              [32m+[0m[0m security_groups  = []
              [32m+[0m[0m self             = false
              [32m+[0m[0m to_port          = 80
            },
          [32m+[0m[0m {
              [32m+[0m[0m cidr_blocks      = [
                  [32m+[0m[0m "0.0.0.0/0",
                ]
              [32m+[0m[0m description      = "HTTPS from anywhere"
              [32m+[0m[0m from_port        = 443
              [32m+[0m[0m ipv6_cidr_blocks = []
              [32m+[0m[0m prefix_list_ids  = []
              [32m+[0m[0m protocol         = "tcp"
              [32m+[0m[0m security_groups  = []
              [32m+[0m[0m self             = false
              [32m+[0m[0m to_port          = 443
            },
          [32m+[0m[0m {
              [32m+[0m[0m cidr_blocks      = [
                  [32m+[0m[0m "0.0.0.0/0",
                ]
              [32m+[0m[0m description      = "SSH from anywhere (for testing only)"
              [32m+[0m[0m from_port        = 22
              [32m+[0m[0m ipv6_cidr_blocks = []
              [32m+[0m[0m prefix_list_ids  = []
              [32m+[0m[0m protocol         = "tcp"
              [32m+[0m[0m security_groups  = []
              [32m+[0m[0m self             = false
              [32m+[0m[0m to_port          = 22
            },
        ]
      [32m+[0m[0m name                   = "aws-test-infra-web-sg"
      [32m+[0m[0m name_prefix            = (known after apply)
      [32m+[0m[0m owner_id               = (known after apply)
      [32m+[0m[0m revoke_rules_on_delete = false
      [32m+[0m[0m tags                   = {
          [32m+[0m[0m "CostCenter"  = "testing"
          [32m+[0m[0m "Environment" = "test"
          [32m+[0m[0m "ManagedBy"   = "terraform"
          [32m+[0m[0m "Name"        = "aws-test-infra-web-sg"
          [32m+[0m[0m "Project"     = "aws-test-infra"
          [32m+[0m[0m "Purpose"     = "Security group for web-facing resources"
        }
      [32m+[0m[0m tags_all               = {
          [32m+[0m[0m "CostCenter"  = "testing"
          [32m+[0m[0m "Environment" = "test"
          [32m+[0m[0m "ManagedBy"   = "terraform"
          [32m+[0m[0m "Name"        = "aws-test-infra-web-sg"
          [32m+[0m[0m "Project"     = "aws-test-infra"
          [32m+[0m[0m "Purpose"     = "Security group for web-facing resources"
        }
      [32m+[0m[0m vpc_id                 = (known after apply)
    }

[1m  # module.networking[0].aws_subnet.private[0][0m will be created
[0m  [32m+[0m[0m resource "aws_subnet" "private" {
      [32m+[0m[0m arn                                            = (known after apply)
      [32m+[0m[0m assign_ipv6_address_on_creation                = false
      [32m+[0m[0m availability_zone                              = "ap-south-1a"
      [32m+[0m[0m availability_zone_id                           = (known after apply)
      [32m+[0m[0m cidr_block                                     = "10.0.2.0/24"
      [32m+[0m[0m enable_dns64                                   = false
      [32m+[0m[0m enable_resource_name_dns_a_record_on_launch    = false
      [32m+[0m[0m enable_resource_name_dns_aaaa_record_on_launch = false
      [32m+[0m[0m id                                             = (known after apply)
      [32m+[0m[0m ipv6_cidr_block_association_id                 = (known after apply)
      [32m+[0m[0m ipv6_native                                    = false
      [32m+[0m[0m map_public_ip_on_launch                        = false
      [32m+[0m[0m owner_id                                       = (known after apply)
      [32m+[0m[0m private_dns_hostname_type_on_launch            = (known after apply)
      [32m+[0m[0m tags                                           = {
          [32m+[0m[0m "CostCenter"  = "testing"
          [32m+[0m[0m "Environment" = "test"
          [32m+[0m[0m "ManagedBy"   = "terraform"
          [32m+[0m[0m "Name"        = "aws-test-infra-private-subnet-1"
          [32m+[0m[0m "Project"     = "aws-test-infra"
          [32m+[0m[0m "Purpose"     = "Private subnet for internal resources"
          [32m+[0m[0m "Tier"        = "Private"
        }
      [32m+[0m[0m tags_all                                       = {
          [32m+[0m[0m "CostCenter"  = "testing"
          [32m+[0m[0m "Environment" = "test"
          [32m+[0m[0m "ManagedBy"   = "terraform"
          [32m+[0m[0m "Name"        = "aws-test-infra-private-subnet-1"
          [32m+[0m[0m "Project"     = "aws-test-infra"
          [32m+[0m[0m "Purpose"     = "Private subnet for internal resources"
          [32m+[0m[0m "Tier"        = "Private"
        }
      [32m+[0m[0m vpc_id                                         = (known after apply)
    }

[1m  # module.networking[0].aws_subnet.private[1][0m will be created
[0m  [32m+[0m[0m resource "aws_subnet" "private" {
      [32m+[0m[0m arn                                            = (known after apply)
      [32m+[0m[0m assign_ipv6_address_on_creation                = false
      [32m+[0m[0m availability_zone                              = "ap-south-1b"
      [32m+[0m[0m availability_zone_id                           = (known after apply)
      [32m+[0m[0m cidr_block                                     = "10.0.3.0/24"
      [32m+[0m[0m enable_dns64                                   = false
      [32m+[0m[0m enable_resource_name_dns_a_record_on_launch    = false
      [32m+[0m[0m enable_resource_name_dns_aaaa_record_on_launch = false
      [32m+[0m[0m id                                             = (known after apply)
      [32m+[0m[0m ipv6_cidr_block_association_id                 = (known after apply)
      [32m+[0m[0m ipv6_native                                    = false
      [32m+[0m[0m map_public_ip_on_launch                        = false
      [32m+[0m[0m owner_id                                       = (known after apply)
      [32m+[0m[0m private_dns_hostname_type_on_launch            = (known after apply)
      [32m+[0m[0m tags                                           = {
          [32m+[0m[0m "CostCenter"  = "testing"
          [32m+[0m[0m "Environment" = "test"
          [32m+[0m[0m "ManagedBy"   = "terraform"
          [32m+[0m[0m "Name"        = "aws-test-infra-private-subnet-2"
          [32m+[0m[0m "Project"     = "aws-test-infra"
          [32m+[0m[0m "Purpose"     = "Private subnet for internal resources"
          [32m+[0m[0m "Tier"        = "Private"
        }
      [32m+[0m[0m tags_all                                       = {
          [32m+[0m[0m "CostCenter"  = "testing"
          [32m+[0m[0m "Environment" = "test"
          [32m+[0m[0m "ManagedBy"   = "terraform"
          [32m+[0m[0m "Name"        = "aws-test-infra-private-subnet-2"
          [32m+[0m[0m "Project"     = "aws-test-infra"
          [32m+[0m[0m "Purpose"     = "Private subnet for internal resources"
          [32m+[0m[0m "Tier"        = "Private"
        }
      [32m+[0m[0m vpc_id                                         = (known after apply)
    }

[1m  # module.networking[0].aws_subnet.public[0][0m will be created
[0m  [32m+[0m[0m resource "aws_subnet" "public" {
      [32m+[0m[0m arn                                            = (known after apply)
      [32m+[0m[0m assign_ipv6_address_on_creation                = false
      [32m+[0m[0m availability_zone                              = "ap-south-1a"
      [32m+[0m[0m availability_zone_id                           = (known after apply)
      [32m+[0m[0m cidr_block                                     = "10.0.0.0/24"
      [32m+[0m[0m enable_dns64                                   = false
      [32m+[0m[0m enable_resource_name_dns_a_record_on_launch    = false
      [32m+[0m[0m enable_resource_name_dns_aaaa_record_on_launch = false
      [32m+[0m[0m id                                             = (known after apply)
      [32m+[0m[0m ipv6_cidr_block_association_id                 = (known after apply)
      [32m+[0m[0m ipv6_native                                    = false
      [32m+[0m[0m map_public_ip_on_launch                        = true
      [32m+[0m[0m owner_id                                       = (known after apply)
      [32m+[0m[0m private_dns_hostname_type_on_launch            = (known after apply)
      [32m+[0m[0m tags                                           = {
          [32m+[0m[0m "CostCenter"  = "testing"
          [32m+[0m[0m "Environment" = "test"
          [32m+[0m[0m "ManagedBy"   = "terraform"
          [32m+[0m[0m "Name"        = "aws-test-infra-public-subnet-1"
          [32m+[0m[0m "Project"     = "aws-test-infra"
          [32m+[0m[0m "Purpose"     = "Public subnet for internet-facing resources"
          [32m+[0m[0m "Tier"        = "Public"
        }
      [32m+[0m[0m tags_all                                       = {
          [32m+[0m[0m "CostCenter"  = "testing"
          [32m+[0m[0m "Environment" = "test"
          [32m+[0m[0m "ManagedBy"   = "terraform"
          [32m+[0m[0m "Name"        = "aws-test-infra-public-subnet-1"
          [32m+[0m[0m "Project"     = "aws-test-infra"
          [32m+[0m[0m "Purpose"     = "Public subnet for internet-facing resources"
          [32m+[0m[0m "Tier"        = "Public"
        }
      [32m+[0m[0m vpc_id                                         = (known after apply)
    }

[1m  # module.networking[0].aws_subnet.public[1][0m will be created
[0m  [32m+[0m[0m resource "aws_subnet" "public" {
      [32m+[0m[0m arn                                            = (known after apply)
      [32m+[0m[0m assign_ipv6_address_on_creation                = false
      [32m+[0m[0m availability_zone                              = "ap-south-1b"
      [32m+[0m[0m availability_zone_id                           = (known after apply)
      [32m+[0m[0m cidr_block                                     = "10.0.1.0/24"
      [32m+[0m[0m enable_dns64                                   = false
      [32m+[0m[0m enable_resource_name_dns_a_record_on_launch    = false
      [32m+[0m[0m enable_resource_name_dns_aaaa_record_on_launch = false
      [32m+[0m[0m id                                             = (known after apply)
      [32m+[0m[0m ipv6_cidr_block_association_id                 = (known after apply)
      [32m+[0m[0m ipv6_native                                    = false
      [32m+[0m[0m map_public_ip_on_launch                        = true
      [32m+[0m[0m owner_id                                       = (known after apply)
      [32m+[0m[0m private_dns_hostname_type_on_launch            = (known after apply)
      [32m+[0m[0m tags                                           = {
          [32m+[0m[0m "CostCenter"  = "testing"
          [32m+[0m[0m "Environment" = "test"
          [32m+[0m[0m "ManagedBy"   = "terraform"
          [32m+[0m[0m "Name"        = "aws-test-infra-public-subnet-2"
          [32m+[0m[0m "Project"     = "aws-test-infra"
          [32m+[0m[0m "Purpose"     = "Public subnet for internet-facing resources"
          [32m+[0m[0m "Tier"        = "Public"
        }
      [32m+[0m[0m tags_all                                       = {
          [32m+[0m[0m "CostCenter"  = "testing"
          [32m+[0m[0m "Environment" = "test"
          [32m+[0m[0m "ManagedBy"   = "terraform"
          [32m+[0m[0m "Name"        = "aws-test-infra-public-subnet-2"
          [32m+[0m[0m "Project"     = "aws-test-infra"
          [32m+[0m[0m "Purpose"     = "Public subnet for internet-facing resources"
          [32m+[0m[0m "Tier"        = "Public"
        }
      [32m+[0m[0m vpc_id                                         = (known after apply)
    }

[1m  # module.networking[0].aws_vpc.main[0m will be created
[0m  [32m+[0m[0m resource "aws_vpc" "main" {
      [32m+[0m[0m arn                                  = (known after apply)
      [32m+[0m[0m cidr_block                           = "10.0.0.0/16"
      [32m+[0m[0m default_network_acl_id               = (known after apply)
      [32m+[0m[0m default_route_table_id               = (known after apply)
      [32m+[0m[0m default_security_group_id            = (known after apply)
      [32m+[0m[0m dhcp_options_id                      = (known after apply)
      [32m+[0m[0m enable_dns_hostnames                 = true
      [32m+[0m[0m enable_dns_support                   = true
      [32m+[0m[0m enable_network_address_usage_metrics = (known after apply)
      [32m+[0m[0m id                                   = (known after apply)
      [32m+[0m[0m instance_tenancy                     = "default"
      [32m+[0m[0m ipv6_association_id                  = (known after apply)
      [32m+[0m[0m ipv6_cidr_block                      = (known after apply)
      [32m+[0m[0m ipv6_cidr_block_network_border_group = (known after apply)
      [32m+[0m[0m main_route_table_id                  = (known after apply)
      [32m+[0m[0m owner_id                             = (known after apply)
      [32m+[0m[0m tags                                 = {
          [32m+[0m[0m "CostCenter"  = "testing"
          [32m+[0m[0m "Environment" = "test"
          [32m+[0m[0m "ManagedBy"   = "terraform"
          [32m+[0m[0m "Name"        = "aws-test-infra-vpc"
          [32m+[0m[0m "Project"     = "aws-test-infra"
          [32m+[0m[0m "Purpose"     = "Main VPC for test infrastructure"
        }
      [32m+[0m[0m tags_all                             = {
          [32m+[0m[0m "CostCenter"  = "testing"
          [32m+[0m[0m "Environment" = "test"
          [32m+[0m[0m "ManagedBy"   = "terraform"
          [32m+[0m[0m "Name"        = "aws-test-infra-vpc"
          [32m+[0m[0m "Project"     = "aws-test-infra"
          [32m+[0m[0m "Purpose"     = "Main VPC for test infrastructure"
        }
    }

[1m  # module.networking[0].aws_vpc_endpoint.dynamodb[0][0m will be created
[0m  [32m+[0m[0m resource "aws_vpc_endpoint" "dynamodb" {
      [32m+[0m[0m arn                   = (known after apply)
      [32m+[0m[0m cidr_blocks           = (known after apply)
      [32m+[0m[0m dns_entry             = (known after apply)
      [32m+[0m[0m id                    = (known after apply)
      [32m+[0m[0m ip_address_type       = (known after apply)
      [32m+[0m[0m network_interface_ids = (known after apply)
      [32m+[0m[0m owner_id              = (known after apply)
      [32m+[0m[0m policy                = (known after apply)
      [32m+[0m[0m prefix_list_id        = (known after apply)
      [32m+[0m[0m private_dns_enabled   = (known after apply)
      [32m+[0m[0m requester_managed     = (known after apply)
      [32m+[0m[0m route_table_ids       = (known after apply)
      [32m+[0m[0m security_group_ids    = (known after apply)
      [32m+[0m[0m service_name          = "com.amazonaws.ap-south-1.dynamodb"
      [32m+[0m[0m service_region        = (known after apply)
      [32m+[0m[0m state                 = (known after apply)
      [32m+[0m[0m subnet_ids            = (known after apply)
      [32m+[0m[0m tags                  = {
          [32m+[0m[0m "CostCenter"  = "testing"
          [32m+[0m[0m "Environment" = "test"
          [32m+[0m[0m "ManagedBy"   = "terraform"
          [32m+[0m[0m "Name"        = "aws-test-infra-dynamodb-endpoint"
          [32m+[0m[0m "Project"     = "aws-test-infra"
          [32m+[0m[0m "Purpose"     = "VPC Gateway Endpoint for DynamoDB"
        }
      [32m+[0m[0m tags_all              = {
          [32m+[0m[0m "CostCenter"  = "testing"
          [32m+[0m[0m "Environment" = "test"
          [32m+[0m[0m "ManagedBy"   = "terraform"
          [32m+[0m[0m "Name"        = "aws-test-infra-dynamodb-endpoint"
          [32m+[0m[0m "Project"     = "aws-test-infra"
          [32m+[0m[0m "Purpose"     = "VPC Gateway Endpoint for DynamoDB"
        }
      [32m+[0m[0m vpc_endpoint_type     = "Gateway"
      [32m+[0m[0m vpc_id                = (known after apply)

      [32m+[0m[0m dns_options (known after apply)

      [32m+[0m[0m subnet_configuration (known after apply)
    }

[1m  # module.networking[0].aws_vpc_endpoint.lambda[0][0m will be created
[0m  [32m+[0m[0m resource "aws_vpc_endpoint" "lambda" {
      [32m+[0m[0m arn                   = (known after apply)
      [32m+[0m[0m cidr_blocks           = (known after apply)
      [32m+[0m[0m dns_entry             = (known after apply)
      [32m+[0m[0m id                    = (known after apply)
      [32m+[0m[0m ip_address_type       = (known after apply)
      [32m+[0m[0m network_interface_ids = (known after apply)
      [32m+[0m[0m owner_id              = (known after apply)
      [32m+[0m[0m policy                = (known after apply)
      [32m+[0m[0m prefix_list_id        = (known after apply)
      [32m+[0m[0m private_dns_enabled   = true
      [32m+[0m[0m requester_managed     = (known after apply)
      [32m+[0m[0m route_table_ids       = (known after apply)
      [32m+[0m[0m security_group_ids    = (known after apply)
      [32m+[0m[0m service_name          = "com.amazonaws.ap-south-1.lambda"
      [32m+[0m[0m service_region        = (known after apply)
      [32m+[0m[0m state                 = (known after apply)
      [32m+[0m[0m subnet_ids            = (known after apply)
      [32m+[0m[0m tags                  = {
          [32m+[0m[0m "CostCenter"  = "testing"
          [32m+[0m[0m "Environment" = "test"
          [32m+[0m[0m "ManagedBy"   = "terraform"
          [32m+[0m[0m "Name"        = "aws-test-infra-lambda-endpoint"
          [32m+[0m[0m "Project"     = "aws-test-infra"
          [32m+[0m[0m "Purpose"     = "VPC Interface Endpoint for Lambda"
        }
      [32m+[0m[0m tags_all              = {
          [32m+[0m[0m "CostCenter"  = "testing"
          [32m+[0m[0m "Environment" = "test"
          [32m+[0m[0m "ManagedBy"   = "terraform"
          [32m+[0m[0m "Name"        = "aws-test-infra-lambda-endpoint"
          [32m+[0m[0m "Project"     = "aws-test-infra"
          [32m+[0m[0m "Purpose"     = "VPC Interface Endpoint for Lambda"
        }
      [32m+[0m[0m vpc_endpoint_type     = "Interface"
      [32m+[0m[0m vpc_id                = (known after apply)

      [32m+[0m[0m dns_options (known after apply)

      [32m+[0m[0m subnet_configuration (known after apply)
    }

[1m  # module.networking[0].aws_vpc_endpoint.s3[0][0m will be created
[0m  [32m+[0m[0m resource "aws_vpc_endpoint" "s3" {
      [32m+[0m[0m arn                   = (known after apply)
      [32m+[0m[0m cidr_blocks           = (known after apply)
      [32m+[0m[0m dns_entry             = (known after apply)
      [32m+[0m[0m id                    = (known after apply)
      [32m+[0m[0m ip_address_type       = (known after apply)
      [32m+[0m[0m network_interface_ids = (known after apply)
      [32m+[0m[0m owner_id              = (known after apply)
      [32m+[0m[0m policy                = (known after apply)
      [32m+[0m[0m prefix_list_id        = (known after apply)
      [32m+[0m[0m private_dns_enabled   = (known after apply)
      [32m+[0m[0m requester_managed     = (known after apply)
      [32m+[0m[0m route_table_ids       = (known after apply)
      [32m+[0m[0m security_group_ids    = (known after apply)
      [32m+[0m[0m service_name          = "com.amazonaws.ap-south-1.s3"
      [32m+[0m[0m service_region        = (known after apply)
      [32m+[0m[0m state                 = (known after apply)
      [32m+[0m[0m subnet_ids            = (known after apply)
      [32m+[0m[0m tags                  = {
          [32m+[0m[0m "CostCenter"  = "testing"
          [32m+[0m[0m "Environment" = "test"
          [32m+[0m[0m "ManagedBy"   = "terraform"
          [32m+[0m[0m "Name"        = "aws-test-infra-s3-endpoint"
          [32m+[0m[0m "Project"     = "aws-test-infra"
          [32m+[0m[0m "Purpose"     = "VPC Gateway Endpoint for S3"
        }
      [32m+[0m[0m tags_all              = {
          [32m+[0m[0m "CostCenter"  = "testing"
          [32m+[0m[0m "Environment" = "test"
          [32m+[0m[0m "ManagedBy"   = "terraform"
          [32m+[0m[0m "Name"        = "aws-test-infra-s3-endpoint"
          [32m+[0m[0m "Project"     = "aws-test-infra"
          [32m+[0m[0m "Purpose"     = "VPC Gateway Endpoint for S3"
        }
      [32m+[0m[0m vpc_endpoint_type     = "Gateway"
      [32m+[0m[0m vpc_id                = (known after apply)

      [32m+[0m[0m dns_options (known after apply)

      [32m+[0m[0m subnet_configuration (known after apply)
    }

[1m  # module.orchestration[0].aws_cloudwatch_event_rule.scheduled_6h[0m will be created
[0m  [32m+[0m[0m resource "aws_cloudwatch_event_rule" "scheduled_6h" {
      [32m+[0m[0m arn                 = (known after apply)
      [32m+[0m[0m description         = "Trigger Lambda every 6 hours"
      [32m+[0m[0m event_bus_name      = "default"
      [32m+[0m[0m force_destroy       = false
      [32m+[0m[0m id                  = (known after apply)
      [32m+[0m[0m name                = "aws-test-infra-scheduled-6h"
      [32m+[0m[0m name_prefix         = (known after apply)
      [32m+[0m[0m schedule_expression = "rate(6 hours)"
      [32m+[0m[0m tags                = {
          [32m+[0m[0m "CostCenter"  = "testing"
          [32m+[0m[0m "Environment" = "test"
          [32m+[0m[0m "ManagedBy"   = "terraform"
          [32m+[0m[0m "Name"        = "aws-test-infra-scheduled-6h"
          [32m+[0m[0m "Project"     = "aws-test-infra"
          [32m+[0m[0m "Purpose"     = "EventBridge rule for scheduled Lambda invocation"
        }
      [32m+[0m[0m tags_all            = {
          [32m+[0m[0m "CostCenter"  = "testing"
          [32m+[0m[0m "Environment" = "test"
          [32m+[0m[0m "ManagedBy"   = "terraform"
          [32m+[0m[0m "Name"        = "aws-test-infra-scheduled-6h"
          [32m+[0m[0m "Project"     = "aws-test-infra"
          [32m+[0m[0m "Purpose"     = "EventBridge rule for scheduled Lambda invocation"
        }
    }

[1m  # module.orchestration[0].aws_cloudwatch_event_rule.scheduled_daily[0m will be created
[0m  [32m+[0m[0m resource "aws_cloudwatch_event_rule" "scheduled_daily" {
      [32m+[0m[0m arn                 = (known after apply)
      [32m+[0m[0m description         = "Trigger Lambda daily at midnight UTC"
      [32m+[0m[0m event_bus_name      = "default"
      [32m+[0m[0m force_destroy       = false
      [32m+[0m[0m id                  = (known after apply)
      [32m+[0m[0m name                = "aws-test-infra-scheduled-daily"
      [32m+[0m[0m name_prefix         = (known after apply)
      [32m+[0m[0m schedule_expression = "cron(0 0 * * ? *)"
      [32m+[0m[0m tags                = {
          [32m+[0m[0m "CostCenter"  = "testing"
          [32m+[0m[0m "Environment" = "test"
          [32m+[0m[0m "ManagedBy"   = "terraform"
          [32m+[0m[0m "Name"        = "aws-test-infra-scheduled-daily"
          [32m+[0m[0m "Project"     = "aws-test-infra"
          [32m+[0m[0m "Purpose"     = "EventBridge rule for daily Lambda invocation"
        }
      [32m+[0m[0m tags_all            = {
          [32m+[0m[0m "CostCenter"  = "testing"
          [32m+[0m[0m "Environment" = "test"
          [32m+[0m[0m "ManagedBy"   = "terraform"
          [32m+[0m[0m "Name"        = "aws-test-infra-scheduled-daily"
          [32m+[0m[0m "Project"     = "aws-test-infra"
          [32m+[0m[0m "Purpose"     = "EventBridge rule for daily Lambda invocation"
        }
    }

[1m  # module.orchestration[0].aws_cloudwatch_event_target.lambda_6h[0][0m will be created
[0m  [32m+[0m[0m resource "aws_cloudwatch_event_target" "lambda_6h" {
      [32m+[0m[0m arn            = (known after apply)
      [32m+[0m[0m event_bus_name = "default"
      [32m+[0m[0m force_destroy  = false
      [32m+[0m[0m id             = (known after apply)
      [32m+[0m[0m input          = jsonencode(
            {
              [32m+[0m[0m description = "Scheduled invocation every 6 hours"
              [32m+[0m[0m schedule    = "6-hours"
              [32m+[0m[0m source      = "eventbridge"
            }
        )
      [32m+[0m[0m rule           = "aws-test-infra-scheduled-6h"
      [32m+[0m[0m target_id      = "Lambda6h"
    }

[1m  # module.orchestration[0].aws_cloudwatch_event_target.lambda_daily[0][0m will be created
[0m  [32m+[0m[0m resource "aws_cloudwatch_event_target" "lambda_daily" {
      [32m+[0m[0m arn            = (known after apply)
      [32m+[0m[0m event_bus_name = "default"
      [32m+[0m[0m force_destroy  = false
      [32m+[0m[0m id             = (known after apply)
      [32m+[0m[0m input          = jsonencode(
            {
              [32m+[0m[0m description = "Scheduled invocation daily at midnight UTC"
              [32m+[0m[0m schedule    = "daily"
              [32m+[0m[0m source      = "eventbridge"
            }
        )
      [32m+[0m[0m rule           = "aws-test-infra-scheduled-daily"
      [32m+[0m[0m target_id      = "LambdaDaily"
    }

[1m  # module.orchestration[0].aws_cloudwatch_event_target.step_functions[0m will be created
[0m  [32m+[0m[0m resource "aws_cloudwatch_event_target" "step_functions" {
      [32m+[0m[0m arn            = (known after apply)
      [32m+[0m[0m event_bus_name = "default"
      [32m+[0m[0m force_destroy  = false
      [32m+[0m[0m id             = (known after apply)
      [32m+[0m[0m input          = jsonencode(
            {
              [32m+[0m[0m description = "Scheduled Step Functions execution"
              [32m+[0m[0m schedule    = "daily"
              [32m+[0m[0m source      = "eventbridge"
            }
        )
      [32m+[0m[0m role_arn       = (known after apply)
      [32m+[0m[0m rule           = "aws-test-infra-scheduled-daily"
      [32m+[0m[0m target_id      = "StepFunctionsDaily"
    }

[1m  # module.orchestration[0].aws_cloudwatch_log_group.step_functions[0m will be created
[0m  [32m+[0m[0m resource "aws_cloudwatch_log_group" "step_functions" {
      [32m+[0m[0m arn               = (known after apply)
      [32m+[0m[0m id                = (known after apply)
      [32m+[0m[0m log_group_class   = (known after apply)
      [32m+[0m[0m name              = "/aws/states/aws-test-infra"
      [32m+[0m[0m name_prefix       = (known after apply)
      [32m+[0m[0m retention_in_days = 7
      [32m+[0m[0m skip_destroy      = false
      [32m+[0m[0m tags              = {
          [32m+[0m[0m "CostCenter"  = "testing"
          [32m+[0m[0m "Environment" = "test"
          [32m+[0m[0m "ManagedBy"   = "terraform"
          [32m+[0m[0m "Name"        = "/aws/states/aws-test-infra"
          [32m+[0m[0m "Project"     = "aws-test-infra"
          [32m+[0m[0m "Purpose"     = "Log group for Step Functions"
        }
      [32m+[0m[0m tags_all          = {
          [32m+[0m[0m "CostCenter"  = "testing"
          [32m+[0m[0m "Environment" = "test"
          [32m+[0m[0m "ManagedBy"   = "terraform"
          [32m+[0m[0m "Name"        = "/aws/states/aws-test-infra"
          [32m+[0m[0m "Project"     = "aws-test-infra"
          [32m+[0m[0m "Purpose"     = "Log group for Step Functions"
        }
    }

[1m  # module.orchestration[0].aws_iam_role.eventbridge_step_functions[0m will be created
[0m  [32m+[0m[0m resource "aws_iam_role" "eventbridge_step_functions" {
      [32m+[0m[0m arn                   = (known after apply)
      [32m+[0m[0m assume_role_policy    = jsonencode(
            {
              [32m+[0m[0m Statement = [
                  [32m+[0m[0m {
                      [32m+[0m[0m Action    = "sts:AssumeRole"
                      [32m+[0m[0m Effect    = "Allow"
                      [32m+[0m[0m Principal = {
                          [32m+[0m[0m Service = "events.amazonaws.com"
                        }
                    },
                ]
              [32m+[0m[0m Version   = "2012-10-17"
            }
        )
      [32m+[0m[0m create_date           = (known after apply)
      [32m+[0m[0m force_detach_policies = false
      [32m+[0m[0m id                    = (known after apply)
      [32m+[0m[0m managed_policy_arns   = (known after apply)
      [32m+[0m[0m max_session_duration  = 3600
      [32m+[0m[0m name                  = "aws-test-infra-eventbridge-sfn-role"
      [32m+[0m[0m name_prefix           = (known after apply)
      [32m+[0m[0m path                  = "/"
      [32m+[0m[0m tags                  = {
          [32m+[0m[0m "CostCenter"  = "testing"
          [32m+[0m[0m "Environment" = "test"
          [32m+[0m[0m "ManagedBy"   = "terraform"
          [32m+[0m[0m "Name"        = "aws-test-infra-eventbridge-sfn-role"
          [32m+[0m[0m "Project"     = "aws-test-infra"
          [32m+[0m[0m "Purpose"     = "EventBridge role for Step Functions invocation"
        }
      [32m+[0m[0m tags_all              = {
          [32m+[0m[0m "CostCenter"  = "testing"
          [32m+[0m[0m "Environment" = "test"
          [32m+[0m[0m "ManagedBy"   = "terraform"
          [32m+[0m[0m "Name"        = "aws-test-infra-eventbridge-sfn-role"
          [32m+[0m[0m "Project"     = "aws-test-infra"
          [32m+[0m[0m "Purpose"     = "EventBridge role for Step Functions invocation"
        }
      [32m+[0m[0m unique_id             = (known after apply)

      [32m+[0m[0m inline_policy (known after apply)
    }

[1m  # module.orchestration[0].aws_iam_role_policy.eventbridge_step_functions[0m will be created
[0m  [32m+[0m[0m resource "aws_iam_role_policy" "eventbridge_step_functions" {
      [32m+[0m[0m id          = (known after apply)
      [32m+[0m[0m name        = "aws-test-infra-eventbridge-sfn-policy"
      [32m+[0m[0m name_prefix = (known after apply)
      [32m+[0m[0m policy      = (known after apply)
      [32m+[0m[0m role        = (known after apply)
    }

[1m  # module.orchestration[0].aws_lambda_permission.eventbridge_6h[0][0m will be created
[0m  [32m+[0m[0m resource "aws_lambda_permission" "eventbridge_6h" {
      [32m+[0m[0m action              = "lambda:InvokeFunction"
      [32m+[0m[0m function_name       = (known after apply)
      [32m+[0m[0m id                  = (known after apply)
      [32m+[0m[0m principal           = "events.amazonaws.com"
      [32m+[0m[0m source_arn          = (known after apply)
      [32m+[0m[0m statement_id        = "AllowEventBridge6h"
      [32m+[0m[0m statement_id_prefix = (known after apply)
    }

[1m  # module.orchestration[0].aws_lambda_permission.eventbridge_daily[0][0m will be created
[0m  [32m+[0m[0m resource "aws_lambda_permission" "eventbridge_daily" {
      [32m+[0m[0m action              = "lambda:InvokeFunction"
      [32m+[0m[0m function_name       = (known after apply)
      [32m+[0m[0m id                  = (known after apply)
      [32m+[0m[0m principal           = "events.amazonaws.com"
      [32m+[0m[0m source_arn          = (known after apply)
      [32m+[0m[0m statement_id        = "AllowEventBridgeDaily"
      [32m+[0m[0m statement_id_prefix = (known after apply)
    }

[1m  # module.orchestration[0].aws_sfn_state_machine.main[0m will be created
[0m  [32m+[0m[0m resource "aws_sfn_state_machine" "main" {
      [32m+[0m[0m arn                       = (known after apply)
      [32m+[0m[0m creation_date             = (known after apply)
      [32m+[0m[0m definition                = (known after apply)
      [32m+[0m[0m description               = (known after apply)
      [32m+[0m[0m id                        = (known after apply)
      [32m+[0m[0m name                      = "aws-test-infra-state-machine"
      [32m+[0m[0m name_prefix               = (known after apply)
      [32m+[0m[0m publish                   = false
      [32m+[0m[0m revision_id               = (known after apply)
      [32m+[0m[0m role_arn                  = (known after apply)
      [32m+[0m[0m state_machine_version_arn = (known after apply)
      [32m+[0m[0m status                    = (known after apply)
      [32m+[0m[0m tags                      = {
          [32m+[0m[0m "CostCenter"  = "testing"
          [32m+[0m[0m "Environment" = "test"
          [32m+[0m[0m "ManagedBy"   = "terraform"
          [32m+[0m[0m "Name"        = "aws-test-infra-state-machine"
          [32m+[0m[0m "Project"     = "aws-test-infra"
          [32m+[0m[0m "Purpose"     = "Step Functions state machine for workflow orchestration"
        }
      [32m+[0m[0m tags_all                  = {
          [32m+[0m[0m "CostCenter"  = "testing"
          [32m+[0m[0m "Environment" = "test"
          [32m+[0m[0m "ManagedBy"   = "terraform"
          [32m+[0m[0m "Name"        = "aws-test-infra-state-machine"
          [32m+[0m[0m "Project"     = "aws-test-infra"
          [32m+[0m[0m "Purpose"     = "Step Functions state machine for workflow orchestration"
        }
      [32m+[0m[0m type                      = "STANDARD"
      [32m+[0m[0m version_description       = (known after apply)

      [32m+[0m[0m encryption_configuration (known after apply)

      [32m+[0m[0m logging_configuration {
          [32m+[0m[0m include_execution_data = true
          [32m+[0m[0m level                  = "ALL"
          [32m+[0m[0m log_destination        = (known after apply)
        }

      [32m+[0m[0m tracing_configuration (known after apply)
    }

[1m  # module.route53[0].aws_route53_record.verification[0m will be created
[0m  [32m+[0m[0m resource "aws_route53_record" "verification" {
      [32m+[0m[0m allow_overwrite = (known after apply)
      [32m+[0m[0m fqdn            = (known after apply)
      [32m+[0m[0m id              = (known after apply)
      [32m+[0m[0m name            = "linxu.in"
      [32m+[0m[0m records         = [
          [32m+[0m[0m "v=spf1 include:amazonses.com ~all",
        ]
      [32m+[0m[0m ttl             = 300
      [32m+[0m[0m type            = "TXT"
      [32m+[0m[0m zone_id         = (known after apply)
    }

[1m  # module.route53[0].aws_route53_zone.main[0m will be created
[0m  [32m+[0m[0m resource "aws_route53_zone" "main" {
      [32m+[0m[0m arn                 = (known after apply)
      [32m+[0m[0m comment             = "Managed by Terraform for aws-test-infra"
      [32m+[0m[0m force_destroy       = false
      [32m+[0m[0m id                  = (known after apply)
      [32m+[0m[0m name                = "linxu.in"
      [32m+[0m[0m name_servers        = (known after apply)
      [32m+[0m[0m primary_name_server = (known after apply)
      [32m+[0m[0m tags                = {
          [32m+[0m[0m "CostCenter"  = "testing"
          [32m+[0m[0m "Environment" = "test"
          [32m+[0m[0m "ManagedBy"   = "terraform"
          [32m+[0m[0m "Name"        = "linxu.in"
          [32m+[0m[0m "Project"     = "aws-test-infra"
          [32m+[0m[0m "Purpose"     = "DNS hosted zone for test infrastructure"
        }
      [32m+[0m[0m tags_all            = {
          [32m+[0m[0m "CostCenter"  = "testing"
          [32m+[0m[0m "Environment" = "test"
          [32m+[0m[0m "ManagedBy"   = "terraform"
          [32m+[0m[0m "Name"        = "linxu.in"
          [32m+[0m[0m "Project"     = "aws-test-infra"
          [32m+[0m[0m "Purpose"     = "DNS hosted zone for test infrastructure"
        }
      [32m+[0m[0m zone_id             = (known after apply)
    }

[1m  # module.security[0].aws_iam_access_key.test_user1[0m will be created
[0m  [32m+[0m[0m resource "aws_iam_access_key" "test_user1" {
      [32m+[0m[0m create_date                    = (known after apply)
      [32m+[0m[0m encrypted_secret               = (known after apply)
      [32m+[0m[0m encrypted_ses_smtp_password_v4 = (known after apply)
      [32m+[0m[0m id                             = (known after apply)
      [32m+[0m[0m key_fingerprint                = (known after apply)
      [32m+[0m[0m secret                         = (sensitive value)
      [32m+[0m[0m ses_smtp_password_v4           = (sensitive value)
      [32m+[0m[0m status                         = "Active"
      [32m+[0m[0m user                           = "aws-test-infra-test-user1"
    }

[1m  # module.security[0].aws_iam_group.developers[0m will be created
[0m  [32m+[0m[0m resource "aws_iam_group" "developers" {
      [32m+[0m[0m arn       = (known after apply)
      [32m+[0m[0m id        = (known after apply)
      [32m+[0m[0m name      = "aws-test-infra-developers"
      [32m+[0m[0m path      = "/"
      [32m+[0m[0m unique_id = (known after apply)
    }

[1m  # module.security[0].aws_iam_group_policy.developer_policy[0m will be created
[0m  [32m+[0m[0m resource "aws_iam_group_policy" "developer_policy" {
      [32m+[0m[0m group       = "aws-test-infra-developers"
      [32m+[0m[0m id          = (known after apply)
      [32m+[0m[0m name        = "aws-test-infra-developer-policy"
      [32m+[0m[0m name_prefix = (known after apply)
      [32m+[0m[0m policy      = jsonencode(
            {
              [32m+[0m[0m Statement = [
                  [32m+[0m[0m {
                      [32m+[0m[0m Action   = [
                          [32m+[0m[0m "s3:ListBucket",
                          [32m+[0m[0m "s3:GetObject",
                        ]
                      [32m+[0m[0m Effect   = "Allow"
                      [32m+[0m[0m Resource = "*"
                    },
                ]
              [32m+[0m[0m Version   = "2012-10-17"
            }
        )
    }

[1m  # module.security[0].aws_iam_group_policy_attachment.developer_readonly[0m will be created
[0m  [32m+[0m[0m resource "aws_iam_group_policy_attachment" "developer_readonly" {
      [32m+[0m[0m group      = "aws-test-infra-developers"
      [32m+[0m[0m id         = (known after apply)
      [32m+[0m[0m policy_arn = "arn:aws:iam::aws:policy/ReadOnlyAccess"
    }

[1m  # module.security[0].aws_iam_instance_profile.ec2[0m will be created
[0m  [32m+[0m[0m resource "aws_iam_instance_profile" "ec2" {
      [32m+[0m[0m arn         = (known after apply)
      [32m+[0m[0m create_date = (known after apply)
      [32m+[0m[0m id          = (known after apply)
      [32m+[0m[0m name        = "aws-test-infra-ec2-instance-profile"
      [32m+[0m[0m name_prefix = (known after apply)
      [32m+[0m[0m path        = "/"
      [32m+[0m[0m role        = "aws-test-infra-ec2-instance-role"
      [32m+[0m[0m tags        = {
          [32m+[0m[0m "CostCenter"  = "testing"
          [32m+[0m[0m "Environment" = "test"
          [32m+[0m[0m "ManagedBy"   = "terraform"
          [32m+[0m[0m "Name"        = "aws-test-infra-ec2-instance-profile"
          [32m+[0m[0m "Project"     = "aws-test-infra"
          [32m+[0m[0m "Purpose"     = "Instance profile for EC2 instances"
        }
      [32m+[0m[0m tags_all    = {
          [32m+[0m[0m "CostCenter"  = "testing"
          [32m+[0m[0m "Environment" = "test"
          [32m+[0m[0m "ManagedBy"   = "terraform"
          [32m+[0m[0m "Name"        = "aws-test-infra-ec2-instance-profile"
          [32m+[0m[0m "Project"     = "aws-test-infra"
          [32m+[0m[0m "Purpose"     = "Instance profile for EC2 instances"
        }
      [32m+[0m[0m unique_id   = (known after apply)
    }

[1m  # module.security[0].aws_iam_policy.custom_policy[0m will be created
[0m  [32m+[0m[0m resource "aws_iam_policy" "custom_policy" {
      [32m+[0m[0m arn              = (known after apply)
      [32m+[0m[0m attachment_count = (known after apply)
      [32m+[0m[0m description      = "Custom policy for testing"
      [32m+[0m[0m id               = (known after apply)
      [32m+[0m[0m name             = "aws-test-infra-custom-policy"
      [32m+[0m[0m name_prefix      = (known after apply)
      [32m+[0m[0m path             = "/"
      [32m+[0m[0m policy           = jsonencode(
            {
              [32m+[0m[0m Statement = [
                  [32m+[0m[0m {
                      [32m+[0m[0m Action   = [
                          [32m+[0m[0m "logs:CreateLogGroup",
                          [32m+[0m[0m "logs:CreateLogStream",
                          [32m+[0m[0m "logs:PutLogEvents",
                        ]
                      [32m+[0m[0m Effect   = "Allow"
                      [32m+[0m[0m Resource = "arn:aws:logs:*:*:*"
                    },
                ]
              [32m+[0m[0m Version   = "2012-10-17"
            }
        )
      [32m+[0m[0m policy_id        = (known after apply)
      [32m+[0m[0m tags             = {
          [32m+[0m[0m "CostCenter"  = "testing"
          [32m+[0m[0m "Environment" = "test"
          [32m+[0m[0m "ManagedBy"   = "terraform"
          [32m+[0m[0m "Name"        = "aws-test-infra-custom-policy"
          [32m+[0m[0m "Project"     = "aws-test-infra"
          [32m+[0m[0m "Purpose"     = "Custom IAM policy for testing"
        }
      [32m+[0m[0m tags_all         = {
          [32m+[0m[0m "CostCenter"  = "testing"
          [32m+[0m[0m "Environment" = "test"
          [32m+[0m[0m "ManagedBy"   = "terraform"
          [32m+[0m[0m "Name"        = "aws-test-infra-custom-policy"
          [32m+[0m[0m "Project"     = "aws-test-infra"
          [32m+[0m[0m "Purpose"     = "Custom IAM policy for testing"
        }
    }

[1m  # module.security[0].aws_iam_role.codebuild[0m will be created
[0m  [32m+[0m[0m resource "aws_iam_role" "codebuild" {
      [32m+[0m[0m arn                   = (known after apply)
      [32m+[0m[0m assume_role_policy    = jsonencode(
            {
              [32m+[0m[0m Statement = [
                  [32m+[0m[0m {
                      [32m+[0m[0m Action    = "sts:AssumeRole"
                      [32m+[0m[0m Effect    = "Allow"
                      [32m+[0m[0m Principal = {
                          [32m+[0m[0m Service = "codebuild.amazonaws.com"
                        }
                    },
                ]
              [32m+[0m[0m Version   = "2012-10-17"
            }
        )
      [32m+[0m[0m create_date           = (known after apply)
      [32m+[0m[0m force_detach_policies = false
      [32m+[0m[0m id                    = (known after apply)
      [32m+[0m[0m managed_policy_arns   = (known after apply)
      [32m+[0m[0m max_session_duration  = 3600
      [32m+[0m[0m name                  = "aws-test-infra-codebuild-role"
      [32m+[0m[0m name_prefix           = (known after apply)
      [32m+[0m[0m path                  = "/"
      [32m+[0m[0m tags                  = {
          [32m+[0m[0m "CostCenter"  = "testing"
          [32m+[0m[0m "Environment" = "test"
          [32m+[0m[0m "ManagedBy"   = "terraform"
          [32m+[0m[0m "Name"        = "aws-test-infra-codebuild-role"
          [32m+[0m[0m "Project"     = "aws-test-infra"
          [32m+[0m[0m "Purpose"     = "Service role for CodeBuild"
        }
      [32m+[0m[0m tags_all              = {
          [32m+[0m[0m "CostCenter"  = "testing"
          [32m+[0m[0m "Environment" = "test"
          [32m+[0m[0m "ManagedBy"   = "terraform"
          [32m+[0m[0m "Name"        = "aws-test-infra-codebuild-role"
          [32m+[0m[0m "Project"     = "aws-test-infra"
          [32m+[0m[0m "Purpose"     = "Service role for CodeBuild"
        }
      [32m+[0m[0m unique_id             = (known after apply)

      [32m+[0m[0m inline_policy (known after apply)
    }

[1m  # module.security[0].aws_iam_role.ec2_instance[0m will be created
[0m  [32m+[0m[0m resource "aws_iam_role" "ec2_instance" {
      [32m+[0m[0m arn                   = (known after apply)
      [32m+[0m[0m assume_role_policy    = jsonencode(
            {
              [32m+[0m[0m Statement = [
                  [32m+[0m[0m {
                      [32m+[0m[0m Action    = "sts:AssumeRole"
                      [32m+[0m[0m Effect    = "Allow"
                      [32m+[0m[0m Principal = {
                          [32m+[0m[0m Service = "ec2.amazonaws.com"
                        }
                    },
                ]
              [32m+[0m[0m Version   = "2012-10-17"
            }
        )
      [32m+[0m[0m create_date           = (known after apply)
      [32m+[0m[0m force_detach_policies = false
      [32m+[0m[0m id                    = (known after apply)
      [32m+[0m[0m managed_policy_arns   = (known after apply)
      [32m+[0m[0m max_session_duration  = 3600
      [32m+[0m[0m name                  = "aws-test-infra-ec2-instance-role"
      [32m+[0m[0m name_prefix           = (known after apply)
      [32m+[0m[0m path                  = "/"
      [32m+[0m[0m tags                  = {
          [32m+[0m[0m "CostCenter"  = "testing"
          [32m+[0m[0m "Environment" = "test"
          [32m+[0m[0m "ManagedBy"   = "terraform"
          [32m+[0m[0m "Name"        = "aws-test-infra-ec2-instance-role"
          [32m+[0m[0m "Project"     = "aws-test-infra"
          [32m+[0m[0m "Purpose"     = "Instance role for EC2 instances"
        }
      [32m+[0m[0m tags_all              = {
          [32m+[0m[0m "CostCenter"  = "testing"
          [32m+[0m[0m "Environment" = "test"
          [32m+[0m[0m "ManagedBy"   = "terraform"
          [32m+[0m[0m "Name"        = "aws-test-infra-ec2-instance-role"
          [32m+[0m[0m "Project"     = "aws-test-infra"
          [32m+[0m[0m "Purpose"     = "Instance role for EC2 instances"
        }
      [32m+[0m[0m unique_id             = (known after apply)

      [32m+[0m[0m inline_policy (known after apply)
    }

[1m  # module.security[0].aws_iam_role.ecs_task[0m will be created
[0m  [32m+[0m[0m resource "aws_iam_role" "ecs_task" {
      [32m+[0m[0m arn                   = (known after apply)
      [32m+[0m[0m assume_role_policy    = jsonencode(
            {
              [32m+[0m[0m Statement = [
                  [32m+[0m[0m {
                      [32m+[0m[0m Action    = "sts:AssumeRole"
                      [32m+[0m[0m Effect    = "Allow"
                      [32m+[0m[0m Principal = {
                          [32m+[0m[0m Service = "ecs-tasks.amazonaws.com"
                        }
                    },
                ]
              [32m+[0m[0m Version   = "2012-10-17"
            }
        )
      [32m+[0m[0m create_date           = (known after apply)
      [32m+[0m[0m force_detach_policies = false
      [32m+[0m[0m id                    = (known after apply)
      [32m+[0m[0m managed_policy_arns   = (known after apply)
      [32m+[0m[0m max_session_duration  = 3600
      [32m+[0m[0m name                  = "aws-test-infra-ecs-task-role"
      [32m+[0m[0m name_prefix           = (known after apply)
      [32m+[0m[0m path                  = "/"
      [32m+[0m[0m tags                  = {
          [32m+[0m[0m "CostCenter"  = "testing"
          [32m+[0m[0m "Environment" = "test"
          [32m+[0m[0m "ManagedBy"   = "terraform"
          [32m+[0m[0m "Name"        = "aws-test-infra-ecs-task-role"
          [32m+[0m[0m "Project"     = "aws-test-infra"
          [32m+[0m[0m "Purpose"     = "Task role for ECS containers"
        }
      [32m+[0m[0m tags_all              = {
          [32m+[0m[0m "CostCenter"  = "testing"
          [32m+[0m[0m "Environment" = "test"
          [32m+[0m[0m "ManagedBy"   = "terraform"
          [32m+[0m[0m "Name"        = "aws-test-infra-ecs-task-role"
          [32m+[0m[0m "Project"     = "aws-test-infra"
          [32m+[0m[0m "Purpose"     = "Task role for ECS containers"
        }
      [32m+[0m[0m unique_id             = (known after apply)

      [32m+[0m[0m inline_policy (known after apply)
    }

[1m  # module.security[0].aws_iam_role.ecs_task_execution[0m will be created
[0m  [32m+[0m[0m resource "aws_iam_role" "ecs_task_execution" {
      [32m+[0m[0m arn                   = (known after apply)
      [32m+[0m[0m assume_role_policy    = jsonencode(
            {
              [32m+[0m[0m Statement = [
                  [32m+[0m[0m {
                      [32m+[0m[0m Action    = "sts:AssumeRole"
                      [32m+[0m[0m Effect    = "Allow"
                      [32m+[0m[0m Principal = {
                          [32m+[0m[0m Service = "ecs-tasks.amazonaws.com"
                        }
                    },
                ]
              [32m+[0m[0m Version   = "2012-10-17"
            }
        )
      [32m+[0m[0m create_date           = (known after apply)
      [32m+[0m[0m force_detach_policies = false
      [32m+[0m[0m id                    = (known after apply)
      [32m+[0m[0m managed_policy_arns   = (known after apply)
      [32m+[0m[0m max_session_duration  = 3600
      [32m+[0m[0m name                  = "aws-test-infra-ecs-task-execution-role"
      [32m+[0m[0m name_prefix           = (known after apply)
      [32m+[0m[0m path                  = "/"
      [32m+[0m[0m tags                  = {
          [32m+[0m[0m "CostCenter"  = "testing"
          [32m+[0m[0m "Environment" = "test"
          [32m+[0m[0m "ManagedBy"   = "terraform"
          [32m+[0m[0m "Name"        = "aws-test-infra-ecs-task-execution-role"
          [32m+[0m[0m "Project"     = "aws-test-infra"
          [32m+[0m[0m "Purpose"     = "Execution role for ECS tasks"
        }
      [32m+[0m[0m tags_all              = {
          [32m+[0m[0m "CostCenter"  = "testing"
          [32m+[0m[0m "Environment" = "test"
          [32m+[0m[0m "ManagedBy"   = "terraform"
          [32m+[0m[0m "Name"        = "aws-test-infra-ecs-task-execution-role"
          [32m+[0m[0m "Project"     = "aws-test-infra"
          [32m+[0m[0m "Purpose"     = "Execution role for ECS tasks"
        }
      [32m+[0m[0m unique_id             = (known after apply)

      [32m+[0m[0m inline_policy (known after apply)
    }

[1m  # module.security[0].aws_iam_role.lambda_execution[0m will be created
[0m  [32m+[0m[0m resource "aws_iam_role" "lambda_execution" {
      [32m+[0m[0m arn                   = (known after apply)
      [32m+[0m[0m assume_role_policy    = jsonencode(
            {
              [32m+[0m[0m Statement = [
                  [32m+[0m[0m {
                      [32m+[0m[0m Action    = "sts:AssumeRole"
                      [32m+[0m[0m Effect    = "Allow"
                      [32m+[0m[0m Principal = {
                          [32m+[0m[0m Service = "lambda.amazonaws.com"
                        }
                    },
                ]
              [32m+[0m[0m Version   = "2012-10-17"
            }
        )
      [32m+[0m[0m create_date           = (known after apply)
      [32m+[0m[0m force_detach_policies = false
      [32m+[0m[0m id                    = (known after apply)
      [32m+[0m[0m managed_policy_arns   = (known after apply)
      [32m+[0m[0m max_session_duration  = 3600
      [32m+[0m[0m name                  = "aws-test-infra-lambda-execution-role"
      [32m+[0m[0m name_prefix           = (known after apply)
      [32m+[0m[0m path                  = "/"
      [32m+[0m[0m tags                  = {
          [32m+[0m[0m "CostCenter"  = "testing"
          [32m+[0m[0m "Environment" = "test"
          [32m+[0m[0m "ManagedBy"   = "terraform"
          [32m+[0m[0m "Name"        = "aws-test-infra-lambda-execution-role"
          [32m+[0m[0m "Project"     = "aws-test-infra"
          [32m+[0m[0m "Purpose"     = "Execution role for Lambda functions"
        }
      [32m+[0m[0m tags_all              = {
          [32m+[0m[0m "CostCenter"  = "testing"
          [32m+[0m[0m "Environment" = "test"
          [32m+[0m[0m "ManagedBy"   = "terraform"
          [32m+[0m[0m "Name"        = "aws-test-infra-lambda-execution-role"
          [32m+[0m[0m "Project"     = "aws-test-infra"
          [32m+[0m[0m "Purpose"     = "Execution role for Lambda functions"
        }
      [32m+[0m[0m unique_id             = (known after apply)

      [32m+[0m[0m inline_policy (known after apply)
    }

[1m  # module.security[0].aws_iam_role.step_functions[0m will be created
[0m  [32m+[0m[0m resource "aws_iam_role" "step_functions" {
      [32m+[0m[0m arn                   = (known after apply)
      [32m+[0m[0m assume_role_policy    = jsonencode(
            {
              [32m+[0m[0m Statement = [
                  [32m+[0m[0m {
                      [32m+[0m[0m Action    = "sts:AssumeRole"
                      [32m+[0m[0m Effect    = "Allow"
                      [32m+[0m[0m Principal = {
                          [32m+[0m[0m Service = "states.amazonaws.com"
                        }
                    },
                ]
              [32m+[0m[0m Version   = "2012-10-17"
            }
        )
      [32m+[0m[0m create_date           = (known after apply)
      [32m+[0m[0m force_detach_policies = false
      [32m+[0m[0m id                    = (known after apply)
      [32m+[0m[0m managed_policy_arns   = (known after apply)
      [32m+[0m[0m max_session_duration  = 3600
      [32m+[0m[0m name                  = "aws-test-infra-step-functions-role"
      [32m+[0m[0m name_prefix           = (known after apply)
      [32m+[0m[0m path                  = "/"
      [32m+[0m[0m tags                  = {
          [32m+[0m[0m "CostCenter"  = "testing"
          [32m+[0m[0m "Environment" = "test"
          [32m+[0m[0m "ManagedBy"   = "terraform"
          [32m+[0m[0m "Name"        = "aws-test-infra-step-functions-role"
          [32m+[0m[0m "Project"     = "aws-test-infra"
          [32m+[0m[0m "Purpose"     = "Execution role for Step Functions"
        }
      [32m+[0m[0m tags_all              = {
          [32m+[0m[0m "CostCenter"  = "testing"
          [32m+[0m[0m "Environment" = "test"
          [32m+[0m[0m "ManagedBy"   = "terraform"
          [32m+[0m[0m "Name"        = "aws-test-infra-step-functions-role"
          [32m+[0m[0m "Project"     = "aws-test-infra"
          [32m+[0m[0m "Purpose"     = "Execution role for Step Functions"
        }
      [32m+[0m[0m unique_id             = (known after apply)

      [32m+[0m[0m inline_policy (known after apply)
    }

[1m  # module.security[0].aws_iam_role_policy.codebuild[0m will be created
[0m  [32m+[0m[0m resource "aws_iam_role_policy" "codebuild" {
      [32m+[0m[0m id          = (known after apply)
      [32m+[0m[0m name        = "aws-test-infra-codebuild-policy"
      [32m+[0m[0m name_prefix = (known after apply)
      [32m+[0m[0m policy      = jsonencode(
            {
              [32m+[0m[0m Statement = [
                  [32m+[0m[0m {
                      [32m+[0m[0m Action   = [
                          [32m+[0m[0m "logs:CreateLogGroup",
                          [32m+[0m[0m "logs:CreateLogStream",
                          [32m+[0m[0m "logs:PutLogEvents",
                        ]
                      [32m+[0m[0m Effect   = "Allow"
                      [32m+[0m[0m Resource = "arn:aws:logs:*:*:*"
                    },
                  [32m+[0m[0m {
                      [32m+[0m[0m Action   = [
                          [32m+[0m[0m "s3:GetObject",
                          [32m+[0m[0m "s3:PutObject",
                        ]
                      [32m+[0m[0m Effect   = "Allow"
                      [32m+[0m[0m Resource = "arn:aws:s3:::aws-test-infra-*/*"
                    },
                  [32m+[0m[0m {
                      [32m+[0m[0m Action   = [
                          [32m+[0m[0m "codecommit:GitPull",
                        ]
                      [32m+[0m[0m Effect   = "Allow"
                      [32m+[0m[0m Resource = "arn:aws:codecommit:*:*:aws-test-infra-*"
                    },
                  [32m+[0m[0m {
                      [32m+[0m[0m Action   = [
                          [32m+[0m[0m "ecr:GetAuthorizationToken",
                          [32m+[0m[0m "ecr:BatchCheckLayerAvailability",
                          [32m+[0m[0m "ecr:GetDownloadUrlForLayer",
                          [32m+[0m[0m "ecr:BatchGetImage",
                          [32m+[0m[0m "ecr:PutImage",
                          [32m+[0m[0m "ecr:InitiateLayerUpload",
                          [32m+[0m[0m "ecr:UploadLayerPart",
                          [32m+[0m[0m "ecr:CompleteLayerUpload",
                        ]
                      [32m+[0m[0m Effect   = "Allow"
                      [32m+[0m[0m Resource = "*"
                    },
                ]
              [32m+[0m[0m Version   = "2012-10-17"
            }
        )
      [32m+[0m[0m role        = (known after apply)
    }

[1m  # module.security[0].aws_iam_role_policy.ec2_instance[0m will be created
[0m  [32m+[0m[0m resource "aws_iam_role_policy" "ec2_instance" {
      [32m+[0m[0m id          = (known after apply)
      [32m+[0m[0m name        = "aws-test-infra-ec2-instance-policy"
      [32m+[0m[0m name_prefix = (known after apply)
      [32m+[0m[0m policy      = jsonencode(
            {
              [32m+[0m[0m Statement = [
                  [32m+[0m[0m {
                      [32m+[0m[0m Action   = [
                          [32m+[0m[0m "s3:GetObject",
                          [32m+[0m[0m "s3:PutObject",
                          [32m+[0m[0m "s3:ListBucket",
                        ]
                      [32m+[0m[0m Effect   = "Allow"
                      [32m+[0m[0m Resource = [
                          [32m+[0m[0m "arn:aws:s3:::aws-test-infra-*",
                          [32m+[0m[0m "arn:aws:s3:::aws-test-infra-*/*",
                        ]
                    },
                  [32m+[0m[0m {
                      [32m+[0m[0m Action   = [
                          [32m+[0m[0m "logs:CreateLogGroup",
                          [32m+[0m[0m "logs:CreateLogStream",
                          [32m+[0m[0m "logs:PutLogEvents",
                        ]
                      [32m+[0m[0m Effect   = "Allow"
                      [32m+[0m[0m Resource = "arn:aws:logs:*:*:*"
                    },
                  [32m+[0m[0m {
                      [32m+[0m[0m Action   = [
                          [32m+[0m[0m "cloudwatch:PutMetricData",
                        ]
                      [32m+[0m[0m Effect   = "Allow"
                      [32m+[0m[0m Resource = "*"
                    },
                  [32m+[0m[0m {
                      [32m+[0m[0m Action   = [
                          [32m+[0m[0m "secretsmanager:GetSecretValue",
                        ]
                      [32m+[0m[0m Effect   = "Allow"
                      [32m+[0m[0m Resource = "arn:aws:secretsmanager:*:*:secret:aws-test-infra-*"
                    },
                ]
              [32m+[0m[0m Version   = "2012-10-17"
            }
        )
      [32m+[0m[0m role        = (known after apply)
    }

[1m  # module.security[0].aws_iam_role_policy.ec2_s3_full_access[0m will be created
[0m  [32m+[0m[0m resource "aws_iam_role_policy" "ec2_s3_full_access" {
      [32m+[0m[0m id          = (known after apply)
      [32m+[0m[0m name        = "aws-test-infra-ec2-s3-full-access-policy"
      [32m+[0m[0m name_prefix = (known after apply)
      [32m+[0m[0m policy      = jsonencode(
            {
              [32m+[0m[0m Statement = [
                  [32m+[0m[0m {
                      [32m+[0m[0m Action   = [
                          [32m+[0m[0m "s3:*",
                        ]
                      [32m+[0m[0m Effect   = "Allow"
                      [32m+[0m[0m Resource = [
                          [32m+[0m[0m "arn:aws:s3:::aws-test-infra-encrypted-*",
                          [32m+[0m[0m "arn:aws:s3:::aws-test-infra-encrypted-*/*",
                        ]
                    },
                ]
              [32m+[0m[0m Version   = "2012-10-17"
            }
        )
      [32m+[0m[0m role        = (known after apply)
    }

[1m  # module.security[0].aws_iam_role_policy.ecs_task[0m will be created
[0m  [32m+[0m[0m resource "aws_iam_role_policy" "ecs_task" {
      [32m+[0m[0m id          = (known after apply)
      [32m+[0m[0m name        = "aws-test-infra-ecs-task-policy"
      [32m+[0m[0m name_prefix = (known after apply)
      [32m+[0m[0m policy      = jsonencode(
            {
              [32m+[0m[0m Statement = [
                  [32m+[0m[0m {
                      [32m+[0m[0m Action   = [
                          [32m+[0m[0m "s3:GetObject",
                          [32m+[0m[0m "s3:PutObject",
                        ]
                      [32m+[0m[0m Effect   = "Allow"
                      [32m+[0m[0m Resource = "arn:aws:s3:::aws-test-infra-*/*"
                    },
                  [32m+[0m[0m {
                      [32m+[0m[0m Action   = [
                          [32m+[0m[0m "dynamodb:GetItem",
                          [32m+[0m[0m "dynamodb:PutItem",
                          [32m+[0m[0m "dynamodb:Query",
                        ]
                      [32m+[0m[0m Effect   = "Allow"
                      [32m+[0m[0m Resource = "arn:aws:dynamodb:*:*:table/aws-test-infra-*"
                    },
                ]
              [32m+[0m[0m Version   = "2012-10-17"
            }
        )
      [32m+[0m[0m role        = (known after apply)
    }

[1m  # module.security[0].aws_iam_role_policy.ecs_task_execution[0m will be created
[0m  [32m+[0m[0m resource "aws_iam_role_policy" "ecs_task_execution" {
      [32m+[0m[0m id          = (known after apply)
      [32m+[0m[0m name        = "aws-test-infra-ecs-task-execution-policy"
      [32m+[0m[0m name_prefix = (known after apply)
      [32m+[0m[0m policy      = (known after apply)
      [32m+[0m[0m role        = (known after apply)
    }

[1m  # module.security[0].aws_iam_role_policy.lambda_execution[0m will be created
[0m  [32m+[0m[0m resource "aws_iam_role_policy" "lambda_execution" {
      [32m+[0m[0m id          = (known after apply)
      [32m+[0m[0m name        = "aws-test-infra-lambda-execution-policy"
      [32m+[0m[0m name_prefix = (known after apply)
      [32m+[0m[0m policy      = (known after apply)
      [32m+[0m[0m role        = (known after apply)
    }

[1m  # module.security[0].aws_iam_role_policy.step_functions[0m will be created
[0m  [32m+[0m[0m resource "aws_iam_role_policy" "step_functions" {
      [32m+[0m[0m id          = (known after apply)
      [32m+[0m[0m name        = "aws-test-infra-step-functions-policy"
      [32m+[0m[0m name_prefix = (known after apply)
      [32m+[0m[0m policy      = jsonencode(
            {
              [32m+[0m[0m Statement = [
                  [32m+[0m[0m {
                      [32m+[0m[0m Action   = [
                          [32m+[0m[0m "lambda:InvokeFunction",
                        ]
                      [32m+[0m[0m Effect   = "Allow"
                      [32m+[0m[0m Resource = "arn:aws:lambda:*:*:function:aws-test-infra-*"
                    },
                  [32m+[0m[0m {
                      [32m+[0m[0m Action   = [
                          [32m+[0m[0m "logs:CreateLogDelivery",
                          [32m+[0m[0m "logs:GetLogDelivery",
                          [32m+[0m[0m "logs:UpdateLogDelivery",
                          [32m+[0m[0m "logs:DeleteLogDelivery",
                          [32m+[0m[0m "logs:ListLogDeliveries",
                          [32m+[0m[0m "logs:PutResourcePolicy",
                          [32m+[0m[0m "logs:DescribeResourcePolicies",
                          [32m+[0m[0m "logs:DescribeLogGroups",
                          [32m+[0m[0m "logs:CreateLogGroup",
                          [32m+[0m[0m "logs:CreateLogStream",
                          [32m+[0m[0m "logs:PutLogEvents",
                        ]
                      [32m+[0m[0m Effect   = "Allow"
                      [32m+[0m[0m Resource = "*"
                    },
                ]
              [32m+[0m[0m Version   = "2012-10-17"
            }
        )
      [32m+[0m[0m role        = (known after apply)
    }

[1m  # module.security[0].aws_iam_role_policy_attachment.ec2_ssm[0m will be created
[0m  [32m+[0m[0m resource "aws_iam_role_policy_attachment" "ec2_ssm" {
      [32m+[0m[0m id         = (known after apply)
      [32m+[0m[0m policy_arn = "arn:aws:iam::aws:policy/AmazonSSMManagedInstanceCore"
      [32m+[0m[0m role       = "aws-test-infra-ec2-instance-role"
    }

[1m  # module.security[0].aws_iam_role_policy_attachment.ecs_task_execution[0m will be created
[0m  [32m+[0m[0m resource "aws_iam_role_policy_attachment" "ecs_task_execution" {
      [32m+[0m[0m id         = (known after apply)
      [32m+[0m[0m policy_arn = "arn:aws:iam::aws:policy/service-role/AmazonECSTaskExecutionRolePolicy"
      [32m+[0m[0m role       = "aws-test-infra-ecs-task-execution-role"
    }

[1m  # module.security[0].aws_iam_role_policy_attachment.lambda_vpc_execution[0m will be created
[0m  [32m+[0m[0m resource "aws_iam_role_policy_attachment" "lambda_vpc_execution" {
      [32m+[0m[0m id         = (known after apply)
      [32m+[0m[0m policy_arn = "arn:aws:iam::aws:policy/service-role/AWSLambdaVPCAccessExecutionRole"
      [32m+[0m[0m role       = "aws-test-infra-lambda-execution-role"
    }

[1m  # module.security[0].aws_iam_user.test_user1[0m will be created
[0m  [32m+[0m[0m resource "aws_iam_user" "test_user1" {
      [32m+[0m[0m arn           = (known after apply)
      [32m+[0m[0m force_destroy = false
      [32m+[0m[0m id            = (known after apply)
      [32m+[0m[0m name          = "aws-test-infra-test-user1"
      [32m+[0m[0m path          = "/"
      [32m+[0m[0m tags          = {
          [32m+[0m[0m "CostCenter"  = "testing"
          [32m+[0m[0m "Environment" = "test"
          [32m+[0m[0m "ManagedBy"   = "terraform"
          [32m+[0m[0m "Name"        = "aws-test-infra-test-user1"
          [32m+[0m[0m "Project"     = "aws-test-infra"
          [32m+[0m[0m "Purpose"     = "Test IAM user for migration testing"
        }
      [32m+[0m[0m tags_all      = {
          [32m+[0m[0m "CostCenter"  = "testing"
          [32m+[0m[0m "Environment" = "test"
          [32m+[0m[0m "ManagedBy"   = "terraform"
          [32m+[0m[0m "Name"        = "aws-test-infra-test-user1"
          [32m+[0m[0m "Project"     = "aws-test-infra"
          [32m+[0m[0m "Purpose"     = "Test IAM user for migration testing"
        }
      [32m+[0m[0m unique_id     = (known after apply)
    }

[1m  # module.security[0].aws_iam_user.test_user2[0m will be created
[0m  [32m+[0m[0m resource "aws_iam_user" "test_user2" {
      [32m+[0m[0m arn           = (known after apply)
      [32m+[0m[0m force_destroy = false
      [32m+[0m[0m id            = (known after apply)
      [32m+[0m[0m name          = "aws-test-infra-test-user2"
      [32m+[0m[0m path          = "/"
      [32m+[0m[0m tags          = {
          [32m+[0m[0m "CostCenter"  = "testing"
          [32m+[0m[0m "Environment" = "test"
          [32m+[0m[0m "ManagedBy"   = "terraform"
          [32m+[0m[0m "Name"        = "aws-test-infra-test-user2"
          [32m+[0m[0m "Project"     = "aws-test-infra"
          [32m+[0m[0m "Purpose"     = "Test IAM user for migration testing"
        }
      [32m+[0m[0m tags_all      = {
          [32m+[0m[0m "CostCenter"  = "testing"
          [32m+[0m[0m "Environment" = "test"
          [32m+[0m[0m "ManagedBy"   = "terraform"
          [32m+[0m[0m "Name"        = "aws-test-infra-test-user2"
          [32m+[0m[0m "Project"     = "aws-test-infra"
          [32m+[0m[0m "Purpose"     = "Test IAM user for migration testing"
        }
      [32m+[0m[0m unique_id     = (known after apply)
    }

[1m  # module.security[0].aws_iam_user_group_membership.test_user1[0m will be created
[0m  [32m+[0m[0m resource "aws_iam_user_group_membership" "test_user1" {
      [32m+[0m[0m groups = [
          [32m+[0m[0m "aws-test-infra-developers",
        ]
      [32m+[0m[0m id     = (known after apply)
      [32m+[0m[0m user   = "aws-test-infra-test-user1"
    }

[1m  # module.security[0].aws_iam_user_group_membership.test_user2[0m will be created
[0m  [32m+[0m[0m resource "aws_iam_user_group_membership" "test_user2" {
      [32m+[0m[0m groups = [
          [32m+[0m[0m "aws-test-infra-developers",
        ]
      [32m+[0m[0m id     = (known after apply)
      [32m+[0m[0m user   = "aws-test-infra-test-user2"
    }

[1m  # module.security[0].aws_iam_user_policy.test_user1_policy[0m will be created
[0m  [32m+[0m[0m resource "aws_iam_user_policy" "test_user1_policy" {
      [32m+[0m[0m id          = (known after apply)
      [32m+[0m[0m name        = "aws-test-infra-user1-policy"
      [32m+[0m[0m name_prefix = (known after apply)
      [32m+[0m[0m policy      = jsonencode(
            {
              [32m+[0m[0m Statement = [
                  [32m+[0m[0m {
                      [32m+[0m[0m Action   = [
                          [32m+[0m[0m "dynamodb:GetItem",
                          [32m+[0m[0m "dynamodb:Query",
                        ]
                      [32m+[0m[0m Effect   = "Allow"
                      [32m+[0m[0m Resource = "*"
                    },
                ]
              [32m+[0m[0m Version   = "2012-10-17"
            }
        )
      [32m+[0m[0m user        = "aws-test-infra-test-user1"
    }

[1m  # module.security[0].aws_iam_user_policy_attachment.test_user2_custom[0m will be created
[0m  [32m+[0m[0m resource "aws_iam_user_policy_attachment" "test_user2_custom" {
      [32m+[0m[0m id         = (known after apply)
      [32m+[0m[0m policy_arn = (known after apply)
      [32m+[0m[0m user       = "aws-test-infra-test-user2"
    }

[1m  # module.security[0].aws_kms_alias.main[0m will be created
[0m  [32m+[0m[0m resource "aws_kms_alias" "main" {
      [32m+[0m[0m arn            = (known after apply)
      [32m+[0m[0m id             = (known after apply)
      [32m+[0m[0m name           = "alias/aws-test-infra-key"
      [32m+[0m[0m name_prefix    = (known after apply)
      [32m+[0m[0m target_key_arn = (known after apply)
      [32m+[0m[0m target_key_id  = (known after apply)
    }

[1m  # module.security[0].aws_kms_key.main[0m will be created
[0m  [32m+[0m[0m resource "aws_kms_key" "main" {
      [32m+[0m[0m arn                                = (known after apply)
      [32m+[0m[0m bypass_policy_lockout_safety_check = false
      [32m+[0m[0m customer_master_key_spec           = "SYMMETRIC_DEFAULT"
      [32m+[0m[0m deletion_window_in_days            = 7
      [32m+[0m[0m description                        = "KMS key for aws-test-infra encryption"
      [32m+[0m[0m enable_key_rotation                = true
      [32m+[0m[0m id                                 = (known after apply)
      [32m+[0m[0m is_enabled                         = true
      [32m+[0m[0m key_id                             = (known after apply)
      [32m+[0m[0m key_usage                          = "ENCRYPT_DECRYPT"
      [32m+[0m[0m multi_region                       = (known after apply)
      [32m+[0m[0m policy                             = (known after apply)
      [32m+[0m[0m rotation_period_in_days            = (known after apply)
      [32m+[0m[0m tags                               = {
          [32m+[0m[0m "Name"    = "aws-test-infra-kms-key"
          [32m+[0m[0m "Project" = "aws-test-infra"
        }
      [32m+[0m[0m tags_all                           = {
          [32m+[0m[0m "CostCenter"  = "infrasyn-testing"
          [32m+[0m[0m "Environment" = "test"
          [32m+[0m[0m "ManagedBy"   = "terraform"
          [32m+[0m[0m "Name"        = "aws-test-infra-kms-key"
          [32m+[0m[0m "Project"     = "aws-test-infra"
        }
    }

[1m  # module.security[0].aws_secretsmanager_secret.api_keys[0m will be created
[0m  [32m+[0m[0m resource "aws_secretsmanager_secret" "api_keys" {
      [32m+[0m[0m arn                            = (known after apply)
      [32m+[0m[0m description                    = "API keys for aws-test-infra"
      [32m+[0m[0m force_overwrite_replica_secret = false
      [32m+[0m[0m id                             = (known after apply)
      [32m+[0m[0m kms_key_id                     = (known after apply)
      [32m+[0m[0m name                           = (known after apply)
      [32m+[0m[0m name_prefix                    = (known after apply)
      [32m+[0m[0m policy                         = (known after apply)
      [32m+[0m[0m recovery_window_in_days        = 7
      [32m+[0m[0m tags                           = {
          [32m+[0m[0m "CostCenter"  = "testing"
          [32m+[0m[0m "Environment" = "test"
          [32m+[0m[0m "ManagedBy"   = "terraform"
          [32m+[0m[0m "Name"        = "aws-test-infra-api-keys"
          [32m+[0m[0m "Project"     = "aws-test-infra"
          [32m+[0m[0m "Purpose"     = "API keys and tokens storage"
        }
      [32m+[0m[0m tags_all                       = {
          [32m+[0m[0m "CostCenter"  = "testing"
          [32m+[0m[0m "Environment" = "test"
          [32m+[0m[0m "ManagedBy"   = "terraform"
          [32m+[0m[0m "Name"        = "aws-test-infra-api-keys"
          [32m+[0m[0m "Project"     = "aws-test-infra"
          [32m+[0m[0m "Purpose"     = "API keys and tokens storage"
        }

      [32m+[0m[0m replica (known after apply)
    }

[1m  # module.security[0].aws_secretsmanager_secret.db_credentials[0m will be created
[0m  [32m+[0m[0m resource "aws_secretsmanager_secret" "db_credentials" {
      [32m+[0m[0m arn                            = (known after apply)
      [32m+[0m[0m description                    = "Database credentials for aws-test-infra"
      [32m+[0m[0m force_overwrite_replica_secret = false
      [32m+[0m[0m id                             = (known after apply)
      [32m+[0m[0m kms_key_id                     = (known after apply)
      [32m+[0m[0m name                           = (known after apply)
      [32m+[0m[0m name_prefix                    = (known after apply)
      [32m+[0m[0m policy                         = (known after apply)
      [32m+[0m[0m recovery_window_in_days        = 7
      [32m+[0m[0m tags                           = {
          [32m+[0m[0m "CostCenter"  = "testing"
          [32m+[0m[0m "Environment" = "test"
          [32m+[0m[0m "ManagedBy"   = "terraform"
          [32m+[0m[0m "Name"        = "aws-test-infra-db-credentials"
          [32m+[0m[0m "Project"     = "aws-test-infra"
          [32m+[0m[0m "Purpose"     = "Database credentials storage"
        }
      [32m+[0m[0m tags_all                       = {
          [32m+[0m[0m "CostCenter"  = "testing"
          [32m+[0m[0m "Environment" = "test"
          [32m+[0m[0m "ManagedBy"   = "terraform"
          [32m+[0m[0m "Name"        = "aws-test-infra-db-credentials"
          [32m+[0m[0m "Project"     = "aws-test-infra"
          [32m+[0m[0m "Purpose"     = "Database credentials storage"
        }

      [32m+[0m[0m replica (known after apply)
    }

[1m  # module.security[0].aws_secretsmanager_secret_version.api_keys[0m will be created
[0m  [32m+[0m[0m resource "aws_secretsmanager_secret_version" "api_keys" {
      [32m+[0m[0m arn                  = (known after apply)
      [32m+[0m[0m has_secret_string_wo = (known after apply)
      [32m+[0m[0m id                   = (known after apply)
      [32m+[0m[0m secret_id            = (known after apply)
      [32m+[0m[0m secret_string        = (sensitive value)
      [32m+[0m[0m secret_string_wo     = (write-only attribute)
      [32m+[0m[0m version_id           = (known after apply)
      [32m+[0m[0m version_stages       = (known after apply)
    }

[1m  # module.security[0].aws_secretsmanager_secret_version.db_credentials[0m will be created
[0m  [32m+[0m[0m resource "aws_secretsmanager_secret_version" "db_credentials" {
      [32m+[0m[0m arn                  = (known after apply)
      [32m+[0m[0m has_secret_string_wo = (known after apply)
      [32m+[0m[0m id                   = (known after apply)
      [32m+[0m[0m secret_id            = (known after apply)
      [32m+[0m[0m secret_string        = (sensitive value)
      [32m+[0m[0m secret_string_wo     = (write-only attribute)
      [32m+[0m[0m version_id           = (known after apply)
      [32m+[0m[0m version_stages       = (known after apply)
    }

[1m  # module.security[0].random_id.secret_suffix[0m will be created
[0m  [32m+[0m[0m resource "random_id" "secret_suffix" {
      [32m+[0m[0m b64_std     = (known after apply)
      [32m+[0m[0m b64_url     = (known after apply)
      [32m+[0m[0m byte_length = 4
      [32m+[0m[0m dec         = (known after apply)
      [32m+[0m[0m hex         = (known after apply)
      [32m+[0m[0m id          = (known after apply)
    }

[1m  # module.storage[0].aws_ebs_volume.data[0m will be created
[0m  [32m+[0m[0m resource "aws_ebs_volume" "data" {
      [32m+[0m[0m arn               = (known after apply)
      [32m+[0m[0m availability_zone = "ap-south-1a"
      [32m+[0m[0m create_time       = (known after apply)
      [32m+[0m[0m encrypted         = true
      [32m+[0m[0m final_snapshot    = false
      [32m+[0m[0m id                = (known after apply)
      [32m+[0m[0m iops              = (known after apply)
      [32m+[0m[0m kms_key_id        = (known after apply)
      [32m+[0m[0m size              = 8
      [32m+[0m[0m snapshot_id       = (known after apply)
      [32m+[0m[0m tags              = {
          [32m+[0m[0m "CostCenter"  = "testing"
          [32m+[0m[0m "Environment" = "test"
          [32m+[0m[0m "ManagedBy"   = "terraform"
          [32m+[0m[0m "Name"        = "aws-test-infra-data-volume"
          [32m+[0m[0m "Project"     = "aws-test-infra"
          [32m+[0m[0m "Purpose"     = "Additional EBS volume for EC2 instance"
        }
      [32m+[0m[0m tags_all          = {
          [32m+[0m[0m "CostCenter"  = "testing"
          [32m+[0m[0m "Environment" = "test"
          [32m+[0m[0m "ManagedBy"   = "terraform"
          [32m+[0m[0m "Name"        = "aws-test-infra-data-volume"
          [32m+[0m[0m "Project"     = "aws-test-infra"
          [32m+[0m[0m "Purpose"     = "Additional EBS volume for EC2 instance"
        }
      [32m+[0m[0m throughput        = (known after apply)
      [32m+[0m[0m type              = "gp3"
    }

[1m  # module.storage[0].aws_s3_bucket.encrypted[0m will be created
[0m  [32m+[0m[0m resource "aws_s3_bucket" "encrypted" {
      [32m+[0m[0m acceleration_status         = (known after apply)
      [32m+[0m[0m acl                         = (known after apply)
      [32m+[0m[0m arn                         = (known after apply)
      [32m+[0m[0m bucket                      = (known after apply)
      [32m+[0m[0m bucket_domain_name          = (known after apply)
      [32m+[0m[0m bucket_prefix               = (known after apply)
      [32m+[0m[0m bucket_regional_domain_name = (known after apply)
      [32m+[0m[0m force_destroy               = true
      [32m+[0m[0m hosted_zone_id              = (known after apply)
      [32m+[0m[0m id                          = (known after apply)
      [32m+[0m[0m object_lock_enabled         = (known after apply)
      [32m+[0m[0m policy                      = (known after apply)
      [32m+[0m[0m region                      = (known after apply)
      [32m+[0m[0m request_payer               = (known after apply)
      [32m+[0m[0m tags                        = {
          [32m+[0m[0m "CostCenter"  = "testing"
          [32m+[0m[0m "Environment" = "test"
          [32m+[0m[0m "ManagedBy"   = "terraform"
          [32m+[0m[0m "Name"        = "aws-test-infra-encrypted-bucket"
          [32m+[0m[0m "Project"     = "aws-test-infra"
          [32m+[0m[0m "Purpose"     = "S3 bucket with KMS encryption"
        }
      [32m+[0m[0m tags_all                    = {
          [32m+[0m[0m "CostCenter"  = "testing"
          [32m+[0m[0m "Environment" = "test"
          [32m+[0m[0m "ManagedBy"   = "terraform"
          [32m+[0m[0m "Name"        = "aws-test-infra-encrypted-bucket"
          [32m+[0m[0m "Project"     = "aws-test-infra"
          [32m+[0m[0m "Purpose"     = "S3 bucket with KMS encryption"
        }
      [32m+[0m[0m website_domain              = (known after apply)
      [32m+[0m[0m website_endpoint            = (known after apply)

      [32m+[0m[0m cors_rule (known after apply)

      [32m+[0m[0m grant (known after apply)

      [32m+[0m[0m lifecycle_rule (known after apply)

      [32m+[0m[0m logging (known after apply)

      [32m+[0m[0m object_lock_configuration (known after apply)

      [32m+[0m[0m replication_configuration (known after apply)

      [32m+[0m[0m server_side_encryption_configuration (known after apply)

      [32m+[0m[0m versioning (known after apply)

      [32m+[0m[0m website (known after apply)
    }

[1m  # module.storage[0].aws_s3_bucket.versioned[0m will be created
[0m  [32m+[0m[0m resource "aws_s3_bucket" "versioned" {
      [32m+[0m[0m acceleration_status         = (known after apply)
      [32m+[0m[0m acl                         = (known after apply)
      [32m+[0m[0m arn                         = (known after apply)
      [32m+[0m[0m bucket                      = (known after apply)
      [32m+[0m[0m bucket_domain_name          = (known after apply)
      [32m+[0m[0m bucket_prefix               = (known after apply)
      [32m+[0m[0m bucket_regional_domain_name = (known after apply)
      [32m+[0m[0m force_destroy               = true
      [32m+[0m[0m hosted_zone_id              = (known after apply)
      [32m+[0m[0m id                          = (known after apply)
      [32m+[0m[0m object_lock_enabled         = (known after apply)
      [32m+[0m[0m policy                      = (known after apply)
      [32m+[0m[0m region                      = (known after apply)
      [32m+[0m[0m request_payer               = (known after apply)
      [32m+[0m[0m tags                        = {
          [32m+[0m[0m "CostCenter"  = "testing"
          [32m+[0m[0m "Environment" = "test"
          [32m+[0m[0m "ManagedBy"   = "terraform"
          [32m+[0m[0m "Name"        = "aws-test-infra-versioned-bucket"
          [32m+[0m[0m "Project"     = "aws-test-infra"
          [32m+[0m[0m "Purpose"     = "S3 bucket with versioning and lifecycle policies"
        }
      [32m+[0m[0m tags_all                    = {
          [32m+[0m[0m "CostCenter"  = "testing"
          [32m+[0m[0m "Environment" = "test"
          [32m+[0m[0m "ManagedBy"   = "terraform"
          [32m+[0m[0m "Name"        = "aws-test-infra-versioned-bucket"
          [32m+[0m[0m "Project"     = "aws-test-infra"
          [32m+[0m[0m "Purpose"     = "S3 bucket with versioning and lifecycle policies"
        }
      [32m+[0m[0m website_domain              = (known after apply)
      [32m+[0m[0m website_endpoint            = (known after apply)

      [32m+[0m[0m cors_rule (known after apply)

      [32m+[0m[0m grant (known after apply)

      [32m+[0m[0m lifecycle_rule (known after apply)

      [32m+[0m[0m logging (known after apply)

      [32m+[0m[0m object_lock_configuration (known after apply)

      [32m+[0m[0m replication_configuration (known after apply)

      [32m+[0m[0m server_side_encryption_configuration (known after apply)

      [32m+[0m[0m versioning (known after apply)

      [32m+[0m[0m website (known after apply)
    }

[1m  # module.storage[0].aws_s3_bucket_lifecycle_configuration.versioned[0m will be created
[0m  [32m+[0m[0m resource "aws_s3_bucket_lifecycle_configuration" "versioned" {
      [32m+[0m[0m bucket                                 = (known after apply)
      [32m+[0m[0m expected_bucket_owner                  = (known after apply)
      [32m+[0m[0m id                                     = (known after apply)
      [32m+[0m[0m transition_default_minimum_object_size = "all_storage_classes_128K"

      [32m+[0m[0m rule {
          [32m+[0m[0m id     = "transition-old-versions"
          [32m+[0m[0m status = "Enabled"
            [90m# (1 unchanged attribute hidden)[0m[0m

          [32m+[0m[0m filter {
                [90m# (1 unchanged attribute hidden)[0m[0m
            }

          [32m+[0m[0m noncurrent_version_expiration {
              [32m+[0m[0m noncurrent_days = 365
            }

          [32m+[0m[0m noncurrent_version_transition {
              [32m+[0m[0m noncurrent_days = 30
              [32m+[0m[0m storage_class   = "STANDARD_IA"
            }
          [32m+[0m[0m noncurrent_version_transition {
              [32m+[0m[0m noncurrent_days = 90
              [32m+[0m[0m storage_class   = "GLACIER"
            }
        }
      [32m+[0m[0m rule {
          [32m+[0m[0m id     = "expire-old-objects"
          [32m+[0m[0m status = "Enabled"
            [90m# (1 unchanged attribute hidden)[0m[0m

          [32m+[0m[0m expiration {
              [32m+[0m[0m days                         = 90
              [32m+[0m[0m expired_object_delete_marker = false
            }

          [32m+[0m[0m filter {
              [32m+[0m[0m prefix = "temp/"
            }
        }
    }

[1m  # module.storage[0].aws_s3_bucket_logging.encrypted[0m will be created
[0m  [32m+[0m[0m resource "aws_s3_bucket_logging" "encrypted" {
      [32m+[0m[0m bucket        = (known after apply)
      [32m+[0m[0m id            = (known after apply)
      [32m+[0m[0m target_bucket = (known after apply)
      [32m+[0m[0m target_prefix = "logs/"
    }

[1m  # module.storage[0].aws_s3_bucket_public_access_block.encrypted[0m will be created
[0m  [32m+[0m[0m resource "aws_s3_bucket_public_access_block" "encrypted" {
      [32m+[0m[0m block_public_acls       = true
      [32m+[0m[0m block_public_policy     = true
      [32m+[0m[0m bucket                  = (known after apply)
      [32m+[0m[0m id                      = (known after apply)
      [32m+[0m[0m ignore_public_acls      = true
      [32m+[0m[0m restrict_public_buckets = true
    }

[1m  # module.storage[0].aws_s3_bucket_public_access_block.versioned[0m will be created
[0m  [32m+[0m[0m resource "aws_s3_bucket_public_access_block" "versioned" {
      [32m+[0m[0m block_public_acls       = true
      [32m+[0m[0m block_public_policy     = true
      [32m+[0m[0m bucket                  = (known after apply)
      [32m+[0m[0m id                      = (known after apply)
      [32m+[0m[0m ignore_public_acls      = true
      [32m+[0m[0m restrict_public_buckets = true
    }

[1m  # module.storage[0].aws_s3_bucket_server_side_encryption_configuration.encrypted[0m will be created
[0m  [32m+[0m[0m resource "aws_s3_bucket_server_side_encryption_configuration" "encrypted" {
      [32m+[0m[0m bucket = (known after apply)
      [32m+[0m[0m id     = (known after apply)

      [32m+[0m[0m rule {
          [32m+[0m[0m bucket_key_enabled = true

          [32m+[0m[0m apply_server_side_encryption_by_default {
              [32m+[0m[0m kms_master_key_id = (known after apply)
              [32m+[0m[0m sse_algorithm     = (known after apply)
            }
        }
    }

[1m  # module.storage[0].aws_s3_bucket_versioning.versioned[0m will be created
[0m  [32m+[0m[0m resource "aws_s3_bucket_versioning" "versioned" {
      [32m+[0m[0m bucket = (known after apply)
      [32m+[0m[0m id     = (known after apply)

      [32m+[0m[0m versioning_configuration {
          [32m+[0m[0m mfa_delete = (known after apply)
          [32m+[0m[0m status     = "Enabled"
        }
    }

[1m  # module.storage[0].random_id.bucket_suffix[0m will be created
[0m  [32m+[0m[0m resource "random_id" "bucket_suffix" {
      [32m+[0m[0m b64_std     = (known after apply)
      [32m+[0m[0m b64_url     = (known after apply)
      [32m+[0m[0m byte_length = 4
      [32m+[0m[0m dec         = (known after apply)
      [32m+[0m[0m hex         = (known after apply)
      [32m+[0m[0m id          = (known after apply)
    }

[1mPlan:[0m 154 to add, 0 to change, 0 to destroy.
[0m
Changes to Outputs:
  [32m+[0m[0m api_gateway_endpoint          = (known after apply)
  [32m+[0m[0m api_gateway_id                = (known after apply)
  [32m+[0m[0m autoscaling_group_name        = "aws-test-infra-asg"
  [32m+[0m[0m aws_region                    = "ap-south-1"
  [32m+[0m[0m cloudtrail_arn                = (known after apply)
  [32m+[0m[0m cloudwatch_dashboard_name     = "aws-test-infra-dashboard"
  [32m+[0m[0m codebuild_project_name        = "aws-test-infra-build"
  [32m+[0m[0m codecommit_repository_url     = (known after apply)
  [32m+[0m[0m cost_breakdown                = {
      [32m+[0m[0m api           = "$0.00"
      [32m+[0m[0m code_services = "$0.00"
      [32m+[0m[0m compute       = "$8.35"
      [32m+[0m[0m container     = "$5.10"
      [32m+[0m[0m database      = "$14.71"
      [32m+[0m[0m messaging     = "$0.00"
      [32m+[0m[0m monitoring    = "$0.22"
      [32m+[0m[0m networking    = "$7.30"
      [32m+[0m[0m orchestration = "$0.00"
      [32m+[0m[0m route53       = "$0.50"
      [32m+[0m[0m security      = "$0.80"
      [32m+[0m[0m storage       = "$0.70"
    }
  [32m+[0m[0m cost_breakdown_detailed       = {
      [32m+[0m[0m api           = {
          [32m+[0m[0m cost    = 0
          [32m+[0m[0m details = "API Gateway (free tier)"
          [32m+[0m[0m enabled = true
        }
      [32m+[0m[0m code_services = {
          [32m+[0m[0m cost    = 0
          [32m+[0m[0m details = "CodeCommit + CodeBuild (free tier)"
          [32m+[0m[0m enabled = true
        }
      [32m+[0m[0m compute       = {
          [32m+[0m[0m cost    = 8.35
          [32m+[0m[0m details = "1 t2.micro EC2 instance (24/7)"
          [32m+[0m[0m enabled = true
        }
      [32m+[0m[0m container     = {
          [32m+[0m[0m cost    = 5.1
          [32m+[0m[0m details = "ECR + ECS Fargate (minimal)"
          [32m+[0m[0m enabled = true
        }
      [32m+[0m[0m database      = {
          [32m+[0m[0m cost    = 14.71
          [32m+[0m[0m details = "DynamoDB + RDS db.t3.micro"
          [32m+[0m[0m enabled = true
        }
      [32m+[0m[0m messaging     = {
          [32m+[0m[0m cost    = 0
          [32m+[0m[0m details = "SNS + SQS (free tier)"
          [32m+[0m[0m enabled = true
        }
      [32m+[0m[0m monitoring    = {
          [32m+[0m[0m cost    = 0.223
          [32m+[0m[0m details = "CloudWatch + CloudTrail"
          [32m+[0m[0m enabled = true
        }
      [32m+[0m[0m networking    = {
          [32m+[0m[0m cost    = 7.3
          [32m+[0m[0m details = "Includes Lambda VPC Endpoint"
          [32m+[0m[0m enabled = true
        }
      [32m+[0m[0m orchestration = {
          [32m+[0m[0m cost    = 0
          [32m+[0m[0m details = "Step Functions + EventBridge (free tier)"
          [32m+[0m[0m enabled = true
        }
      [32m+[0m[0m route53       = {
          [32m+[0m[0m cost    = 0.5
          [32m+[0m[0m details = "Hosted zone for linxu.in"
          [32m+[0m[0m enabled = true
        }
      [32m+[0m[0m security      = {
          [32m+[0m[0m cost    = 0.8
          [32m+[0m[0m details = "2 Secrets Manager secrets"
          [32m+[0m[0m enabled = true
        }
      [32m+[0m[0m storage       = {
          [32m+[0m[0m cost    = 0.704
          [32m+[0m[0m details = "8GB EBS volume"
          [32m+[0m[0m enabled = true
        }
    }
  [32m+[0m[0m cost_optimization_suggestions = [
      [32m+[0m[0m "No optimization needed - within budget",
    ]
  [32m+[0m[0m cost_validation_status        = {
      [32m+[0m[0m budget_limit   = 100
      [32m+[0m[0m estimated_cost = 37.687
      [32m+[0m[0m utilization    = "37.7%"
      [32m+[0m[0m warning        = ""
      [32m+[0m[0m within_budget  = true
    }
  [32m+[0m[0m dynamodb_table_names          = [
      [32m+[0m[0m "aws-test-infra-simple-table",
      [32m+[0m[0m "aws-test-infra-composite-table",
    ]
  [32m+[0m[0m ebs_volume_id                 = (known after apply)
  [32m+[0m[0m ec2_instance_id               = (known after apply)
  [32m+[0m[0m ec2_instance_profile_name     = "aws-test-infra-ec2-instance-profile"
  [32m+[0m[0m ec2_instance_public_ip        = (known after apply)
  [32m+[0m[0m ec2_key_pair_name             = "aws-test-infra-ec2-key"
  [32m+[0m[0m ec2_private_key_file          = "./aws-test-infra-ec2-key.pem"
  [32m+[0m[0m ecr_repository_url            = (known after apply)
  [32m+[0m[0m ecs_cluster_name              = "aws-test-infra-cluster"
  [32m+[0m[0m ecs_service_name              = "aws-test-infra-service"
  [32m+[0m[0m estimated_monthly_cost        = "$37.69"
  [32m+[0m[0m eventbridge_rule_names        = [
      [32m+[0m[0m "aws-test-infra-scheduled-6h",
      [32m+[0m[0m "aws-test-infra-scheduled-daily",
    ]
  [32m+[0m[0m infrastructure_summary        = {
      [32m+[0m[0m estimated_cost  = "$37.69"
      [32m+[0m[0m modules_enabled = {
          [32m+[0m[0m api           = true
          [32m+[0m[0m code_services = true
          [32m+[0m[0m compute       = true
          [32m+[0m[0m container     = true
          [32m+[0m[0m database      = true
          [32m+[0m[0m messaging     = true
          [32m+[0m[0m monitoring    = true
          [32m+[0m[0m networking    = true
          [32m+[0m[0m orchestration = true
          [32m+[0m[0m route53       = true
          [32m+[0m[0m security      = true
          [32m+[0m[0m storage       = true
        }
      [32m+[0m[0m project_name    = "aws-test-infra"
      [32m+[0m[0m region          = "ap-south-1"
      [32m+[0m[0m resource_counts = {
          [32m+[0m[0m api_gateways       = 1
          [32m+[0m[0m cloudwatch_alarms  = 2
          [32m+[0m[0m codebuild_projects = 1
          [32m+[0m[0m codecommit_repos   = 1
          [32m+[0m[0m dynamodb_tables    = 2
          [32m+[0m[0m ebs_volumes        = 1
          [32m+[0m[0m ec2_instances      = 1
          [32m+[0m[0m ecr_repositories   = 1
          [32m+[0m[0m ecs_clusters       = 1
          [32m+[0m[0m eventbridge_rules  = 2
          [32m+[0m[0m iam_roles          = 7
          [32m+[0m[0m kms_keys           = 1
          [32m+[0m[0m lambda_functions   = 2
          [32m+[0m[0m rds_instances      = 1
          [32m+[0m[0m route53_zones      = 1
          [32m+[0m[0m s3_buckets         = 2
          [32m+[0m[0m secrets            = 2
          [32m+[0m[0m security_groups    = 4
          [32m+[0m[0m sns_topics         = 2
          [32m+[0m[0m sqs_queues         = 3
          [32m+[0m[0m state_machines     = 1
          [32m+[0m[0m subnets            = 4
          [32m+[0m[0m vpc                = 1
          [32m+[0m[0m vpc_endpoints      = 3
        }
    }
  [32m+[0m[0m kms_key_id                    = (known after apply)
  [32m+[0m[0m lambda_execution_role_arn     = (known after apply)
  [32m+[0m[0m lambda_function_arns          = [
      [32m+[0m[0m (known after apply),
      [32m+[0m[0m (known after apply),
    ]
  [32m+[0m[0m log_group_names               = [
      [32m+[0m[0m "/aws/lambda/aws-test-infra-python-function",
      [32m+[0m[0m "/aws/lambda/aws-test-infra-nodejs-function",
      [32m+[0m[0m "/aws/ec2/aws-test-infra",
    ]
  [32m+[0m[0m private_subnet_ids            = [
      [32m+[0m[0m (known after apply),
      [32m+[0m[0m (known after apply),
    ]
  [32m+[0m[0m project_name                  = "aws-test-infra"
  [32m+[0m[0m public_subnet_ids             = [
      [32m+[0m[0m (known after apply),
      [32m+[0m[0m (known after apply),
    ]
  [32m+[0m[0m rds_endpoint                  = (known after apply)
  [32m+[0m[0m resource_summary              = {
      [32m+[0m[0m api           = "API Gateway REST API"
      [32m+[0m[0m code_services = "CodeCommit, CodeBuild"
      [32m+[0m[0m compute       = "Lambda Functions, EC2 Instance, Auto Scaling Group"
      [32m+[0m[0m container     = "ECR Repository, ECS Cluster/Service"
      [32m+[0m[0m database      = "DynamoDB Tables, RDS Instance"
      [32m+[0m[0m messaging     = "SNS Topics, SQS Queues"
      [32m+[0m[0m monitoring    = "CloudWatch Logs/Alarms/Dashboard, CloudTrail"
      [32m+[0m[0m networking    = "VPC, Subnets, Security Groups, Internet Gateway"
      [32m+[0m[0m orchestration = "Step Functions, EventBridge"
      [32m+[0m[0m route53       = "Hosted Zone for linxu.in"
      [32m+[0m[0m security      = "IAM Roles, KMS Key, Secrets Manager"
      [32m+[0m[0m storage       = "S3 Buckets, EBS Volumes"
    }
  [32m+[0m[0m route53_hosted_zone_id        = (known after apply)
  [32m+[0m[0m route53_name_servers          = (known after apply)
  [32m+[0m[0m route53_zone_arn              = (known after apply)
  [32m+[0m[0m s3_bucket_names               = [
      [32m+[0m[0m (known after apply),
      [32m+[0m[0m (known after apply),
    ]
  [32m+[0m[0m secrets_manager_secret_arns   = [
      [32m+[0m[0m (known after apply),
      [32m+[0m[0m (known after apply),
    ]
  [32m+[0m[0m security_group_ids            = {
      [32m+[0m[0m database = (known after apply)
      [32m+[0m[0m ecs      = (known after apply)
      [32m+[0m[0m lambda   = (known after apply)
      [32m+[0m[0m web      = (known after apply)
    }
  [32m+[0m[0m sns_topic_arns                = [
      [32m+[0m[0m (known after apply),
      [32m+[0m[0m (known after apply),
    ]
  [32m+[0m[0m sqs_queue_urls                = [
      [32m+[0m[0m (known after apply),
      [32m+[0m[0m (known after apply),
    ]
  [32m+[0m[0m state_machine_arn             = (known after apply)
  [32m+[0m[0m vpc_endpoint_dynamodb_id      = (known after apply)
  [32m+[0m[0m vpc_endpoint_lambda_id        = (known after apply)
  [32m+[0m[0m vpc_endpoint_s3_id            = (known after apply)
  [32m+[0m[0m vpc_id                        = (known after apply)
[0m[1mmodule.storage[0].random_id.bucket_suffix: Creating...[0m[0m
[0m[1mmodule.security[0].random_id.secret_suffix: Creating...[0m[0m
[0m[1mmodule.storage[0].random_id.bucket_suffix: Creation complete after 0s [id=urT6wg][0m
[0m[1mmodule.security[0].random_id.secret_suffix: Creation complete after 1s [id=btOopQ][0m
[0m[1mmodule.security[0].aws_iam_user.test_user1: Creating...[0m[0m
[0m[1mmodule.security[0].aws_iam_role.ec2_instance: Creating...[0m[0m
[0m[1mmodule.security[0].aws_iam_role.lambda_execution: Creating...[0m[0m
[0m[1mmodule.storage[0].aws_s3_bucket.versioned: Creating...[0m[0m
[0m[1mmodule.security[0].aws_iam_role.ecs_task_execution: Creating...[0m[0m
[0m[1mmodule.security[0].aws_iam_role.codebuild: Creating...[0m[0m
[0m[1mmodule.security[0].aws_kms_key.main: Creating...[0m[0m
[0m[1mmodule.route53[0].aws_route53_zone.main: Creating...[0m[0m
[0m[1mmodule.security[0].aws_iam_role.ecs_task: Creating...[0m[0m
[0m[1mmodule.storage[0].aws_s3_bucket.encrypted: Creating...[0m[0m
[0m[1mmodule.security[0].aws_iam_user.test_user1: Creation complete after 1s [id=aws-test-infra-test-user1][0m
[0m[1mmodule.storage[0].aws_s3_bucket.versioned: Creation complete after 1s [id=aws-test-infra-versioned-bab4fac2][0m
[0m[1mmodule.security[0].aws_iam_group.developers: Creating...[0m[0m
[0m[1mmodule.security[0].aws_iam_user.test_user2: Creating...[0m[0m
[0m[1mmodule.storage[0].aws_s3_bucket.encrypted: Creation complete after 1s [id=aws-test-infra-encrypted-bab4fac2][0m
[0m[1mmodule.security[0].aws_iam_role.step_functions: Creating...[0m[0m
[0m[1mmodule.security[0].aws_iam_role.lambda_execution: Creation complete after 2s [id=aws-test-infra-lambda-execution-role][0m
[0m[1mmodule.security[0].aws_iam_role.ec2_instance: Creation complete after 2s [id=aws-test-infra-ec2-instance-role][0m
[0m[1mmodule.networking[0].aws_vpc.main: Creating...[0m[0m
[0m[1mmodule.security[0].aws_iam_role.codebuild: Creation complete after 2s [id=aws-test-infra-codebuild-role][0m
[0m[1mmodule.security[0].aws_iam_role.ecs_task_execution: Creation complete after 2s [id=aws-test-infra-ecs-task-execution-role][0m
[0m[1mmodule.security[0].aws_iam_policy.custom_policy: Creating...[0m[0m
[0m[1mmodule.security[0].aws_iam_user_policy.test_user1_policy: Creating...[0m[0m
[0m[1mmodule.security[0].aws_iam_access_key.test_user1: Creating...[0m[0m
[0m[1mmodule.security[0].aws_iam_user.test_user2: Creation complete after 1s [id=aws-test-infra-test-user2][0m
[0m[1mmodule.security[0].aws_iam_role.ecs_task: Creation complete after 3s [id=aws-test-infra-ecs-task-role][0m
[0m[1mmodule.storage[0].aws_s3_bucket_public_access_block.versioned: Creating...[0m[0m
[0m[1mmodule.storage[0].aws_s3_bucket_public_access_block.versioned: Creation complete after 0s [id=aws-test-infra-versioned-bab4fac2][0m
[0m[1mmodule.security[0].aws_iam_group.developers: Creation complete after 2s [id=aws-test-infra-developers][0m
[0m[1mmodule.security[0].aws_iam_access_key.test_user1: Creation complete after 1s [id=AKIARSVZLBPNIXQ4TVXP][0m
[0m[1mmodule.storage[0].aws_s3_bucket_public_access_block.encrypted: Creating...[0m[0m
[0m[1mmodule.storage[0].aws_s3_bucket_versioning.versioned: Creating...[0m[0m
[0m[1mmodule.storage[0].aws_s3_bucket_lifecycle_configuration.versioned: Creating...[0m[0m
[0m[1mmodule.storage[0].aws_s3_bucket_logging.encrypted: Creating...[0m[0m
[0m[1mmodule.storage[0].aws_s3_bucket_public_access_block.encrypted: Creation complete after 0s [id=aws-test-infra-encrypted-bab4fac2][0m
[0m[1mmodule.security[0].aws_iam_role.step_functions: Creation complete after 2s [id=aws-test-infra-step-functions-role][0m
[0m[1mmodule.security[0].aws_iam_role_policy_attachment.lambda_vpc_execution: Creating...[0m[0m
[0m[1mmodule.security[0].aws_iam_role_policy.ec2_instance: Creating...[0m[0m
[0m[1mmodule.security[0].aws_iam_policy.custom_policy: Creation complete after 1s [id=arn:aws:iam::108836621274:policy/aws-test-infra-custom-policy][0m
[0m[1mmodule.security[0].aws_iam_user_policy.test_user1_policy: Creation complete after 1s [id=aws-test-infra-test-user1:aws-test-infra-user1-policy][0m
[0m[1mmodule.storage[0].aws_s3_bucket_logging.encrypted: Creation complete after 0s [id=aws-test-infra-encrypted-bab4fac2][0m
[0m[1mmodule.security[0].aws_iam_role_policy_attachment.ec2_ssm: Creating...[0m[0m
[0m[1mmodule.security[0].aws_iam_role_policy.ec2_s3_full_access: Creating...[0m[0m
[0m[1mmodule.security[0].aws_iam_instance_profile.ec2: Creating...[0m[0m
[0m[1mmodule.security[0].aws_iam_role_policy_attachment.lambda_vpc_execution: Creation complete after 1s [id=aws-test-infra-lambda-execution-role-20260223123051673800000002][0m
[0m[1mmodule.security[0].aws_iam_role_policy.codebuild: Creating...[0m[0m
[0m[1mmodule.security[0].aws_iam_role_policy_attachment.ec2_ssm: Creation complete after 1s [id=aws-test-infra-ec2-instance-role-20260223123051927100000003][0m
[0m[1mmodule.security[0].aws_iam_role_policy_attachment.ecs_task_execution: Creating...[0m[0m
[0m[1mmodule.security[0].aws_iam_role_policy.ec2_instance: Creation complete after 1s [id=aws-test-infra-ec2-instance-role:aws-test-infra-ec2-instance-policy][0m
[0m[1mmodule.security[0].aws_iam_role_policy.ecs_task: Creating...[0m[0m
[0m[1mmodule.storage[0].aws_s3_bucket_versioning.versioned: Creation complete after 1s [id=aws-test-infra-versioned-bab4fac2][0m
[0m[1mmodule.security[0].aws_iam_group_policy.developer_policy: Creating...[0m[0m
[0m[1mmodule.security[0].aws_iam_role_policy.ec2_s3_full_access: Creation complete after 2s [id=aws-test-infra-ec2-instance-role:aws-test-infra-ec2-s3-full-access-policy][0m
[0m[1mmodule.security[0].aws_iam_user_group_membership.test_user2: Creating...[0m[0m
[0m[1mmodule.security[0].aws_iam_role_policy_attachment.ecs_task_execution: Creation complete after 1s [id=aws-test-infra-ecs-task-execution-role-20260223123052769700000004][0m
[0m[1mmodule.security[0].aws_iam_role_policy.codebuild: Creation complete after 1s [id=aws-test-infra-codebuild-role:aws-test-infra-codebuild-policy][0m
[0m[1mmodule.security[0].aws_iam_group_policy_attachment.developer_readonly: Creating...[0m[0m
[0m[1mmodule.security[0].aws_iam_user_group_membership.test_user1: Creating...[0m[0m
[0m[1mmodule.security[0].aws_iam_role_policy.ecs_task: Creation complete after 1s [id=aws-test-infra-ecs-task-role:aws-test-infra-ecs-task-policy][0m
[0m[1mmodule.security[0].aws_iam_user_group_membership.test_user2: Creation complete after 1s [id=terraform-20260223123053158700000005][0m
[0m[1mmodule.security[0].aws_iam_role_policy.step_functions: Creating...[0m[0m
[0m[1mmodule.security[0].aws_iam_user_policy_attachment.test_user2_custom: Creating...[0m[0m
[0m[1mmodule.security[0].aws_iam_group_policy.developer_policy: Creation complete after 1s [id=aws-test-infra-developers:aws-test-infra-developer-policy][0m
[0m[1mnull_resource.cost_validation: Creating...[0m[0m
[0m[1mnull_resource.cost_validation: Creation complete after 0s [id=2360614957210013060][0m
[0m[1mmodule.security[0].aws_iam_group_policy_attachment.developer_readonly: Creation complete after 1s [id=aws-test-infra-developers-20260223123053691200000006][0m
[0m[1mmodule.security[0].aws_iam_user_group_membership.test_user1: Creation complete after 1s [id=terraform-20260223123053721600000007][0m
[0m[1mmodule.security[0].aws_iam_user_policy_attachment.test_user2_custom: Creation complete after 0s [id=aws-test-infra-test-user2-20260223123053957400000008][0m
[0m[1mmodule.security[0].aws_iam_role_policy.step_functions: Creation complete after 1s [id=aws-test-infra-step-functions-role:aws-test-infra-step-functions-policy][0m
[0m[1mmodule.security[0].aws_kms_key.main: Creation complete after 9s [id=a4f02677-a8d7-42ae-a8fc-d7f28e06d5ad][0m
[0m[1mmodule.security[0].aws_iam_role_policy.lambda_execution: Creating...[0m[0m
[0m[1mmodule.security[0].aws_iam_role_policy.ecs_task_execution: Creating...[0m[0m
[0m[1mmodule.security[0].aws_kms_alias.main: Creating...[0m[0m
[0m[1mmodule.security[0].aws_secretsmanager_secret.db_credentials: Creating...[0m[0m
[0m[1mmodule.security[0].aws_secretsmanager_secret.api_keys: Creating...[0m[0m
[0m[1mmodule.storage[0].aws_s3_bucket_server_side_encryption_configuration.encrypted: Creating...[0m[0m
[0m[1mmodule.security[0].aws_kms_alias.main: Creation complete after 0s [id=alias/aws-test-infra-key][0m
[0m[1mmodule.storage[0].aws_ebs_volume.data: Creating...[0m[0m
[0m[1mmodule.security[0].aws_secretsmanager_secret.db_credentials: Creation complete after 0s [id=arn:aws:secretsmanager:ap-south-1:108836621274:secret:aws-test-infra-db-credentials-6ed3a8a5-dsnajG][0m
[0m[1mmodule.security[0].aws_secretsmanager_secret.api_keys: Creation complete after 0s [id=arn:aws:secretsmanager:ap-south-1:108836621274:secret:aws-test-infra-api-keys-6ed3a8a5-FuxuDG][0m
[0m[1mmodule.security[0].aws_secretsmanager_secret_version.api_keys: Creating...[0m[0m
[0m[1mmodule.security[0].aws_secretsmanager_secret_version.db_credentials: Creating...[0m[0m
[0m[1mmodule.storage[0].aws_s3_bucket_server_side_encryption_configuration.encrypted: Creation complete after 0s [id=aws-test-infra-encrypted-bab4fac2][0m
[0m[1mmodule.security[0].aws_secretsmanager_secret_version.api_keys: Creation complete after 0s [id=arn:aws:secretsmanager:ap-south-1:108836621274:secret:aws-test-infra-api-keys-6ed3a8a5-FuxuDG|terraform-2026022312305705070000000c][0m
[0m[1mmodule.security[0].aws_secretsmanager_secret_version.db_credentials: Creation complete after 0s [id=arn:aws:secretsmanager:ap-south-1:108836621274:secret:aws-test-infra-db-credentials-6ed3a8a5-dsnajG|terraform-2026022312305705820000000d][0m
[0m[1mmodule.route53[0].aws_route53_zone.main: Still creating... [00m10s elapsed][0m[0m
[0m[1mmodule.security[0].aws_iam_role_policy.lambda_execution: Creation complete after 1s [id=aws-test-infra-lambda-execution-role:aws-test-infra-lambda-execution-policy][0m
[0m[1mmodule.security[0].aws_iam_role_policy.ecs_task_execution: Creation complete after 1s [id=aws-test-infra-ecs-task-execution-role:aws-test-infra-ecs-task-execution-policy][0m
[0m[1mmodule.security[0].aws_iam_instance_profile.ec2: Creation complete after 9s [id=aws-test-infra-ec2-instance-profile][0m
[0m[1mmodule.messaging[0].aws_sns_topic.fifo: Creating...[0m[0m
[0m[1mmodule.messaging[0].aws_sqs_queue.fifo: Creating...[0m[0m
[0m[1mmodule.messaging[0].aws_sqs_queue.standard: Creating...[0m[0m
[0m[1mmodule.messaging[0].aws_sqs_queue.standard_dlq: Creating...[0m[0m
[0m[1mmodule.messaging[0].aws_sns_topic.standard: Creating...[0m[0m
[0m[1mmodule.networking[0].aws_vpc.main: Still creating... [00m10s elapsed][0m[0m
[0m[1mmodule.messaging[0].aws_sns_topic.standard: Creation complete after 0s [id=arn:aws:sns:ap-south-1:108836621274:aws-test-infra-standard-topic][0m
[0m[1mmodule.messaging[0].aws_sns_topic.fifo: Creation complete after 0s [id=arn:aws:sns:ap-south-1:108836621274:aws-test-infra-fifo-topic.fifo][0m
[0m[1mmodule.storage[0].aws_s3_bucket_lifecycle_configuration.versioned: Still creating... [00m10s elapsed][0m[0m
[0m[1mmodule.networking[0].aws_vpc.main: Creation complete after 13s [id=vpc-0446c0e2a53b6b6b9][0m
[0m[1mmodule.networking[0].aws_internet_gateway.main: Creating...[0m[0m
[0m[1mmodule.networking[0].aws_security_group.vpc_endpoints[0]: Creating...[0m[0m
[0m[1mmodule.networking[0].aws_security_group.web: Creating...[0m[0m
[0m[1mmodule.networking[0].aws_subnet.private[1]: Creating...[0m[0m
[0m[1mmodule.networking[0].aws_internet_gateway.main: Creation complete after 0s [id=igw-0788bf216be27ea75][0m
[0m[1mmodule.networking[0].aws_subnet.private[0]: Creating...[0m[0m
[0m[1mmodule.networking[0].aws_subnet.private[1]: Creation complete after 0s [id=subnet-0ab3a6edb4bffeeb7][0m
[0m[1mmodule.networking[0].aws_security_group.lambda: Creating...[0m[0m
[0m[1mmodule.networking[0].aws_subnet.private[0]: Creation complete after 1s [id=subnet-0b5e15741c1f43853][0m
[0m[1mmodule.networking[0].aws_subnet.public[1]: Creating...[0m[0m
[0m[1mmodule.networking[0].aws_security_group.vpc_endpoints[0]: Creation complete after 2s [id=sg-0d1df0145d4ff9e7b][0m
[0m[1mmodule.networking[0].aws_security_group.web: Creation complete after 2s [id=sg-0d582048aef4cc348][0m
[0m[1mmodule.networking[0].aws_route_table.public: Creating...[0m[0m
[0m[1mmodule.networking[0].aws_subnet.public[0]: Creating...[0m[0m
[0m[1mmodule.networking[0].aws_security_group.lambda: Creation complete after 2s [id=sg-0e56fbe25cafa1565][0m
[0m[1mmodule.storage[0].aws_ebs_volume.data: Still creating... [00m10s elapsed][0m[0m
[0m[1mmodule.networking[0].aws_network_acl.private: Creating...[0m[0m
[0m[1mmodule.storage[0].aws_ebs_volume.data: Creation complete after 10s [id=vol-0dfac4bb4621f26d8][0m
[0m[1mmodule.networking[0].aws_vpc_endpoint.lambda[0]: Creating...[0m[0m
[0m[1mmodule.route53[0].aws_route53_zone.main: Still creating... [00m20s elapsed][0m[0m
[0m[1mmodule.networking[0].aws_route_table.public: Creation complete after 2s [id=rtb-0532a9012d34e38db][0m
[0m[1mmodule.networking[0].aws_security_group.database: Creating...[0m[0m
[0m[1mmodule.networking[0].aws_network_acl.private: Creation complete after 1s [id=acl-0d54dfc69e96b9cbe][0m
[0m[1mmodule.networking[0].aws_security_group.ecs: Creating...[0m[0m
[0m[1mmodule.messaging[0].aws_sqs_queue.fifo: Still creating... [00m10s elapsed][0m[0m
[0m[1mmodule.messaging[0].aws_sqs_queue.standard: Still creating... [00m10s elapsed][0m[0m
[0m[1mmodule.messaging[0].aws_sqs_queue.standard_dlq: Still creating... [00m10s elapsed][0m[0m
[0m[1mmodule.networking[0].aws_security_group.ecs: Creation complete after 3s [id=sg-06f33271210c1bb5b][0m
[0m[1mmodule.storage[0].aws_s3_bucket_lifecycle_configuration.versioned: Still creating... [00m20s elapsed][0m[0m
[0m[1mmodule.networking[0].aws_security_group.database: Creation complete after 3s [id=sg-0295f1f19b4df2456][0m
[0m[1mmodule.networking[0].aws_subnet.public[1]: Still creating... [00m10s elapsed][0m[0m
[0m[1mmodule.networking[0].aws_subnet.public[1]: Creation complete after 11s [id=subnet-09f36ae68e4e11efb][0m
[0m[1mmodule.networking[0].aws_subnet.public[0]: Still creating... [00m10s elapsed][0m[0m
[0m[1mmodule.networking[0].aws_subnet.public[0]: Creation complete after 11s [id=subnet-03ceddf746955ba8c][0m
[0m[1mmodule.networking[0].aws_route_table_association.public[0]: Creating...[0m[0m
[0m[1mmodule.networking[0].aws_route_table_association.public[1]: Creating...[0m[0m
[0m[1mmodule.networking[0].aws_route_table.private[0]: Creating...[0m[0m
[0m[1mmodule.networking[0].aws_network_acl.public: Creating...[0m[0m
[0m[1mmodule.networking[0].aws_vpc_endpoint.lambda[0]: Still creating... [00m10s elapsed][0m[0m
[0m[1mmodule.route53[0].aws_route53_zone.main: Still creating... [00m30s elapsed][0m[0m
[0m[1mmodule.networking[0].aws_route_table_association.public[1]: Creation complete after 1s [id=rtbassoc-0f902832f5b213828][0m
[0m[1mmodule.networking[0].aws_route_table_association.public[0]: Creation complete after 1s [id=rtbassoc-09e06e3d68e0a32af][0m
[0m[1mmodule.networking[0].aws_route_table.private[0]: Creation complete after 1s [id=rtb-0a98a2fff36754de8][0m
[0m[1mmodule.networking[0].aws_route_table_association.private[1]: Creating...[0m[0m
[0m[1mmodule.networking[0].aws_route_table_association.private[0]: Creating...[0m[0m
[0m[1mmodule.networking[0].aws_vpc_endpoint.dynamodb[0]: Creating...[0m[0m
[0m[1mmodule.networking[0].aws_route_table_association.private[0]: Creation complete after 0s [id=rtbassoc-0648363a27cef6b8c][0m
[0m[1mmodule.networking[0].aws_vpc_endpoint.s3[0]: Creating...[0m[0m
[0m[1mmodule.networking[0].aws_route_table_association.private[1]: Creation complete after 0s [id=rtbassoc-0b9ddda8ae6d7deea][0m
[0m[1mmodule.networking[0].aws_network_acl.public: Creation complete after 2s [id=acl-00deea216c7adcd4e][0m
[0m[1mmodule.messaging[0].aws_sqs_queue.fifo: Still creating... [00m20s elapsed][0m[0m
[0m[1mmodule.messaging[0].aws_sqs_queue.standard_dlq: Still creating... [00m20s elapsed][0m[0m
[0m[1mmodule.messaging[0].aws_sqs_queue.standard: Still creating... [00m20s elapsed][0m[0m
[0m[1mmodule.storage[0].aws_s3_bucket_lifecycle_configuration.versioned: Still creating... [00m30s elapsed][0m[0m
[0m[1mmodule.route53[0].aws_route53_zone.main: Creation complete after 35s [id=Z06719311KKA3OQEIEVRN][0m
[0m[1mmodule.route53[0].aws_route53_record.verification: Creating...[0m[0m
[0m[1mmodule.networking[0].aws_vpc_endpoint.s3[0]: Creation complete after 6s [id=vpce-05a71a93d1c776bcb][0m
[0m[1mmodule.networking[0].aws_vpc_endpoint.dynamodb[0]: Creation complete after 7s [id=vpce-0ea9a1f5cb0f56bc5][0m
[0m[1mmodule.messaging[0].aws_sqs_queue.fifo: Creation complete after 25s [id=https://sqs.ap-south-1.amazonaws.com/108836621274/aws-test-infra-fifo-queue.fifo][0m
[0m[1mmodule.messaging[0].aws_sqs_queue.standard: Creation complete after 25s [id=https://sqs.ap-south-1.amazonaws.com/108836621274/aws-test-infra-standard-queue][0m
[0m[1mmodule.messaging[0].aws_sns_topic_subscription.fifo_to_sqs: Creating...[0m[0m
[0m[1mmodule.messaging[0].aws_sqs_queue_policy.fifo: Creating...[0m[0m
[0m[1mmodule.messaging[0].aws_sqs_queue.standard_dlq: Creation complete after 25s [id=https://sqs.ap-south-1.amazonaws.com/108836621274/aws-test-infra-standard-dlq][0m
[0m[1mmodule.messaging[0].aws_sqs_queue_policy.standard: Creating...[0m[0m
[0m[1mmodule.messaging[0].aws_sns_topic_subscription.standard_to_sqs: Creating...[0m[0m
[0m[1mmodule.messaging[0].aws_sqs_queue_redrive_policy.standard: Creating...[0m[0m
[0m[1mmodule.messaging[0].aws_sns_topic_subscription.fifo_to_sqs: Creation complete after 1s [id=arn:aws:sns:ap-south-1:108836621274:aws-test-infra-fifo-topic.fifo:0b20e7c3-36d3-4651-911d-29766c40413c][0m
[0m[1mmodule.messaging[0].aws_sns_topic_subscription.standard_to_sqs: Creation complete after 1s [id=arn:aws:sns:ap-south-1:108836621274:aws-test-infra-standard-topic:6e3dbbf2-efb4-4bbd-a048-29a9887ddf70][0m
[0m[1mmodule.networking[0].aws_vpc_endpoint.lambda[0]: Still creating... [00m20s elapsed][0m[0m
[0m[1mmodule.storage[0].aws_s3_bucket_lifecycle_configuration.versioned: Still creating... [00m40s elapsed][0m[0m
[0m[1mmodule.route53[0].aws_route53_record.verification: Still creating... [00m10s elapsed][0m[0m
[0m[1mmodule.messaging[0].aws_sqs_queue_policy.fifo: Still creating... [00m10s elapsed][0m[0m
[0m[1mmodule.messaging[0].aws_sqs_queue_policy.standard: Still creating... [00m10s elapsed][0m[0m
[0m[1mmodule.messaging[0].aws_sqs_queue_redrive_policy.standard: Still creating... [00m10s elapsed][0m[0m
[0m[1mmodule.networking[0].aws_vpc_endpoint.lambda[0]: Still creating... [00m30s elapsed][0m[0m
[0m[1mmodule.storage[0].aws_s3_bucket_lifecycle_configuration.versioned: Still creating... [00m50s elapsed][0m[0m
[0m[1mmodule.route53[0].aws_route53_record.verification: Still creating... [00m20s elapsed][0m[0m
[0m[1mmodule.messaging[0].aws_sqs_queue_policy.fifo: Still creating... [00m20s elapsed][0m[0m
[0m[1mmodule.messaging[0].aws_sqs_queue_policy.standard: Still creating... [00m20s elapsed][0m[0m
[0m[1mmodule.messaging[0].aws_sqs_queue_redrive_policy.standard: Still creating... [00m20s elapsed][0m[0m
[0m[1mmodule.networking[0].aws_vpc_endpoint.lambda[0]: Still creating... [00m40s elapsed][0m[0m
[0m[1mmodule.messaging[0].aws_sqs_queue_policy.standard: Creation complete after 26s [id=https://sqs.ap-south-1.amazonaws.com/108836621274/aws-test-infra-standard-queue][0m
[0m[1mmodule.messaging[0].aws_sqs_queue_redrive_policy.standard: Creation complete after 26s [id=https://sqs.ap-south-1.amazonaws.com/108836621274/aws-test-infra-standard-queue][0m
[0m[1mmodule.storage[0].aws_s3_bucket_lifecycle_configuration.versioned: Still creating... [01m00s elapsed][0m[0m
[0m[1mmodule.route53[0].aws_route53_record.verification: Still creating... [00m30s elapsed][0m[0m
[0m[1mmodule.messaging[0].aws_sqs_queue_policy.fifo: Still creating... [00m30s elapsed][0m[0m
[0m[1mmodule.storage[0].aws_s3_bucket_lifecycle_configuration.versioned: Creation complete after 1m6s [id=aws-test-infra-versioned-bab4fac2][0m
[0m[1mmodule.code_services[0].aws_codecommit_repository.main: Creating...[0m[0m
[0m[1mmodule.code_services[0].aws_cloudwatch_log_group.codebuild: Creating...[0m[0m
[0m[1mmodule.networking[0].aws_vpc_endpoint.lambda[0]: Still creating... [00m50s elapsed][0m[0m
[0m[1mmodule.code_services[0].aws_cloudwatch_log_group.codebuild: Creation complete after 1s [id=/aws/codebuild/aws-test-infra][0m
[0m[1mmodule.route53[0].aws_route53_record.verification: Creation complete after 34s [id=Z06719311KKA3OQEIEVRN_linxu.in_TXT][0m
[0m[1mmodule.code_services[0].aws_codecommit_repository.main: Creation complete after 1s [id=aws-test-infra-repo][0m
[0m[1mmodule.code_services[0].aws_codebuild_project.main: Creating...[0m[0m
[0m[1mmodule.code_services[0].aws_codebuild_project.main: Creation complete after 1s [id=arn:aws:codebuild:ap-south-1:108836621274:project/aws-test-infra-build][0m
[0m[1mmodule.messaging[0].aws_sqs_queue_policy.fifo: Still creating... [00m40s elapsed][0m[0m
[0m[1mmodule.networking[0].aws_vpc_endpoint.lambda[0]: Still creating... [01m00s elapsed][0m[0m
[0m[1mmodule.messaging[0].aws_sqs_queue_policy.fifo: Still creating... [00m50s elapsed][0m[0m
[0m[1mmodule.networking[0].aws_vpc_endpoint.lambda[0]: Still creating... [01m10s elapsed][0m[0m
[0m[1mmodule.messaging[0].aws_sqs_queue_policy.fifo: Still creating... [01m00s elapsed][0m[0m
[0m[1mmodule.networking[0].aws_vpc_endpoint.lambda[0]: Still creating... [01m20s elapsed][0m[0m
[0m[1mmodule.messaging[0].aws_sqs_queue_policy.fifo: Still creating... [01m10s elapsed][0m[0m
[0m[1mmodule.networking[0].aws_vpc_endpoint.lambda[0]: Still creating... [01m30s elapsed][0m[0m
[0m[1mmodule.messaging[0].aws_sqs_queue_policy.fifo: Creation complete after 1m16s [id=https://sqs.ap-south-1.amazonaws.com/108836621274/aws-test-infra-fifo-queue.fifo][0m
[0m[1mmodule.networking[0].aws_vpc_endpoint.lambda[0]: Still creating... [01m40s elapsed][0m[0m
[0m[1mmodule.networking[0].aws_vpc_endpoint.lambda[0]: Still creating... [01m50s elapsed][0m[0m
[0m[1mmodule.networking[0].aws_vpc_endpoint.lambda[0]: Still creating... [02m00s elapsed][0m[0m
[0m[1mmodule.networking[0].aws_vpc_endpoint.lambda[0]: Creation complete after 2m3s [id=vpce-03f19c76d4aa3dad6][0m
[0m[1mmodule.compute[0].data.aws_ami.amazon_linux_2023: Reading...[0m[0m
[0m[1mmodule.container[0].data.aws_region.current: Reading...[0m[0m
[0m[1mmodule.container[0].data.aws_caller_identity.current: Reading...[0m[0m
[0m[1mmodule.container[0].data.aws_region.current: Read complete after 0s [id=ap-south-1][0m
[0m[1mmodule.container[0].aws_cloudwatch_log_group.ecs: Creating...[0m[0m
[0m[1mmodule.container[0].aws_ecs_cluster.main: Creating...[0m[0m
[0m[1mmodule.container[0].aws_ecr_repository.main: Creating...[0m[0m
[0m[1mmodule.compute[0].tls_private_key.ec2_key: Creating...[0m[0m
[0m[1mmodule.database[0].aws_db_parameter_group.main[0]: Creating...[0m[0m
[0m[1mmodule.container[0].data.aws_caller_identity.current: Read complete after 0s [id=108836621274][0m
[0m[1mmodule.container[0].aws_cloudwatch_log_group.ecs: Creation complete after 0s [id=/ecs/aws-test-infra][0m
[0m[1mmodule.compute[0].local_file.nodejs_lambda_code: Creating...[0m[0m
[0m[1mmodule.compute[0].local_file.python_lambda_code: Creating...[0m[0m
[0m[1mmodule.database[0].aws_dynamodb_table.simple: Creating...[0m[0m
[0m[1mmodule.compute[0].local_file.layer_code: Creating...[0m[0m
[0m[1mmodule.compute[0].local_file.layer_code: Creation complete after 0s [id=84804b16861adfe5c5b5382515498d423c41fc8c][0m
[0m[1mmodule.compute[0].local_file.python_lambda_code: Creation complete after 0s [id=4058ea107b76dd585f458ce3b030b0792ef03f5b][0m
[0m[1mmodule.database[0].aws_db_subnet_group.main[0]: Creating...[0m[0m
[0m[1mmodule.database[0].aws_dynamodb_table.composite: Creating...[0m[0m
[0m[1mmodule.compute[0].local_file.nodejs_lambda_code: Creation complete after 1s [id=17ff6ac7c841241f1812474c9889081661d1ed66][0m
[0m[1mmodule.container[0].aws_ecs_task_definition.main: Creating...[0m[0m
[0m[1mmodule.compute[0].data.aws_ami.amazon_linux_2023: Read complete after 1s [id=ami-0234cb7932459cd54][0m
[0m[1mmodule.compute[0].data.archive_file.lambda_layer: Reading...[0m[0m
[0m[1mmodule.compute[0].data.archive_file.lambda_layer: Read complete after 0s [id=376ce69310399def8637b028d7fa4aa606176ccc][0m
[0m[1mmodule.compute[0].data.archive_file.python_lambda: Reading...[0m[0m
[0m[1mmodule.compute[0].data.archive_file.python_lambda: Read complete after 0s [id=76bc40226a27a4e5169fef3fe135e32a61c5d9b7][0m
[0m[1mmodule.container[0].aws_ecr_repository.main: Creation complete after 1s [id=aws-test-infra-app][0m
[0m[1mmodule.compute[0].data.archive_file.nodejs_lambda: Reading...[0m[0m
[0m[1mmodule.compute[0].aws_launch_configuration.web: Creating...[0m[0m
[0m[1mmodule.compute[0].data.archive_file.nodejs_lambda: Read complete after 0s [id=2cef2ccf9abf24c24859038dfe0e644214ae9545][0m
[0m[1mmodule.container[0].aws_ecs_task_definition.main: Creation complete after 0s [id=aws-test-infra-task][0m
[0m[1mmodule.compute[0].aws_launch_template.web: Creating...[0m[0m
[0m[1mmodule.compute[0].aws_lambda_layer_version.utils: Creating...[0m[0m
[0m[1mmodule.compute[0].aws_lambda_function.python_function: Creating...[0m[0m
[0m[1mmodule.container[0].aws_ecr_lifecycle_policy.main: Creating...[0m[0m
[0m[1mmodule.database[0].aws_db_subnet_group.main[0]: Creation complete after 1s [id=aws-test-infra-db-subnet-group][0m
[0m[1mmodule.container[0].aws_ecr_lifecycle_policy.main: Creation complete after 0s [id=aws-test-infra-app][0m
[0m[1mmodule.container[0].aws_ecr_repository_policy.main: Creating...[0m[0m
[0m[1mmodule.compute[0].aws_lambda_function.nodejs_function: Creating...[0m[0m
[0m[1mmodule.container[0].aws_ecr_repository_policy.main: Creation complete after 1s [id=aws-test-infra-app][0m
[0m[1mmodule.database[0].aws_db_parameter_group.main[0]: Creation complete after 3s [id=aws-test-infra-mysql-params][0m
[0m[1mmodule.database[0].aws_db_instance.main[0]: Creating...[0m[0m
[0m[1mmodule.compute[0].tls_private_key.ec2_key: Creation complete after 5s [id=331e62cd84c125ef3a54e2d63835b9cbfc749c15][0m
[0m[1mmodule.compute[0].aws_key_pair.ec2_key: Creating...[0m[0m
[0m[1mmodule.compute[0].local_file.private_key: Creating...[0m[0m
[0m[1mmodule.compute[0].local_file.private_key: Creation complete after 0s [id=a71b4dbc2541cd399791486852b221bd5b8d098f][0m
[0m[1mmodule.compute[0].aws_key_pair.ec2_key: Creation complete after 1s [id=aws-test-infra-ec2-key][0m
[0m[1mmodule.compute[0].aws_instance.web: Creating...[0m[0m
[0m[1mmodule.compute[0].aws_lambda_layer_version.utils: Creation complete after 4s [id=arn:aws:lambda:ap-south-1:108836621274:layer:aws-test-infra-utils-layer:4][0m
[0m[1mmodule.compute[0].aws_launch_template.web: Creation complete after 6s [id=lt-098b67478976d604f][0m
[0m[1mmodule.compute[0].aws_autoscaling_group.web: Creating...[0m[0m
[0m[1mmodule.compute[0].aws_lambda_function.python_function: Creation complete after 6s [id=aws-test-infra-python-function][0m
[0m[1mmodule.compute[0].aws_lambda_function_event_invoke_config.python_config: Creating...[0m[0m
[0m[1mmodule.compute[0].aws_lambda_event_source_mapping.sqs_trigger[0]: Creating...[0m[0m
[0m[1mmodule.container[0].aws_ecs_cluster.main: Still creating... [00m10s elapsed][0m[0m
[0m[1mmodule.database[0].aws_dynamodb_table.simple: Still creating... [00m10s elapsed][0m[0m
[0m[1mmodule.container[0].aws_ecs_cluster.main: Creation complete after 11s [id=arn:aws:ecs:ap-south-1:108836621274:cluster/aws-test-infra-cluster][0m
[0m[1mmodule.database[0].aws_dynamodb_table.composite: Still creating... [00m10s elapsed][0m[0m
[0m[1mmodule.container[0].aws_ecs_service.main: Creating...[0m[0m
[0m[1mmodule.container[0].aws_ecs_service.main: Creation complete after 1s [id=arn:aws:ecs:ap-south-1:108836621274:service/aws-test-infra-cluster/aws-test-infra-service][0m
[0m[1mmodule.compute[0].aws_lambda_function.nodejs_function: Still creating... [00m10s elapsed][0m[0m
[0m[1mmodule.database[0].aws_db_instance.main[0]: Still creating... [00m10s elapsed][0m[0m
[0m[1mmodule.compute[0].aws_lambda_function.nodejs_function: Creation complete after 12s [id=aws-test-infra-nodejs-function][0m
[0m[1mmodule.compute[0].aws_instance.web: Still creating... [00m10s elapsed][0m[0m
[0m[1mmodule.database[0].aws_dynamodb_table.simple: Creation complete after 16s [id=aws-test-infra-simple-table][0m
[0m[1mmodule.compute[0].aws_autoscaling_group.web: Still creating... [00m10s elapsed][0m[0m
[0m[1mmodule.compute[0].aws_lambda_function_event_invoke_config.python_config: Still creating... [00m10s elapsed][0m[0m
[0m[1mmodule.compute[0].aws_lambda_event_source_mapping.sqs_trigger[0]: Still creating... [00m10s elapsed][0m[0m
[0m[1mmodule.database[0].aws_dynamodb_table.composite: Still creating... [00m20s elapsed][0m[0m
[0m[1mmodule.database[0].aws_db_instance.main[0]: Still creating... [00m20s elapsed][0m[0m
[0m[1mmodule.compute[0].aws_autoscaling_group.web: Creation complete after 15s [id=aws-test-infra-asg][0m
[0m[1mmodule.compute[0].aws_instance.web: Still creating... [00m20s elapsed][0m[0m
[0m[1mmodule.compute[0].aws_instance.web: Creation complete after 22s [id=i-079ba80e3529ae769][0m
[0m[1mmodule.compute[0].aws_volume_attachment.data: Creating...[0m[0m
[0m[1mmodule.compute[0].aws_lambda_function_event_invoke_config.python_config: Still creating... [00m20s elapsed][0m[0m
[0m[1mmodule.compute[0].aws_lambda_event_source_mapping.sqs_trigger[0]: Still creating... [00m20s elapsed][0m[0m
[0m[1mmodule.database[0].aws_dynamodb_table.composite: Creation complete after 28s [id=aws-test-infra-composite-table][0m
[0m[1mmodule.database[0].aws_db_instance.main[0]: Still creating... [00m30s elapsed][0m[0m
[0m[1mmodule.compute[0].aws_volume_attachment.data: Still creating... [00m10s elapsed][0m[0m
[0m[1mmodule.compute[0].aws_lambda_function_event_invoke_config.python_config: Still creating... [00m30s elapsed][0m[0m
[0m[1mmodule.compute[0].aws_lambda_event_source_mapping.sqs_trigger[0]: Still creating... [00m30s elapsed][0m[0m
[0m[1mmodule.database[0].aws_db_instance.main[0]: Still creating... [00m40s elapsed][0m[0m
[0m[1mmodule.compute[0].aws_volume_attachment.data: Still creating... [00m20s elapsed][0m[0m
[0m[1mmodule.compute[0].aws_lambda_function_event_invoke_config.python_config: Still creating... [00m40s elapsed][0m[0m
[0m[1mmodule.compute[0].aws_lambda_event_source_mapping.sqs_trigger[0]: Still creating... [00m40s elapsed][0m[0m
[0m[1mmodule.compute[0].aws_volume_attachment.data: Creation complete after 21s [id=vai-73969763][0m
[0m[1mmodule.database[0].aws_db_instance.main[0]: Still creating... [00m50s elapsed][0m[0m
[0m[1mmodule.compute[0].aws_lambda_function_event_invoke_config.python_config: Still creating... [00m50s elapsed][0m[0m
[0m[1mmodule.compute[0].aws_lambda_event_source_mapping.sqs_trigger[0]: Still creating... [00m50s elapsed][0m[0m
[0m[1mmodule.database[0].aws_db_instance.main[0]: Still creating... [01m00s elapsed][0m[0m
[0m[1mmodule.compute[0].aws_lambda_function_event_invoke_config.python_config: Still creating... [01m00s elapsed][0m[0m
[0m[1mmodule.compute[0].aws_lambda_event_source_mapping.sqs_trigger[0]: Still creating... [01m00s elapsed][0m[0m
[0m[1mmodule.database[0].aws_db_instance.main[0]: Still creating... [01m10s elapsed][0m[0m
[0m[1mmodule.compute[0].aws_lambda_function_event_invoke_config.python_config: Still creating... [01m10s elapsed][0m[0m
[0m[1mmodule.compute[0].aws_lambda_event_source_mapping.sqs_trigger[0]: Still creating... [01m10s elapsed][0m[0m
[0m[1mmodule.database[0].aws_db_instance.main[0]: Still creating... [01m20s elapsed][0m[0m
[0m[1mmodule.compute[0].aws_lambda_function_event_invoke_config.python_config: Still creating... [01m20s elapsed][0m[0m
[0m[1mmodule.compute[0].aws_lambda_event_source_mapping.sqs_trigger[0]: Still creating... [01m20s elapsed][0m[0m
[0m[1mmodule.database[0].aws_db_instance.main[0]: Still creating... [01m30s elapsed][0m[0m
[0m[1mmodule.compute[0].aws_lambda_function_event_invoke_config.python_config: Still creating... [01m30s elapsed][0m[0m
[0m[1mmodule.compute[0].aws_lambda_event_source_mapping.sqs_trigger[0]: Still creating... [01m30s elapsed][0m[0m
[0m[1mmodule.database[0].aws_db_instance.main[0]: Still creating... [01m40s elapsed][0m[0m
[0m[1mmodule.compute[0].aws_lambda_function_event_invoke_config.python_config: Still creating... [01m40s elapsed][0m[0m
[0m[1mmodule.compute[0].aws_lambda_event_source_mapping.sqs_trigger[0]: Still creating... [01m40s elapsed][0m[0m
[0m[1mmodule.database[0].aws_db_instance.main[0]: Still creating... [01m50s elapsed][0m[0m
[0m[1mmodule.compute[0].aws_lambda_function_event_invoke_config.python_config: Still creating... [01m50s elapsed][0m[0m
[0m[1mmodule.compute[0].aws_lambda_event_source_mapping.sqs_trigger[0]: Still creating... [01m50s elapsed][0m[0m
[0m[1mmodule.database[0].aws_db_instance.main[0]: Still creating... [02m00s elapsed][0m[0m
[0m[1mmodule.compute[0].aws_lambda_event_source_mapping.sqs_trigger[0]: Still creating... [02m00s elapsed][0m[0m
[0m[1mmodule.database[0].aws_db_instance.main[0]: Still creating... [02m10s elapsed][0m[0m
[0m[1mmodule.compute[0].aws_lambda_event_source_mapping.sqs_trigger[0]: Still creating... [02m10s elapsed][0m[0m
[0m[1mmodule.database[0].aws_db_instance.main[0]: Still creating... [02m20s elapsed][0m[0m
[0m[1mmodule.compute[0].aws_lambda_event_source_mapping.sqs_trigger[0]: Still creating... [02m20s elapsed][0m[0m
[0m[1mmodule.database[0].aws_db_instance.main[0]: Still creating... [02m30s elapsed][0m[0m
[0m[1mmodule.compute[0].aws_lambda_event_source_mapping.sqs_trigger[0]: Still creating... [02m30s elapsed][0m[0m
[0m[1mmodule.database[0].aws_db_instance.main[0]: Still creating... [02m40s elapsed][0m[0m
[0m[1mmodule.compute[0].aws_lambda_event_source_mapping.sqs_trigger[0]: Still creating... [02m40s elapsed][0m[0m
[0m[1mmodule.database[0].aws_db_instance.main[0]: Still creating... [02m50s elapsed][0m[0m
[0m[1mmodule.compute[0].aws_lambda_event_source_mapping.sqs_trigger[0]: Still creating... [02m50s elapsed][0m[0m
[0m[1mmodule.database[0].aws_db_instance.main[0]: Still creating... [03m00s elapsed][0m[0m
[0m[1mmodule.compute[0].aws_lambda_event_source_mapping.sqs_trigger[0]: Still creating... [03m00s elapsed][0m[0m
[0m[1mmodule.database[0].aws_db_instance.main[0]: Still creating... [03m10s elapsed][0m[0m
[0m[1mmodule.compute[0].aws_lambda_event_source_mapping.sqs_trigger[0]: Still creating... [03m10s elapsed][0m[0m
[0m[1mmodule.database[0].aws_db_instance.main[0]: Still creating... [03m20s elapsed][0m[0m
[0m[1mmodule.compute[0].aws_lambda_event_source_mapping.sqs_trigger[0]: Still creating... [03m20s elapsed][0m[0m
[0m[1mmodule.database[0].aws_db_instance.main[0]: Still creating... [03m30s elapsed][0m[0m
[0m[1mmodule.compute[0].aws_lambda_event_source_mapping.sqs_trigger[0]: Still creating... [03m30s elapsed][0m[0m
[0m[1mmodule.database[0].aws_db_instance.main[0]: Still creating... [03m40s elapsed][0m[0m
[0m[1mmodule.compute[0].aws_lambda_event_source_mapping.sqs_trigger[0]: Still creating... [03m40s elapsed][0m[0m
[0m[1mmodule.database[0].aws_db_instance.main[0]: Still creating... [03m50s elapsed][0m[0m
[0m[1mmodule.compute[0].aws_lambda_event_source_mapping.sqs_trigger[0]: Still creating... [03m50s elapsed][0m[0m
[0m[1mmodule.database[0].aws_db_instance.main[0]: Still creating... [04m00s elapsed][0m[0m
[0m[1mmodule.compute[0].aws_lambda_event_source_mapping.sqs_trigger[0]: Still creating... [04m00s elapsed][0m[0m
[0m[1mmodule.database[0].aws_db_instance.main[0]: Still creating... [04m10s elapsed][0m[0m
[0m[1mmodule.compute[0].aws_lambda_event_source_mapping.sqs_trigger[0]: Still creating... [04m10s elapsed][0m[0m
[0m[1mmodule.database[0].aws_db_instance.main[0]: Still creating... [04m20s elapsed][0m[0m
[0m[1mmodule.compute[0].aws_lambda_event_source_mapping.sqs_trigger[0]: Still creating... [04m20s elapsed][0m[0m
[0m[1mmodule.database[0].aws_db_instance.main[0]: Still creating... [04m30s elapsed][0m[0m
[0m[1mmodule.compute[0].aws_lambda_event_source_mapping.sqs_trigger[0]: Still creating... [04m30s elapsed][0m[0m
[0m[1mmodule.database[0].aws_db_instance.main[0]: Still creating... [04m40s elapsed][0m[0m
[0m[1mmodule.compute[0].aws_lambda_event_source_mapping.sqs_trigger[0]: Still creating... [04m40s elapsed][0m[0m
[0m[1mmodule.database[0].aws_db_instance.main[0]: Still creating... [04m50s elapsed][0m[0m
[0m[1mmodule.compute[0].aws_lambda_event_source_mapping.sqs_trigger[0]: Still creating... [04m50s elapsed][0m[0m
[0m[1mmodule.database[0].aws_db_instance.main[0]: Still creating... [05m00s elapsed][0m[0m
[0m[1mmodule.database[0].aws_db_instance.main[0]: Still creating... [05m10s elapsed][0m[0m
[0m[1mmodule.database[0].aws_db_instance.main[0]: Still creating... [05m20s elapsed][0m[0m
[0m[1mmodule.database[0].aws_db_instance.main[0]: Still creating... [05m30s elapsed][0m[0m
[0m[1mmodule.database[0].aws_db_instance.main[0]: Still creating... [05m40s elapsed][0m[0m
[0m[1mmodule.database[0].aws_db_instance.main[0]: Still creating... [05m50s elapsed][0m[0m
[0m[1mmodule.database[0].aws_db_instance.main[0]: Still creating... [06m00s elapsed][0m[0m
[0m[1mmodule.database[0].aws_db_instance.main[0]: Still creating... [06m10s elapsed][0m[0m
[0m[1mmodule.database[0].aws_db_instance.main[0]: Still creating... [06m20s elapsed][0m[0m
[0m[1mmodule.database[0].aws_db_instance.main[0]: Still creating... [06m30s elapsed][0m[0m
[0m[1mmodule.database[0].aws_db_instance.main[0]: Still creating... [06m40s elapsed][0m[0m
[0m[1mmodule.database[0].aws_db_instance.main[0]: Still creating... [06m50s elapsed][0m[0m
[0m[1mmodule.database[0].aws_db_instance.main[0]: Still creating... [07m00s elapsed][0m[0m
[0m[1mmodule.database[0].aws_db_instance.main[0]: Still creating... [07m10s elapsed][0m[0m
[0m[1mmodule.database[0].aws_db_instance.main[0]: Still creating... [07m20s elapsed][0m[0m
[0m[1mmodule.database[0].aws_db_instance.main[0]: Still creating... [07m30s elapsed][0m[0m
[0m[1mmodule.database[0].aws_db_instance.main[0]: Still creating... [07m40s elapsed][0m[0m
[0m[1mmodule.database[0].aws_db_instance.main[0]: Still creating... [07m50s elapsed][0m[0m
[0m[1mmodule.database[0].aws_db_instance.main[0]: Still creating... [08m00s elapsed][0m[0m
[0m[1mmodule.database[0].aws_db_instance.main[0]: Still creating... [08m10s elapsed][0m[0m
[0m[1mmodule.database[0].aws_db_instance.main[0]: Still creating... [08m20s elapsed][0m[0m
[0m[1mmodule.database[0].aws_db_instance.main[0]: Still creating... [08m30s elapsed][0m[0m
[0m[1mmodule.database[0].aws_db_instance.main[0]: Still creating... [08m40s elapsed][0m[0m
[0m[1mmodule.database[0].aws_db_instance.main[0]: Still creating... [08m50s elapsed][0m[0m
[0m[1mmodule.database[0].aws_db_instance.main[0]: Creation complete after 8m59s [id=db-4TZG2OQ3R5HOJOGKEIGYRPWKJI][0m
[31m╷[0m[0m
[31m│[0m [0m[1m[31mError: [0m[0m[1mcreating Lambda Function Event Invoke Config (aws-test-infra-python-function): operation error Lambda: PutFunctionEventInvokeConfig, https response error StatusCode: 400, RequestID: fa292e69-0442-49d2-b5ac-c7fb09b99de5, InvalidParameterValueException: The function execution role does not have permissions to call SendMessage on arn:aws:sqs:ap-south-1:108836621274:aws-test-infra-standard-dlq[0m
[31m│[0m [0m
[31m│[0m [0m[0m  with module.compute[0].aws_lambda_function_event_invoke_config.python_config,
[31m│[0m [0m  on modules/compute/main.tf line 304, in resource "aws_lambda_function_event_invoke_config" "python_config":
[31m│[0m [0m 304: resource "aws_lambda_function_event_invoke_config" "python_config" [4m{[0m[0m
[31m│[0m [0m
[31m╵[0m[0m
[31m╷[0m[0m
[31m│[0m [0m[1m[31mError: [0m[0m[1mcreating Lambda Event Source Mapping (arn:aws:sqs:ap-south-1:108836621274:aws-test-infra-standard-queue): operation error Lambda: CreateEventSourceMapping, https response error StatusCode: 400, RequestID: 6580d8fe-48b6-4840-9e53-fe21c26abbc5, InvalidParameterValueException: The function execution role does not have permissions to call ReceiveMessage on SQS[0m
[31m│[0m [0m
[31m│[0m [0m[0m  with module.compute[0].aws_lambda_event_source_mapping.sqs_trigger[0],
[31m│[0m [0m  on modules/compute/main.tf line 322, in resource "aws_lambda_event_source_mapping" "sqs_trigger":
[31m│[0m [0m 322: resource "aws_lambda_event_source_mapping" "sqs_trigger" [4m{[0m[0m
[31m│[0m [0m
[31m╵[0m[0m
[31m╷[0m[0m
[31m│[0m [0m[1m[31mError: [0m[0m[1mcreating Auto Scaling Launch Configuration (aws-test-infra-lc-20260223123312462300000015): operation error Auto Scaling: CreateLaunchConfiguration, https response error StatusCode: 400, RequestID: 1e53924b-d0f5-43bd-8a62-2abc09fd334e, api error UnsupportedOperation: The Launch Configuration creation operation is not available in your account. Use launch templates to create configuration templates for your Auto Scaling groups.[0m
[31m│[0m [0m
[31m│[0m [0m[0m  with module.compute[0].aws_launch_configuration.web,
[31m│[0m [0m  on modules/compute/main.tf line 331, in resource "aws_launch_configuration" "web":
[31m│[0m [0m 331: resource "aws_launch_configuration" "web" [4m{[0m[0m
[31m│[0m [0m
[31m╵[0m[0m
